// !$*UTF8*$!
{
	archiveVersion = 1;
	classes = {
	};
	objectVersion = 46;
	objects = {

/* Begin PBXBuildFile section */
		0DC72DF2C778FB11669B38CD /* libPods-refuge-ios.a in Frameworks */ = {isa = PBXBuildFile; fileRef = 959014171F527C71C6D9EB85 /* libPods-refuge-ios.a */; };
		CEA23FDB1A835BBF0083510F /* RefugeRestroomManagerTests.m in Sources */ = {isa = PBXBuildFile; fileRef = CEA23FDA1A835BBF0083510F /* RefugeRestroomManagerTests.m */; };
		CEA23FE51A83D8150083510F /* RefugeRestroomCreationWorkflowTests.m in Sources */ = {isa = PBXBuildFile; fileRef = CEA23FE41A83D8150083510F /* RefugeRestroomCreationWorkflowTests.m */; };
		CEA23FEA1A83D9C00083510F /* MockRefugeRestroomManagerDelegate.m in Sources */ = {isa = PBXBuildFile; fileRef = CEA23FE91A83D9C00083510F /* MockRefugeRestroomManagerDelegate.m */; };
		CEA23FED1A83D9F50083510F /* MockRefugeRestroomBuilder.m in Sources */ = {isa = PBXBuildFile; fileRef = CEA23FEC1A83D9F50083510F /* MockRefugeRestroomBuilder.m */; };
		CEA23FF41A83DA5E0083510F /* MockRefugeRestroomCommunicator.m in Sources */ = {isa = PBXBuildFile; fileRef = CEA23FF31A83DA5E0083510F /* MockRefugeRestroomCommunicator.m */; };
		CEA23FF71A841BB00083510F /* RefugeRestroomCommunicatorTests.m in Sources */ = {isa = PBXBuildFile; fileRef = CEA23FF61A841BB00083510F /* RefugeRestroomCommunicatorTests.m */; };
		CEA23FFA1A841FD30083510F /* MockRefugeRestroomCommunicatorDelegate.m in Sources */ = {isa = PBXBuildFile; fileRef = CEA23FF91A841FD30083510F /* MockRefugeRestroomCommunicatorDelegate.m */; };
		CEA23FFC1A8426A60083510F /* RefugeAppStateTests.m in Sources */ = {isa = PBXBuildFile; fileRef = CEA23FFB1A8426A60083510F /* RefugeAppStateTests.m */; };
		CEA23FFF1A84278B0083510F /* RefugeAppState.m in Sources */ = {isa = PBXBuildFile; fileRef = CEA23FFE1A84278B0083510F /* RefugeAppState.m */; };
		CEA240001A84278B0083510F /* RefugeAppState.m in Sources */ = {isa = PBXBuildFile; fileRef = CEA23FFE1A84278B0083510F /* RefugeAppState.m */; };
		CEA240131A86CC9A0083510F /* MockRefugeDataPersistenceManager.m in Sources */ = {isa = PBXBuildFile; fileRef = CEA240121A86CC9A0083510F /* MockRefugeDataPersistenceManager.m */; };
		CEA2401D1A86F6360083510F /* LaunchScreen.xib in Resources */ = {isa = PBXBuildFile; fileRef = CED0CB651A82A6D400F7F3D8 /* LaunchScreen.xib */; };
		CEA2401F1A86F9410083510F /* MapKit.framework in Frameworks */ = {isa = PBXBuildFile; fileRef = CEA2401E1A86F9410083510F /* MapKit.framework */; };
		CEA240281A8702E20083510F /* CoreLocation.framework in Frameworks */ = {isa = PBXBuildFile; fileRef = CEA240271A8702E20083510F /* CoreLocation.framework */; };
		CED0CB561A82A6D400F7F3D8 /* main.m in Sources */ = {isa = PBXBuildFile; fileRef = CED0CB551A82A6D400F7F3D8 /* main.m */; };
		CED0CB591A82A6D400F7F3D8 /* RefugeAppDelegate.m in Sources */ = {isa = PBXBuildFile; fileRef = CED0CB581A82A6D400F7F3D8 /* RefugeAppDelegate.m */; };
		CED0CB5C1A82A6D400F7F3D8 /* refuge_ios.xcdatamodeld in Sources */ = {isa = PBXBuildFile; fileRef = CED0CB5A1A82A6D400F7F3D8 /* refuge_ios.xcdatamodeld */; };
		CED0CB621A82A6D400F7F3D8 /* Main.storyboard in Resources */ = {isa = PBXBuildFile; fileRef = CED0CB601A82A6D400F7F3D8 /* Main.storyboard */; };
		CED0CB671A82A6D400F7F3D8 /* LaunchScreen.xib in Resources */ = {isa = PBXBuildFile; fileRef = CED0CB651A82A6D400F7F3D8 /* LaunchScreen.xib */; };
		CED0CBA01A83259100F7F3D8 /* RefugeRestroomTests.m in Sources */ = {isa = PBXBuildFile; fileRef = CED0CB9F1A83259100F7F3D8 /* RefugeRestroomTests.m */; };
		CED0CBAA1A83320F00F7F3D8 /* RefugeRestroomBuilderTests.m in Sources */ = {isa = PBXBuildFile; fileRef = CED0CBA91A83320F00F7F3D8 /* RefugeRestroomBuilderTests.m */; };
		CED0CBB61A833B9800F7F3D8 /* NSDate+RefugeTests.m in Sources */ = {isa = PBXBuildFile; fileRef = CED0CBB51A833B9800F7F3D8 /* NSDate+RefugeTests.m */; };
		DC3A1CB51A927F5100445D33 /* Images.xcassets in Resources */ = {isa = PBXBuildFile; fileRef = DC3A1CB41A927F5100445D33 /* Images.xcassets */; };
		DC45BBE41B00F02D001B2B52 /* iRate+Refuge.m in Sources */ = {isa = PBXBuildFile; fileRef = DC45BBD91B00F02D001B2B52 /* iRate+Refuge.m */; };
		DC45BBE51B00F02D001B2B52 /* Mixpanel+Refuge.m in Sources */ = {isa = PBXBuildFile; fileRef = DC45BBDB1B00F02D001B2B52 /* Mixpanel+Refuge.m */; };
		DC45BBE61B00F02D001B2B52 /* NSDate+Refuge.m in Sources */ = {isa = PBXBuildFile; fileRef = DC45BBDD1B00F02D001B2B52 /* NSDate+Refuge.m */; };
		DC45BBE71B00F02D001B2B52 /* NSString+Refuge.m in Sources */ = {isa = PBXBuildFile; fileRef = DC45BBDF1B00F02D001B2B52 /* NSString+Refuge.m */; };
		DC45BBE81B00F02D001B2B52 /* UIColor+Refuge.m in Sources */ = {isa = PBXBuildFile; fileRef = DC45BBE11B00F02D001B2B52 /* UIColor+Refuge.m */; };
		DC45BBE91B00F02D001B2B52 /* UIImage+Refuge.m in Sources */ = {isa = PBXBuildFile; fileRef = DC45BBE31B00F02D001B2B52 /* UIImage+Refuge.m */; };
		DC45BBF01B00F13E001B2B52 /* RefugeHTTPSessionManager.m in Sources */ = {isa = PBXBuildFile; fileRef = DC45BBEC1B00F13E001B2B52 /* RefugeHTTPSessionManager.m */; };
		DC45BBF11B00F13E001B2B52 /* RefugeRestroomCommunicator.m in Sources */ = {isa = PBXBuildFile; fileRef = DC45BBEE1B00F13E001B2B52 /* RefugeRestroomCommunicator.m */; };
		DC45BBF71B00F1CE001B2B52 /* RefugeRestroomBuilder.m in Sources */ = {isa = PBXBuildFile; fileRef = DC45BBF41B00F1CE001B2B52 /* RefugeRestroomBuilder.m */; };
		DC45BBF81B00F1CE001B2B52 /* RefugeSerialization.m in Sources */ = {isa = PBXBuildFile; fileRef = DC45BBF61B00F1CE001B2B52 /* RefugeSerialization.m */; };
		DC45BBFC1B00F23F001B2B52 /* RefugeRestroomManager.m in Sources */ = {isa = PBXBuildFile; fileRef = DC45BBFA1B00F23F001B2B52 /* RefugeRestroomManager.m */; };
		DC45BC001B00F280001B2B52 /* RefugeDataPersistenceManager.m in Sources */ = {isa = PBXBuildFile; fileRef = DC45BBFF1B00F280001B2B52 /* RefugeDataPersistenceManager.m */; };
		DC45BC091B00F2FA001B2B52 /* RefugeSearch.m in Sources */ = {isa = PBXBuildFile; fileRef = DC45BC081B00F2FA001B2B52 /* RefugeSearch.m */; };
		DC45BC3D1B00F4C0001B2B52 /* refuge-banner.png in Resources */ = {isa = PBXBuildFile; fileRef = DC45BC2F1B00F4C0001B2B52 /* refuge-banner.png */; };
		DC45BC3F1B00F4C0001B2B52 /* refuge-details-accessible.png in Resources */ = {isa = PBXBuildFile; fileRef = DC45BC311B00F4C0001B2B52 /* refuge-details-accessible.png */; };
		DC45BC401B00F4C0001B2B52 /* refuge-details-unisex.png in Resources */ = {isa = PBXBuildFile; fileRef = DC45BC321B00F4C0001B2B52 /* refuge-details-unisex.png */; };
		DC45BC411B00F4C0001B2B52 /* refuge-icon-facebook.png in Resources */ = {isa = PBXBuildFile; fileRef = DC45BC331B00F4C0001B2B52 /* refuge-icon-facebook.png */; };
		DC45BC421B00F4C0001B2B52 /* refuge-icon-github.png in Resources */ = {isa = PBXBuildFile; fileRef = DC45BC341B00F4C0001B2B52 /* refuge-icon-github.png */; };
		DC45BC431B00F4C0001B2B52 /* refuge-icon-twitter.png in Resources */ = {isa = PBXBuildFile; fileRef = DC45BC351B00F4C0001B2B52 /* refuge-icon-twitter.png */; };
		DC45BC441B00F4C0001B2B52 /* refuge-map-crosshair.png in Resources */ = {isa = PBXBuildFile; fileRef = DC45BC361B00F4C0001B2B52 /* refuge-map-crosshair.png */; };
		DC45BC451B00F4C0001B2B52 /* refuge-map-pin.png in Resources */ = {isa = PBXBuildFile; fileRef = DC45BC371B00F4C0001B2B52 /* refuge-map-pin.png */; };
		DC45BC461B00F4C0001B2B52 /* refuge-onboard1.png in Resources */ = {isa = PBXBuildFile; fileRef = DC45BC381B00F4C0001B2B52 /* refuge-onboard1.png */; };
		DC45BC471B00F4C0001B2B52 /* refuge-onboard2.png in Resources */ = {isa = PBXBuildFile; fileRef = DC45BC391B00F4C0001B2B52 /* refuge-onboard2.png */; };
		DC45BC481B00F4C0001B2B52 /* refuge-onboard3.png in Resources */ = {isa = PBXBuildFile; fileRef = DC45BC3A1B00F4C0001B2B52 /* refuge-onboard3.png */; };
		DC45BC491B00F4C0001B2B52 /* refuge-onboard4.png in Resources */ = {isa = PBXBuildFile; fileRef = DC45BC3B1B00F4C0001B2B52 /* refuge-onboard4.png */; };
		DC45BC4F1B00F507001B2B52 /* RefugeMapPlace.m in Sources */ = {isa = PBXBuildFile; fileRef = DC45BC4D1B00F507001B2B52 /* RefugeMapPlace.m */; };
		DC45BC511B00F53B001B2B52 /* RefugeMapPin.m in Sources */ = {isa = PBXBuildFile; fileRef = DC45BC501B00F53B001B2B52 /* RefugeMapPin.m */; };
		DC45BC551B00F551001B2B52 /* RefugeMap.m in Sources */ = {isa = PBXBuildFile; fileRef = DC45BC541B00F551001B2B52 /* RefugeMap.m */; };
		DC45BC5B1B00F60D001B2B52 /* RefugeOnboardPage1.xib in Resources */ = {isa = PBXBuildFile; fileRef = DC45BC571B00F60D001B2B52 /* RefugeOnboardPage1.xib */; };
		DC45BC5C1B00F60D001B2B52 /* RefugeOnboardPage2.xib in Resources */ = {isa = PBXBuildFile; fileRef = DC45BC581B00F60D001B2B52 /* RefugeOnboardPage2.xib */; };
		DC45BC5D1B00F60D001B2B52 /* RefugeOnboardPage3.xib in Resources */ = {isa = PBXBuildFile; fileRef = DC45BC591B00F60D001B2B52 /* RefugeOnboardPage3.xib */; };
		DC45BC5E1B00F60D001B2B52 /* RefugeOnboardPage4.xib in Resources */ = {isa = PBXBuildFile; fileRef = DC45BC5A1B00F60D001B2B52 /* RefugeOnboardPage4.xib */; };
		DC45BC621B00F6A8001B2B52 /* RefugeInfoViewController.m in Sources */ = {isa = PBXBuildFile; fileRef = DC45BC611B00F6A8001B2B52 /* RefugeInfoViewController.m */; };
		DC45BC691B00F72C001B2B52 /* RefugeOnboardingViewController.m in Sources */ = {isa = PBXBuildFile; fileRef = DC45BC681B00F72C001B2B52 /* RefugeOnboardingViewController.m */; };
		DC45BC6C1B00F745001B2B52 /* RefugeMapViewController.m in Sources */ = {isa = PBXBuildFile; fileRef = DC45BC6B1B00F745001B2B52 /* RefugeMapViewController.m */; };
		DC45BC701B00F78B001B2B52 /* RefugeRestroomDetailsViewController.m in Sources */ = {isa = PBXBuildFile; fileRef = DC45BC6F1B00F78B001B2B52 /* RefugeRestroomDetailsViewController.m */; };
		DC45BC741B00F7C2001B2B52 /* RefugeNewRestroomViewController.m in Sources */ = {isa = PBXBuildFile; fileRef = DC45BC731B00F7C2001B2B52 /* RefugeNewRestroomViewController.m */; };
		DC45BC761B018812001B2B52 /* _clang-format in Resources */ = {isa = PBXBuildFile; fileRef = DC45BC751B018812001B2B52 /* _clang-format */; };
		DC45BC781B01A110001B2B52 /* Crashlytics.framework in Frameworks */ = {isa = PBXBuildFile; fileRef = DC45BC771B01A110001B2B52 /* Crashlytics.framework */; };
		DC50B7F41BA5D3F500530DC2 /* iOS7-LaunchScreen-568@2x.png in Resources */ = {isa = PBXBuildFile; fileRef = DC50B7F21BA5D3F500530DC2 /* iOS7-LaunchScreen-568@2x.png */; };
		DC50B7F51BA5D3F500530DC2 /* iOS7-LaunchScreen-568h.png in Resources */ = {isa = PBXBuildFile; fileRef = DC50B7F31BA5D3F500530DC2 /* iOS7-LaunchScreen-568h.png */; };
		DC8354231AABAED3009BEA58 /* Fabric.framework in Frameworks */ = {isa = PBXBuildFile; fileRef = DC8354221AABAED3009BEA58 /* Fabric.framework */; };
		DC8F394C1A97FC8100A90B13 /* RefugeRestroomsSeed.sqlite in Resources */ = {isa = PBXBuildFile; fileRef = DC8F394B1A97FC8000A90B13 /* RefugeRestroomsSeed.sqlite */; };
		DC8F39B71A980FDE00A90B13 /* RefugeRestroom.m in Sources */ = {isa = PBXBuildFile; fileRef = DC8F39B41A980FDE00A90B13 /* RefugeRestroom.m */; };
		DC8F39B81A980FDE00A90B13 /* RefugeRestroom.m in Sources */ = {isa = PBXBuildFile; fileRef = DC8F39B41A980FDE00A90B13 /* RefugeRestroom.m */; };
		DC8F39B91A980FDE00A90B13 /* RefugeRestroomEntity.m in Sources */ = {isa = PBXBuildFile; fileRef = DC8F39B61A980FDE00A90B13 /* RefugeRestroomEntity.m */; };
		DC8F39BA1A980FDE00A90B13 /* RefugeRestroomEntity.m in Sources */ = {isa = PBXBuildFile; fileRef = DC8F39B61A980FDE00A90B13 /* RefugeRestroomEntity.m */; };
		DCA355331A8BD87800E3EDF8 /* MockRefugeSearch.m in Sources */ = {isa = PBXBuildFile; fileRef = DCA355321A8BD87800E3EDF8 /* MockRefugeSearch.m */; };
		DCA355351A8BD91A00E3EDF8 /* RefugeSearchTests.m in Sources */ = {isa = PBXBuildFile; fileRef = DCA355341A8BD91A00E3EDF8 /* RefugeSearchTests.m */; };
		DCA355401A8C1E6800E3EDF8 /* RefugeMapPinTests.m in Sources */ = {isa = PBXBuildFile; fileRef = DCA3553F1A8C1E6800E3EDF8 /* RefugeMapPinTests.m */; };
		DCA355431A8C210300E3EDF8 /* MockNSUserDefaults.m in Sources */ = {isa = PBXBuildFile; fileRef = DCA355421A8C210300E3EDF8 /* MockNSUserDefaults.m */; };
		DCA355541A8C47E400E3EDF8 /* RefugeMapTests.m in Sources */ = {isa = PBXBuildFile; fileRef = DCA355531A8C47E400E3EDF8 /* RefugeMapTests.m */; };
		DCA3555E1A8C575200E3EDF8 /* UIImage+RefugeTests.m in Sources */ = {isa = PBXBuildFile; fileRef = DCA3555D1A8C575200E3EDF8 /* UIImage+RefugeTests.m */; };
		DCA355651A8C5A7100E3EDF8 /* MockRefugeMapDelegate.m in Sources */ = {isa = PBXBuildFile; fileRef = DCA355641A8C5A7100E3EDF8 /* MockRefugeMapDelegate.m */; };
		DCD8F8231ABBC81A00E2E7E8 /* NSString+RefugeTests.m in Sources */ = {isa = PBXBuildFile; fileRef = DCD8F8221ABBC81A00E2E7E8 /* NSString+RefugeTests.m */; };
		DCF866671A898A6700C73806 /* RefugeMapPlottingWorkflowTests.m in Sources */ = {isa = PBXBuildFile; fileRef = DCF866661A898A6700C73806 /* RefugeMapPlottingWorkflowTests.m */; };
/* End PBXBuildFile section */

/* Begin PBXContainerItemProxy section */
		CED0CB6D1A82A6D500F7F3D8 /* PBXContainerItemProxy */ = {
			isa = PBXContainerItemProxy;
			containerPortal = CED0CB481A82A6D300F7F3D8 /* Project object */;
			proxyType = 1;
			remoteGlobalIDString = CED0CB4F1A82A6D300F7F3D8;
			remoteInfo = "refuge-ios";
		};
/* End PBXContainerItemProxy section */

/* Begin PBXFileReference section */
		959014171F527C71C6D9EB85 /* libPods-refuge-ios.a */ = {isa = PBXFileReference; explicitFileType = archive.ar; includeInIndex = 0; path = "libPods-refuge-ios.a"; sourceTree = BUILT_PRODUCTS_DIR; };
		CEA23FDA1A835BBF0083510F /* RefugeRestroomManagerTests.m */ = {isa = PBXFileReference; fileEncoding = 4; lastKnownFileType = sourcecode.c.objc; path = RefugeRestroomManagerTests.m; sourceTree = "<group>"; };
		CEA23FE41A83D8150083510F /* RefugeRestroomCreationWorkflowTests.m */ = {isa = PBXFileReference; fileEncoding = 4; lastKnownFileType = sourcecode.c.objc; path = RefugeRestroomCreationWorkflowTests.m; sourceTree = "<group>"; };
		CEA23FE81A83D9C00083510F /* MockRefugeRestroomManagerDelegate.h */ = {isa = PBXFileReference; fileEncoding = 4; lastKnownFileType = sourcecode.c.h; path = MockRefugeRestroomManagerDelegate.h; sourceTree = "<group>"; };
		CEA23FE91A83D9C00083510F /* MockRefugeRestroomManagerDelegate.m */ = {isa = PBXFileReference; fileEncoding = 4; lastKnownFileType = sourcecode.c.objc; path = MockRefugeRestroomManagerDelegate.m; sourceTree = "<group>"; };
		CEA23FEB1A83D9F50083510F /* MockRefugeRestroomBuilder.h */ = {isa = PBXFileReference; fileEncoding = 4; lastKnownFileType = sourcecode.c.h; path = MockRefugeRestroomBuilder.h; sourceTree = "<group>"; };
		CEA23FEC1A83D9F50083510F /* MockRefugeRestroomBuilder.m */ = {isa = PBXFileReference; fileEncoding = 4; lastKnownFileType = sourcecode.c.objc; path = MockRefugeRestroomBuilder.m; sourceTree = "<group>"; };
		CEA23FF21A83DA5E0083510F /* MockRefugeRestroomCommunicator.h */ = {isa = PBXFileReference; fileEncoding = 4; lastKnownFileType = sourcecode.c.h; path = MockRefugeRestroomCommunicator.h; sourceTree = "<group>"; };
		CEA23FF31A83DA5E0083510F /* MockRefugeRestroomCommunicator.m */ = {isa = PBXFileReference; fileEncoding = 4; lastKnownFileType = sourcecode.c.objc; path = MockRefugeRestroomCommunicator.m; sourceTree = "<group>"; };
		CEA23FF61A841BB00083510F /* RefugeRestroomCommunicatorTests.m */ = {isa = PBXFileReference; fileEncoding = 4; lastKnownFileType = sourcecode.c.objc; path = RefugeRestroomCommunicatorTests.m; sourceTree = "<group>"; };
		CEA23FF81A841FD30083510F /* MockRefugeRestroomCommunicatorDelegate.h */ = {isa = PBXFileReference; fileEncoding = 4; lastKnownFileType = sourcecode.c.h; path = MockRefugeRestroomCommunicatorDelegate.h; sourceTree = "<group>"; };
		CEA23FF91A841FD30083510F /* MockRefugeRestroomCommunicatorDelegate.m */ = {isa = PBXFileReference; fileEncoding = 4; lastKnownFileType = sourcecode.c.objc; path = MockRefugeRestroomCommunicatorDelegate.m; sourceTree = "<group>"; };
		CEA23FFB1A8426A60083510F /* RefugeAppStateTests.m */ = {isa = PBXFileReference; fileEncoding = 4; lastKnownFileType = sourcecode.c.objc; path = RefugeAppStateTests.m; sourceTree = "<group>"; };
		CEA23FFD1A84278B0083510F /* RefugeAppState.h */ = {isa = PBXFileReference; fileEncoding = 4; lastKnownFileType = sourcecode.c.h; path = RefugeAppState.h; sourceTree = "<group>"; };
		CEA23FFE1A84278B0083510F /* RefugeAppState.m */ = {isa = PBXFileReference; fileEncoding = 4; lastKnownFileType = sourcecode.c.objc; path = RefugeAppState.m; sourceTree = "<group>"; };
		CEA240111A86CC9A0083510F /* MockRefugeDataPersistenceManager.h */ = {isa = PBXFileReference; fileEncoding = 4; lastKnownFileType = sourcecode.c.h; path = MockRefugeDataPersistenceManager.h; sourceTree = "<group>"; };
		CEA240121A86CC9A0083510F /* MockRefugeDataPersistenceManager.m */ = {isa = PBXFileReference; fileEncoding = 4; lastKnownFileType = sourcecode.c.objc; path = MockRefugeDataPersistenceManager.m; sourceTree = "<group>"; };
		CEA2401E1A86F9410083510F /* MapKit.framework */ = {isa = PBXFileReference; lastKnownFileType = wrapper.framework; name = MapKit.framework; path = System/Library/Frameworks/MapKit.framework; sourceTree = SDKROOT; };
		CEA240271A8702E20083510F /* CoreLocation.framework */ = {isa = PBXFileReference; lastKnownFileType = wrapper.framework; name = CoreLocation.framework; path = System/Library/Frameworks/CoreLocation.framework; sourceTree = SDKROOT; };
		CED0CB501A82A6D300F7F3D8 /* refuge-ios.app */ = {isa = PBXFileReference; explicitFileType = wrapper.application; includeInIndex = 0; path = "refuge-ios.app"; sourceTree = BUILT_PRODUCTS_DIR; };
		CED0CB541A82A6D400F7F3D8 /* Info.plist */ = {isa = PBXFileReference; lastKnownFileType = text.plist.xml; path = Info.plist; sourceTree = "<group>"; };
		CED0CB551A82A6D400F7F3D8 /* main.m */ = {isa = PBXFileReference; lastKnownFileType = sourcecode.c.objc; path = main.m; sourceTree = "<group>"; };
		CED0CB571A82A6D400F7F3D8 /* RefugeAppDelegate.h */ = {isa = PBXFileReference; lastKnownFileType = sourcecode.c.h; path = RefugeAppDelegate.h; sourceTree = "<group>"; };
		CED0CB581A82A6D400F7F3D8 /* RefugeAppDelegate.m */ = {isa = PBXFileReference; lastKnownFileType = sourcecode.c.objc; path = RefugeAppDelegate.m; sourceTree = "<group>"; };
		CED0CB5B1A82A6D400F7F3D8 /* refuge_ios.xcdatamodel */ = {isa = PBXFileReference; lastKnownFileType = wrapper.xcdatamodel; path = refuge_ios.xcdatamodel; sourceTree = "<group>"; };
		CED0CB611A82A6D400F7F3D8 /* Base */ = {isa = PBXFileReference; lastKnownFileType = file.storyboard; name = Base; path = Base.lproj/Main.storyboard; sourceTree = "<group>"; };
		CED0CB661A82A6D400F7F3D8 /* Base */ = {isa = PBXFileReference; lastKnownFileType = file.xib; name = Base; path = Base.lproj/LaunchScreen.xib; sourceTree = "<group>"; };
		CED0CB6C1A82A6D500F7F3D8 /* refuge-iosTests.xctest */ = {isa = PBXFileReference; explicitFileType = wrapper.cfbundle; includeInIndex = 0; path = "refuge-iosTests.xctest"; sourceTree = BUILT_PRODUCTS_DIR; };
		CED0CB711A82A6D500F7F3D8 /* Info.plist */ = {isa = PBXFileReference; lastKnownFileType = text.plist.xml; path = Info.plist; sourceTree = "<group>"; };
		CED0CB9F1A83259100F7F3D8 /* RefugeRestroomTests.m */ = {isa = PBXFileReference; fileEncoding = 4; lastKnownFileType = sourcecode.c.objc; path = RefugeRestroomTests.m; sourceTree = "<group>"; };
		CED0CBA91A83320F00F7F3D8 /* RefugeRestroomBuilderTests.m */ = {isa = PBXFileReference; fileEncoding = 4; lastKnownFileType = sourcecode.c.objc; path = RefugeRestroomBuilderTests.m; sourceTree = "<group>"; };
		CED0CBB51A833B9800F7F3D8 /* NSDate+RefugeTests.m */ = {isa = PBXFileReference; fileEncoding = 4; lastKnownFileType = sourcecode.c.objc; path = "NSDate+RefugeTests.m"; sourceTree = "<group>"; };
		D67BB335B17D0B597EE2123D /* Pods-refuge-ios.debug.xcconfig */ = {isa = PBXFileReference; includeInIndex = 1; lastKnownFileType = text.xcconfig; name = "Pods-refuge-ios.debug.xcconfig"; path = "Pods/Target Support Files/Pods-refuge-ios/Pods-refuge-ios.debug.xcconfig"; sourceTree = "<group>"; };
		D938493C66A1C4E8E58FEA67 /* Pods-refuge-ios.release.xcconfig */ = {isa = PBXFileReference; includeInIndex = 1; lastKnownFileType = text.xcconfig; name = "Pods-refuge-ios.release.xcconfig"; path = "Pods/Target Support Files/Pods-refuge-ios/Pods-refuge-ios.release.xcconfig"; sourceTree = "<group>"; };
		DC3A1CB41A927F5100445D33 /* Images.xcassets */ = {isa = PBXFileReference; lastKnownFileType = folder.assetcatalog; path = Images.xcassets; sourceTree = "<group>"; };
		DC45BBD81B00F02D001B2B52 /* iRate+Refuge.h */ = {isa = PBXFileReference; fileEncoding = 4; lastKnownFileType = sourcecode.c.h; path = "iRate+Refuge.h"; sourceTree = "<group>"; };
		DC45BBD91B00F02D001B2B52 /* iRate+Refuge.m */ = {isa = PBXFileReference; fileEncoding = 4; lastKnownFileType = sourcecode.c.objc; path = "iRate+Refuge.m"; sourceTree = "<group>"; };
		DC45BBDA1B00F02D001B2B52 /* Mixpanel+Refuge.h */ = {isa = PBXFileReference; fileEncoding = 4; lastKnownFileType = sourcecode.c.h; path = "Mixpanel+Refuge.h"; sourceTree = "<group>"; };
		DC45BBDB1B00F02D001B2B52 /* Mixpanel+Refuge.m */ = {isa = PBXFileReference; fileEncoding = 4; lastKnownFileType = sourcecode.c.objc; path = "Mixpanel+Refuge.m"; sourceTree = "<group>"; };
		DC45BBDC1B00F02D001B2B52 /* NSDate+Refuge.h */ = {isa = PBXFileReference; fileEncoding = 4; lastKnownFileType = sourcecode.c.h; path = "NSDate+Refuge.h"; sourceTree = "<group>"; };
		DC45BBDD1B00F02D001B2B52 /* NSDate+Refuge.m */ = {isa = PBXFileReference; fileEncoding = 4; lastKnownFileType = sourcecode.c.objc; path = "NSDate+Refuge.m"; sourceTree = "<group>"; };
		DC45BBDE1B00F02D001B2B52 /* NSString+Refuge.h */ = {isa = PBXFileReference; fileEncoding = 4; lastKnownFileType = sourcecode.c.h; path = "NSString+Refuge.h"; sourceTree = "<group>"; };
		DC45BBDF1B00F02D001B2B52 /* NSString+Refuge.m */ = {isa = PBXFileReference; fileEncoding = 4; lastKnownFileType = sourcecode.c.objc; path = "NSString+Refuge.m"; sourceTree = "<group>"; };
		DC45BBE01B00F02D001B2B52 /* UIColor+Refuge.h */ = {isa = PBXFileReference; fileEncoding = 4; lastKnownFileType = sourcecode.c.h; path = "UIColor+Refuge.h"; sourceTree = "<group>"; };
		DC45BBE11B00F02D001B2B52 /* UIColor+Refuge.m */ = {isa = PBXFileReference; fileEncoding = 4; lastKnownFileType = sourcecode.c.objc; path = "UIColor+Refuge.m"; sourceTree = "<group>"; };
		DC45BBE21B00F02D001B2B52 /* UIImage+Refuge.h */ = {isa = PBXFileReference; fileEncoding = 4; lastKnownFileType = sourcecode.c.h; path = "UIImage+Refuge.h"; sourceTree = "<group>"; };
		DC45BBE31B00F02D001B2B52 /* UIImage+Refuge.m */ = {isa = PBXFileReference; fileEncoding = 4; lastKnownFileType = sourcecode.c.objc; path = "UIImage+Refuge.m"; sourceTree = "<group>"; };
		DC45BBEB1B00F13E001B2B52 /* RefugeHTTPSessionManager.h */ = {isa = PBXFileReference; fileEncoding = 4; lastKnownFileType = sourcecode.c.h; path = RefugeHTTPSessionManager.h; sourceTree = "<group>"; };
		DC45BBEC1B00F13E001B2B52 /* RefugeHTTPSessionManager.m */ = {isa = PBXFileReference; fileEncoding = 4; lastKnownFileType = sourcecode.c.objc; path = RefugeHTTPSessionManager.m; sourceTree = "<group>"; };
		DC45BBED1B00F13E001B2B52 /* RefugeRestroomCommunicator.h */ = {isa = PBXFileReference; fileEncoding = 4; lastKnownFileType = sourcecode.c.h; path = RefugeRestroomCommunicator.h; sourceTree = "<group>"; };
		DC45BBEE1B00F13E001B2B52 /* RefugeRestroomCommunicator.m */ = {isa = PBXFileReference; fileEncoding = 4; lastKnownFileType = sourcecode.c.objc; path = RefugeRestroomCommunicator.m; sourceTree = "<group>"; };
		DC45BBEF1B00F13E001B2B52 /* RefugeRestroomCommunicatorDelegate.h */ = {isa = PBXFileReference; fileEncoding = 4; lastKnownFileType = sourcecode.c.h; path = RefugeRestroomCommunicatorDelegate.h; sourceTree = "<group>"; };
		DC45BBF31B00F1CE001B2B52 /* RefugeRestroomBuilder.h */ = {isa = PBXFileReference; fileEncoding = 4; lastKnownFileType = sourcecode.c.h; path = RefugeRestroomBuilder.h; sourceTree = "<group>"; };
		DC45BBF41B00F1CE001B2B52 /* RefugeRestroomBuilder.m */ = {isa = PBXFileReference; fileEncoding = 4; lastKnownFileType = sourcecode.c.objc; path = RefugeRestroomBuilder.m; sourceTree = "<group>"; };
		DC45BBF51B00F1CE001B2B52 /* RefugeSerialization.h */ = {isa = PBXFileReference; fileEncoding = 4; lastKnownFileType = sourcecode.c.h; path = RefugeSerialization.h; sourceTree = "<group>"; };
		DC45BBF61B00F1CE001B2B52 /* RefugeSerialization.m */ = {isa = PBXFileReference; fileEncoding = 4; lastKnownFileType = sourcecode.c.objc; path = RefugeSerialization.m; sourceTree = "<group>"; };
		DC45BBF91B00F23F001B2B52 /* RefugeRestroomManager.h */ = {isa = PBXFileReference; fileEncoding = 4; lastKnownFileType = sourcecode.c.h; path = RefugeRestroomManager.h; sourceTree = "<group>"; };
		DC45BBFA1B00F23F001B2B52 /* RefugeRestroomManager.m */ = {isa = PBXFileReference; fileEncoding = 4; lastKnownFileType = sourcecode.c.objc; path = RefugeRestroomManager.m; sourceTree = "<group>"; };
		DC45BBFB1B00F23F001B2B52 /* RefugeRestroomManagerDelegate.h */ = {isa = PBXFileReference; fileEncoding = 4; lastKnownFileType = sourcecode.c.h; path = RefugeRestroomManagerDelegate.h; sourceTree = "<group>"; };
		DC45BBFD1B00F280001B2B52 /* RefugeDataPeristenceManagerDelegate.h */ = {isa = PBXFileReference; fileEncoding = 4; lastKnownFileType = sourcecode.c.h; path = RefugeDataPeristenceManagerDelegate.h; sourceTree = "<group>"; };
		DC45BBFE1B00F280001B2B52 /* RefugeDataPersistenceManager.h */ = {isa = PBXFileReference; fileEncoding = 4; lastKnownFileType = sourcecode.c.h; path = RefugeDataPersistenceManager.h; sourceTree = "<group>"; };
		DC45BBFF1B00F280001B2B52 /* RefugeDataPersistenceManager.m */ = {isa = PBXFileReference; fileEncoding = 4; lastKnownFileType = sourcecode.c.objc; path = RefugeDataPersistenceManager.m; sourceTree = "<group>"; };
		DC45BC021B00F2C9001B2B52 /* RefugeMapDelegate.h */ = {isa = PBXFileReference; fileEncoding = 4; lastKnownFileType = sourcecode.c.h; path = RefugeMapDelegate.h; sourceTree = "<group>"; };
		DC45BC071B00F2FA001B2B52 /* RefugeSearch.h */ = {isa = PBXFileReference; fileEncoding = 4; lastKnownFileType = sourcecode.c.h; path = RefugeSearch.h; sourceTree = "<group>"; };
		DC45BC081B00F2FA001B2B52 /* RefugeSearch.m */ = {isa = PBXFileReference; fileEncoding = 4; lastKnownFileType = sourcecode.c.objc; path = RefugeSearch.m; sourceTree = "<group>"; };
		DC45BC2F1B00F4C0001B2B52 /* refuge-banner.png */ = {isa = PBXFileReference; lastKnownFileType = image.png; path = "refuge-banner.png"; sourceTree = "<group>"; };
		DC45BC311B00F4C0001B2B52 /* refuge-details-accessible.png */ = {isa = PBXFileReference; lastKnownFileType = image.png; path = "refuge-details-accessible.png"; sourceTree = "<group>"; };
		DC45BC321B00F4C0001B2B52 /* refuge-details-unisex.png */ = {isa = PBXFileReference; lastKnownFileType = image.png; path = "refuge-details-unisex.png"; sourceTree = "<group>"; };
		DC45BC331B00F4C0001B2B52 /* refuge-icon-facebook.png */ = {isa = PBXFileReference; lastKnownFileType = image.png; path = "refuge-icon-facebook.png"; sourceTree = "<group>"; };
		DC45BC341B00F4C0001B2B52 /* refuge-icon-github.png */ = {isa = PBXFileReference; lastKnownFileType = image.png; path = "refuge-icon-github.png"; sourceTree = "<group>"; };
		DC45BC351B00F4C0001B2B52 /* refuge-icon-twitter.png */ = {isa = PBXFileReference; lastKnownFileType = image.png; path = "refuge-icon-twitter.png"; sourceTree = "<group>"; };
		DC45BC361B00F4C0001B2B52 /* refuge-map-crosshair.png */ = {isa = PBXFileReference; lastKnownFileType = image.png; path = "refuge-map-crosshair.png"; sourceTree = "<group>"; };
		DC45BC371B00F4C0001B2B52 /* refuge-map-pin.png */ = {isa = PBXFileReference; lastKnownFileType = image.png; path = "refuge-map-pin.png"; sourceTree = "<group>"; };
		DC45BC381B00F4C0001B2B52 /* refuge-onboard1.png */ = {isa = PBXFileReference; lastKnownFileType = image.png; path = "refuge-onboard1.png"; sourceTree = "<group>"; };
		DC45BC391B00F4C0001B2B52 /* refuge-onboard2.png */ = {isa = PBXFileReference; lastKnownFileType = image.png; path = "refuge-onboard2.png"; sourceTree = "<group>"; };
		DC45BC3A1B00F4C0001B2B52 /* refuge-onboard3.png */ = {isa = PBXFileReference; lastKnownFileType = image.png; path = "refuge-onboard3.png"; sourceTree = "<group>"; };
		DC45BC3B1B00F4C0001B2B52 /* refuge-onboard4.png */ = {isa = PBXFileReference; lastKnownFileType = image.png; path = "refuge-onboard4.png"; sourceTree = "<group>"; };
		DC45BC4A1B00F507001B2B52 /* RefugeMapPin.h */ = {isa = PBXFileReference; fileEncoding = 4; lastKnownFileType = sourcecode.c.h; path = RefugeMapPin.h; sourceTree = "<group>"; };
		DC45BC4D1B00F507001B2B52 /* RefugeMapPlace.m */ = {isa = PBXFileReference; fileEncoding = 4; lastKnownFileType = sourcecode.c.objc; path = RefugeMapPlace.m; sourceTree = "<group>"; };
		DC45BC501B00F53B001B2B52 /* RefugeMapPin.m */ = {isa = PBXFileReference; fileEncoding = 4; lastKnownFileType = sourcecode.c.objc; path = RefugeMapPin.m; sourceTree = "<group>"; };
		DC45BC521B00F545001B2B52 /* RefugeMapPlace.h */ = {isa = PBXFileReference; lastKnownFileType = sourcecode.c.h; path = RefugeMapPlace.h; sourceTree = "<group>"; };
		DC45BC531B00F551001B2B52 /* RefugeMap.h */ = {isa = PBXFileReference; fileEncoding = 4; lastKnownFileType = sourcecode.c.h; path = RefugeMap.h; sourceTree = "<group>"; };
		DC45BC541B00F551001B2B52 /* RefugeMap.m */ = {isa = PBXFileReference; fileEncoding = 4; lastKnownFileType = sourcecode.c.objc; path = RefugeMap.m; sourceTree = "<group>"; };
		DC45BC571B00F60D001B2B52 /* RefugeOnboardPage1.xib */ = {isa = PBXFileReference; fileEncoding = 4; lastKnownFileType = file.xib; path = RefugeOnboardPage1.xib; sourceTree = "<group>"; };
		DC45BC581B00F60D001B2B52 /* RefugeOnboardPage2.xib */ = {isa = PBXFileReference; fileEncoding = 4; lastKnownFileType = file.xib; path = RefugeOnboardPage2.xib; sourceTree = "<group>"; };
		DC45BC591B00F60D001B2B52 /* RefugeOnboardPage3.xib */ = {isa = PBXFileReference; fileEncoding = 4; lastKnownFileType = file.xib; path = RefugeOnboardPage3.xib; sourceTree = "<group>"; };
		DC45BC5A1B00F60D001B2B52 /* RefugeOnboardPage4.xib */ = {isa = PBXFileReference; fileEncoding = 4; lastKnownFileType = file.xib; path = RefugeOnboardPage4.xib; sourceTree = "<group>"; };
		DC45BC601B00F6A8001B2B52 /* RefugeInfoViewController.h */ = {isa = PBXFileReference; fileEncoding = 4; lastKnownFileType = sourcecode.c.h; path = RefugeInfoViewController.h; sourceTree = "<group>"; };
		DC45BC611B00F6A8001B2B52 /* RefugeInfoViewController.m */ = {isa = PBXFileReference; fileEncoding = 4; lastKnownFileType = sourcecode.c.objc; path = RefugeInfoViewController.m; sourceTree = "<group>"; };
		DC45BC671B00F72C001B2B52 /* RefugeOnboardingViewController.h */ = {isa = PBXFileReference; fileEncoding = 4; lastKnownFileType = sourcecode.c.h; path = RefugeOnboardingViewController.h; sourceTree = "<group>"; };
		DC45BC681B00F72C001B2B52 /* RefugeOnboardingViewController.m */ = {isa = PBXFileReference; fileEncoding = 4; lastKnownFileType = sourcecode.c.objc; path = RefugeOnboardingViewController.m; sourceTree = "<group>"; };
		DC45BC6A1B00F745001B2B52 /* RefugeMapViewController.h */ = {isa = PBXFileReference; fileEncoding = 4; lastKnownFileType = sourcecode.c.h; path = RefugeMapViewController.h; sourceTree = "<group>"; };
		DC45BC6B1B00F745001B2B52 /* RefugeMapViewController.m */ = {isa = PBXFileReference; fileEncoding = 4; lastKnownFileType = sourcecode.c.objc; path = RefugeMapViewController.m; sourceTree = "<group>"; };
		DC45BC6E1B00F78B001B2B52 /* RefugeRestroomDetailsViewController.h */ = {isa = PBXFileReference; fileEncoding = 4; lastKnownFileType = sourcecode.c.h; path = RefugeRestroomDetailsViewController.h; sourceTree = "<group>"; };
		DC45BC6F1B00F78B001B2B52 /* RefugeRestroomDetailsViewController.m */ = {isa = PBXFileReference; fileEncoding = 4; lastKnownFileType = sourcecode.c.objc; path = RefugeRestroomDetailsViewController.m; sourceTree = "<group>"; };
		DC45BC721B00F7C2001B2B52 /* RefugeNewRestroomViewController.h */ = {isa = PBXFileReference; fileEncoding = 4; lastKnownFileType = sourcecode.c.h; path = RefugeNewRestroomViewController.h; sourceTree = "<group>"; };
		DC45BC731B00F7C2001B2B52 /* RefugeNewRestroomViewController.m */ = {isa = PBXFileReference; fileEncoding = 4; lastKnownFileType = sourcecode.c.objc; path = RefugeNewRestroomViewController.m; sourceTree = "<group>"; };
		DC45BC751B018812001B2B52 /* _clang-format */ = {isa = PBXFileReference; fileEncoding = 4; lastKnownFileType = text; path = "_clang-format"; sourceTree = "<group>"; };
		DC45BC771B01A110001B2B52 /* Crashlytics.framework */ = {isa = PBXFileReference; lastKnownFileType = wrapper.framework; path = Crashlytics.framework; sourceTree = "<group>"; };
		DC50B7F21BA5D3F500530DC2 /* iOS7-LaunchScreen-568@2x.png */ = {isa = PBXFileReference; lastKnownFileType = image.png; path = "iOS7-LaunchScreen-568@2x.png"; sourceTree = "<group>"; };
		DC50B7F31BA5D3F500530DC2 /* iOS7-LaunchScreen-568h.png */ = {isa = PBXFileReference; lastKnownFileType = image.png; path = "iOS7-LaunchScreen-568h.png"; sourceTree = "<group>"; };
		DC8354221AABAED3009BEA58 /* Fabric.framework */ = {isa = PBXFileReference; lastKnownFileType = wrapper.framework; path = Fabric.framework; sourceTree = "<group>"; };
		DC8F394B1A97FC8000A90B13 /* RefugeRestroomsSeed.sqlite */ = {isa = PBXFileReference; lastKnownFileType = file; name = RefugeRestroomsSeed.sqlite; path = ../../RefugeRestroomsSeed.sqlite; sourceTree = "<group>"; };
		DC8F39B31A980FDE00A90B13 /* RefugeRestroom.h */ = {isa = PBXFileReference; fileEncoding = 4; lastKnownFileType = sourcecode.c.h; path = RefugeRestroom.h; sourceTree = "<group>"; };
		DC8F39B41A980FDE00A90B13 /* RefugeRestroom.m */ = {isa = PBXFileReference; fileEncoding = 4; lastKnownFileType = sourcecode.c.objc; path = RefugeRestroom.m; sourceTree = "<group>"; };
		DC8F39B51A980FDE00A90B13 /* RefugeRestroomEntity.h */ = {isa = PBXFileReference; fileEncoding = 4; lastKnownFileType = sourcecode.c.h; path = RefugeRestroomEntity.h; sourceTree = "<group>"; };
		DC8F39B61A980FDE00A90B13 /* RefugeRestroomEntity.m */ = {isa = PBXFileReference; fileEncoding = 4; lastKnownFileType = sourcecode.c.objc; path = RefugeRestroomEntity.m; sourceTree = "<group>"; };
		DCA355311A8BD87800E3EDF8 /* MockRefugeSearch.h */ = {isa = PBXFileReference; fileEncoding = 4; lastKnownFileType = sourcecode.c.h; path = MockRefugeSearch.h; sourceTree = "<group>"; };
		DCA355321A8BD87800E3EDF8 /* MockRefugeSearch.m */ = {isa = PBXFileReference; fileEncoding = 4; lastKnownFileType = sourcecode.c.objc; path = MockRefugeSearch.m; sourceTree = "<group>"; };
		DCA355341A8BD91A00E3EDF8 /* RefugeSearchTests.m */ = {isa = PBXFileReference; fileEncoding = 4; lastKnownFileType = sourcecode.c.objc; path = RefugeSearchTests.m; sourceTree = "<group>"; };
		DCA3553F1A8C1E6800E3EDF8 /* RefugeMapPinTests.m */ = {isa = PBXFileReference; fileEncoding = 4; lastKnownFileType = sourcecode.c.objc; path = RefugeMapPinTests.m; sourceTree = "<group>"; };
		DCA355411A8C210300E3EDF8 /* MockNSUserDefaults.h */ = {isa = PBXFileReference; fileEncoding = 4; lastKnownFileType = sourcecode.c.h; path = MockNSUserDefaults.h; sourceTree = "<group>"; };
		DCA355421A8C210300E3EDF8 /* MockNSUserDefaults.m */ = {isa = PBXFileReference; fileEncoding = 4; lastKnownFileType = sourcecode.c.objc; path = MockNSUserDefaults.m; sourceTree = "<group>"; };
		DCA355531A8C47E400E3EDF8 /* RefugeMapTests.m */ = {isa = PBXFileReference; fileEncoding = 4; lastKnownFileType = sourcecode.c.objc; path = RefugeMapTests.m; sourceTree = "<group>"; };
		DCA3555D1A8C575200E3EDF8 /* UIImage+RefugeTests.m */ = {isa = PBXFileReference; fileEncoding = 4; lastKnownFileType = sourcecode.c.objc; path = "UIImage+RefugeTests.m"; sourceTree = "<group>"; };
		DCA355631A8C5A7100E3EDF8 /* MockRefugeMapDelegate.h */ = {isa = PBXFileReference; fileEncoding = 4; lastKnownFileType = sourcecode.c.h; path = MockRefugeMapDelegate.h; sourceTree = "<group>"; };
		DCA355641A8C5A7100E3EDF8 /* MockRefugeMapDelegate.m */ = {isa = PBXFileReference; fileEncoding = 4; lastKnownFileType = sourcecode.c.objc; path = MockRefugeMapDelegate.m; sourceTree = "<group>"; };
		DCD8F8221ABBC81A00E2E7E8 /* NSString+RefugeTests.m */ = {isa = PBXFileReference; fileEncoding = 4; lastKnownFileType = sourcecode.c.objc; path = "NSString+RefugeTests.m"; sourceTree = "<group>"; };
		DCF866661A898A6700C73806 /* RefugeMapPlottingWorkflowTests.m */ = {isa = PBXFileReference; fileEncoding = 4; lastKnownFileType = sourcecode.c.objc; path = RefugeMapPlottingWorkflowTests.m; sourceTree = "<group>"; };
/* End PBXFileReference section */

/* Begin PBXFrameworksBuildPhase section */
		CED0CB4D1A82A6D300F7F3D8 /* Frameworks */ = {
			isa = PBXFrameworksBuildPhase;
			buildActionMask = 2147483647;
			files = (
				CEA240281A8702E20083510F /* CoreLocation.framework in Frameworks */,
				DC45BC781B01A110001B2B52 /* Crashlytics.framework in Frameworks */,
				DC8354231AABAED3009BEA58 /* Fabric.framework in Frameworks */,
				CEA2401F1A86F9410083510F /* MapKit.framework in Frameworks */,
				0DC72DF2C778FB11669B38CD /* libPods-refuge-ios.a in Frameworks */,
			);
			runOnlyForDeploymentPostprocessing = 0;
		};
		CED0CB691A82A6D500F7F3D8 /* Frameworks */ = {
			isa = PBXFrameworksBuildPhase;
			buildActionMask = 2147483647;
			files = (
			);
			runOnlyForDeploymentPostprocessing = 0;
		};
/* End PBXFrameworksBuildPhase section */

/* Begin PBXGroup section */
		68FB1F0E5CB3E3A5E8E048A1 /* Frameworks */ = {
			isa = PBXGroup;
			children = (
				DC45BC771B01A110001B2B52 /* Crashlytics.framework */,
				CEA240271A8702E20083510F /* CoreLocation.framework */,
				DC8354221AABAED3009BEA58 /* Fabric.framework */,
				CEA2401E1A86F9410083510F /* MapKit.framework */,
				959014171F527C71C6D9EB85 /* libPods-refuge-ios.a */,
			);
			name = Frameworks;
			sourceTree = "<group>";
		};
		CEA23FE31A83D7A60083510F /* Integration Tests */ = {
			isa = PBXGroup;
			children = (
				CEA23FE41A83D8150083510F /* RefugeRestroomCreationWorkflowTests.m */,
				DCF866661A898A6700C73806 /* RefugeMapPlottingWorkflowTests.m */,
			);
			name = "Integration Tests";
			sourceTree = "<group>";
		};
		CEA23FE71A83D9900083510F /* Mocks */ = {
			isa = PBXGroup;
			children = (
				DCA355411A8C210300E3EDF8 /* MockNSUserDefaults.h */,
				DCA355421A8C210300E3EDF8 /* MockNSUserDefaults.m */,
				CEA240111A86CC9A0083510F /* MockRefugeDataPersistenceManager.h */,
				CEA240121A86CC9A0083510F /* MockRefugeDataPersistenceManager.m */,
				DCA355631A8C5A7100E3EDF8 /* MockRefugeMapDelegate.h */,
				DCA355641A8C5A7100E3EDF8 /* MockRefugeMapDelegate.m */,
				CEA23FEB1A83D9F50083510F /* MockRefugeRestroomBuilder.h */,
				CEA23FEC1A83D9F50083510F /* MockRefugeRestroomBuilder.m */,
				CEA23FF21A83DA5E0083510F /* MockRefugeRestroomCommunicator.h */,
				CEA23FF31A83DA5E0083510F /* MockRefugeRestroomCommunicator.m */,
				CEA23FF81A841FD30083510F /* MockRefugeRestroomCommunicatorDelegate.h */,
				CEA23FF91A841FD30083510F /* MockRefugeRestroomCommunicatorDelegate.m */,
				CEA23FE81A83D9C00083510F /* MockRefugeRestroomManagerDelegate.h */,
				CEA23FE91A83D9C00083510F /* MockRefugeRestroomManagerDelegate.m */,
				DCA355311A8BD87800E3EDF8 /* MockRefugeSearch.h */,
				DCA355321A8BD87800E3EDF8 /* MockRefugeSearch.m */,
			);
			name = Mocks;
			sourceTree = "<group>";
		};
		CED0CB471A82A6D300F7F3D8 = {
			isa = PBXGroup;
			children = (
				CED0CB521A82A6D300F7F3D8 /* refuge-ios */,
				CED0CB6F1A82A6D500F7F3D8 /* refuge-iosTests */,
				CED0CB511A82A6D300F7F3D8 /* Products */,
				EA08CCE57F3C7FE32EA6AC15 /* Pods */,
				68FB1F0E5CB3E3A5E8E048A1 /* Frameworks */,
			);
			sourceTree = "<group>";
		};
		CED0CB511A82A6D300F7F3D8 /* Products */ = {
			isa = PBXGroup;
			children = (
				CED0CB501A82A6D300F7F3D8 /* refuge-ios.app */,
				CED0CB6C1A82A6D500F7F3D8 /* refuge-iosTests.xctest */,
			);
			name = Products;
			sourceTree = "<group>";
		};
		CED0CB521A82A6D300F7F3D8 /* refuge-ios */ = {
			isa = PBXGroup;
			children = (
				DC45BBD61B00EFD9001B2B52 /* Features */,
				DC8F39B21A980FDE00A90B13 /* Models */,
				DC45BC2D1B00F4C0001B2B52 /* Resources */,
				DC45BBD71B00F02D001B2B52 /* Utilities */,
				CED0CB571A82A6D400F7F3D8 /* RefugeAppDelegate.h */,
				CED0CB581A82A6D400F7F3D8 /* RefugeAppDelegate.m */,
				CEA23FFD1A84278B0083510F /* RefugeAppState.h */,
				CEA23FFE1A84278B0083510F /* RefugeAppState.m */,
				DC3A1CB41A927F5100445D33 /* Images.xcassets */,
				CED0CB651A82A6D400F7F3D8 /* LaunchScreen.xib */,
				CED0CB601A82A6D400F7F3D8 /* Main.storyboard */,
				CED0CB5A1A82A6D400F7F3D8 /* refuge_ios.xcdatamodeld */,
				CED0CB531A82A6D300F7F3D8 /* Supporting Files */,
			);
			path = "refuge-ios";
			sourceTree = "<group>";
		};
		CED0CB531A82A6D300F7F3D8 /* Supporting Files */ = {
			isa = PBXGroup;
			children = (
				DC45BC751B018812001B2B52 /* _clang-format */,
				CED0CB541A82A6D400F7F3D8 /* Info.plist */,
				CED0CB551A82A6D400F7F3D8 /* main.m */,
				DC8F394B1A97FC8000A90B13 /* RefugeRestroomsSeed.sqlite */,
			);
			name = "Supporting Files";
			sourceTree = "<group>";
		};
		CED0CB6F1A82A6D500F7F3D8 /* refuge-iosTests */ = {
			isa = PBXGroup;
			children = (
				CEA23FE71A83D9900083510F /* Mocks */,
				CEA23FE31A83D7A60083510F /* Integration Tests */,
				CED0CBB51A833B9800F7F3D8 /* NSDate+RefugeTests.m */,
				DCD8F8221ABBC81A00E2E7E8 /* NSString+RefugeTests.m */,
				CEA23FFB1A8426A60083510F /* RefugeAppStateTests.m */,
				DCA355531A8C47E400E3EDF8 /* RefugeMapTests.m */,
				DCA3553F1A8C1E6800E3EDF8 /* RefugeMapPinTests.m */,
				CED0CBA91A83320F00F7F3D8 /* RefugeRestroomBuilderTests.m */,
				CEA23FF61A841BB00083510F /* RefugeRestroomCommunicatorTests.m */,
				CEA23FDA1A835BBF0083510F /* RefugeRestroomManagerTests.m */,
				CED0CB9F1A83259100F7F3D8 /* RefugeRestroomTests.m */,
				DCA355341A8BD91A00E3EDF8 /* RefugeSearchTests.m */,
				DCA3555D1A8C575200E3EDF8 /* UIImage+RefugeTests.m */,
				CED0CB701A82A6D500F7F3D8 /* Supporting Files */,
			);
			path = "refuge-iosTests";
			sourceTree = "<group>";
		};
		CED0CB701A82A6D500F7F3D8 /* Supporting Files */ = {
			isa = PBXGroup;
			children = (
				CED0CB711A82A6D500F7F3D8 /* Info.plist */,
			);
			name = "Supporting Files";
			sourceTree = "<group>";
		};
		DC45BBD61B00EFD9001B2B52 /* Features */ = {
			isa = PBXGroup;
			children = (
				DC45BC5F1B00F63E001B2B52 /* Info */,
				DC45BC011B00F2C9001B2B52 /* Map */,
				DC45BC561B00F5E7001B2B52 /* Onboarding */,
				DC45BC6D1B00F778001B2B52 /* Restroom Details */,
				DC45BC711B00F7C2001B2B52 /* Restroom New */,
				DC45BC061B00F2FA001B2B52 /* Search */,
			);
			path = Features;
			sourceTree = "<group>";
		};
		DC45BBD71B00F02D001B2B52 /* Utilities */ = {
			isa = PBXGroup;
			children = (
				DC45BBD81B00F02D001B2B52 /* iRate+Refuge.h */,
				DC45BBD91B00F02D001B2B52 /* iRate+Refuge.m */,
				DC45BBDA1B00F02D001B2B52 /* Mixpanel+Refuge.h */,
				DC45BBDB1B00F02D001B2B52 /* Mixpanel+Refuge.m */,
				DC45BBDC1B00F02D001B2B52 /* NSDate+Refuge.h */,
				DC45BBDD1B00F02D001B2B52 /* NSDate+Refuge.m */,
				DC45BBDE1B00F02D001B2B52 /* NSString+Refuge.h */,
				DC45BBDF1B00F02D001B2B52 /* NSString+Refuge.m */,
				DC45BBE01B00F02D001B2B52 /* UIColor+Refuge.h */,
				DC45BBE11B00F02D001B2B52 /* UIColor+Refuge.m */,
				DC45BBE21B00F02D001B2B52 /* UIImage+Refuge.h */,
				DC45BBE31B00F02D001B2B52 /* UIImage+Refuge.m */,
			);
			path = Utilities;
			sourceTree = "<group>";
		};
		DC45BBEA1B00F0BA001B2B52 /* Networking */ = {
			isa = PBXGroup;
			children = (
				DC45BBEB1B00F13E001B2B52 /* RefugeHTTPSessionManager.h */,
				DC45BBEC1B00F13E001B2B52 /* RefugeHTTPSessionManager.m */,
				DC45BBED1B00F13E001B2B52 /* RefugeRestroomCommunicator.h */,
				DC45BBEE1B00F13E001B2B52 /* RefugeRestroomCommunicator.m */,
				DC45BBEF1B00F13E001B2B52 /* RefugeRestroomCommunicatorDelegate.h */,
			);
			path = Networking;
			sourceTree = "<group>";
		};
		DC45BBF21B00F1AE001B2B52 /* Deserialization */ = {
			isa = PBXGroup;
			children = (
				DC45BBF31B00F1CE001B2B52 /* RefugeRestroomBuilder.h */,
				DC45BBF41B00F1CE001B2B52 /* RefugeRestroomBuilder.m */,
				DC45BBF51B00F1CE001B2B52 /* RefugeSerialization.h */,
				DC45BBF61B00F1CE001B2B52 /* RefugeSerialization.m */,
			);
			path = Deserialization;
			sourceTree = "<group>";
		};
		DC45BC011B00F2C9001B2B52 /* Map */ = {
			isa = PBXGroup;
			children = (
				DC45BC531B00F551001B2B52 /* RefugeMap.h */,
				DC45BC541B00F551001B2B52 /* RefugeMap.m */,
				DC45BC021B00F2C9001B2B52 /* RefugeMapDelegate.h */,
				DC45BC4A1B00F507001B2B52 /* RefugeMapPin.h */,
				DC45BC501B00F53B001B2B52 /* RefugeMapPin.m */,
				DC45BC521B00F545001B2B52 /* RefugeMapPlace.h */,
				DC45BC4D1B00F507001B2B52 /* RefugeMapPlace.m */,
				DC45BC6A1B00F745001B2B52 /* RefugeMapViewController.h */,
				DC45BC6B1B00F745001B2B52 /* RefugeMapViewController.m */,
			);
			path = Map;
			sourceTree = "<group>";
		};
		DC45BC061B00F2FA001B2B52 /* Search */ = {
			isa = PBXGroup;
			children = (
				DC45BC071B00F2FA001B2B52 /* RefugeSearch.h */,
				DC45BC081B00F2FA001B2B52 /* RefugeSearch.m */,
			);
			path = Search;
			sourceTree = "<group>";
		};
		DC45BC2D1B00F4C0001B2B52 /* Resources */ = {
			isa = PBXGroup;
			children = (
				DC50B7F21BA5D3F500530DC2 /* iOS7-LaunchScreen-568@2x.png */,
				DC50B7F31BA5D3F500530DC2 /* iOS7-LaunchScreen-568h.png */,
				DC45BC2F1B00F4C0001B2B52 /* refuge-banner.png */,
				DC45BC311B00F4C0001B2B52 /* refuge-details-accessible.png */,
				DC45BC321B00F4C0001B2B52 /* refuge-details-unisex.png */,
				DC45BC331B00F4C0001B2B52 /* refuge-icon-facebook.png */,
				DC45BC341B00F4C0001B2B52 /* refuge-icon-github.png */,
				DC45BC351B00F4C0001B2B52 /* refuge-icon-twitter.png */,
				DC45BC361B00F4C0001B2B52 /* refuge-map-crosshair.png */,
				DC45BC371B00F4C0001B2B52 /* refuge-map-pin.png */,
				DC45BC381B00F4C0001B2B52 /* refuge-onboard1.png */,
				DC45BC391B00F4C0001B2B52 /* refuge-onboard2.png */,
				DC45BC3A1B00F4C0001B2B52 /* refuge-onboard3.png */,
				DC45BC3B1B00F4C0001B2B52 /* refuge-onboard4.png */,
			);
			path = Resources;
			sourceTree = "<group>";
		};
		DC45BC561B00F5E7001B2B52 /* Onboarding */ = {
			isa = PBXGroup;
			children = (
				DC45BC671B00F72C001B2B52 /* RefugeOnboardingViewController.h */,
				DC45BC681B00F72C001B2B52 /* RefugeOnboardingViewController.m */,
				DC45BC571B00F60D001B2B52 /* RefugeOnboardPage1.xib */,
				DC45BC581B00F60D001B2B52 /* RefugeOnboardPage2.xib */,
				DC45BC591B00F60D001B2B52 /* RefugeOnboardPage3.xib */,
				DC45BC5A1B00F60D001B2B52 /* RefugeOnboardPage4.xib */,
			);
			path = Onboarding;
			sourceTree = "<group>";
		};
		DC45BC5F1B00F63E001B2B52 /* Info */ = {
			isa = PBXGroup;
			children = (
				DC45BC601B00F6A8001B2B52 /* RefugeInfoViewController.h */,
				DC45BC611B00F6A8001B2B52 /* RefugeInfoViewController.m */,
			);
			path = Info;
			sourceTree = "<group>";
		};
		DC45BC6D1B00F778001B2B52 /* Restroom Details */ = {
			isa = PBXGroup;
			children = (
				DC45BC6E1B00F78B001B2B52 /* RefugeRestroomDetailsViewController.h */,
				DC45BC6F1B00F78B001B2B52 /* RefugeRestroomDetailsViewController.m */,
			);
			path = "Restroom Details";
			sourceTree = "<group>";
		};
		DC45BC711B00F7C2001B2B52 /* Restroom New */ = {
			isa = PBXGroup;
			children = (
				DC45BC721B00F7C2001B2B52 /* RefugeNewRestroomViewController.h */,
				DC45BC731B00F7C2001B2B52 /* RefugeNewRestroomViewController.m */,
			);
			path = "Restroom New";
			sourceTree = "<group>";
		};
		DC8F39B21A980FDE00A90B13 /* Models */ = {
			isa = PBXGroup;
			children = (
				DC45BBF21B00F1AE001B2B52 /* Deserialization */,
				DC45BBEA1B00F0BA001B2B52 /* Networking */,
				DC45BBFE1B00F280001B2B52 /* RefugeDataPersistenceManager.h */,
				DC45BBFF1B00F280001B2B52 /* RefugeDataPersistenceManager.m */,
				DC45BBFD1B00F280001B2B52 /* RefugeDataPeristenceManagerDelegate.h */,
				DC45BBF91B00F23F001B2B52 /* RefugeRestroomManager.h */,
				DC45BBFA1B00F23F001B2B52 /* RefugeRestroomManager.m */,
				DC45BBFB1B00F23F001B2B52 /* RefugeRestroomManagerDelegate.h */,
				DC8F39B31A980FDE00A90B13 /* RefugeRestroom.h */,
				DC8F39B41A980FDE00A90B13 /* RefugeRestroom.m */,
				DC8F39B51A980FDE00A90B13 /* RefugeRestroomEntity.h */,
				DC8F39B61A980FDE00A90B13 /* RefugeRestroomEntity.m */,
			);
			path = Models;
			sourceTree = "<group>";
		};
		EA08CCE57F3C7FE32EA6AC15 /* Pods */ = {
			isa = PBXGroup;
			children = (
				D67BB335B17D0B597EE2123D /* Pods-refuge-ios.debug.xcconfig */,
				D938493C66A1C4E8E58FEA67 /* Pods-refuge-ios.release.xcconfig */,
			);
			name = Pods;
			sourceTree = "<group>";
		};
/* End PBXGroup section */

/* Begin PBXNativeTarget section */
		CED0CB4F1A82A6D300F7F3D8 /* refuge-ios */ = {
			isa = PBXNativeTarget;
			buildConfigurationList = CED0CB761A82A6D500F7F3D8 /* Build configuration list for PBXNativeTarget "refuge-ios" */;
			buildPhases = (
				06CA8934E178226555B3B49B /* Check Pods Manifest.lock */,
				CED0CB4C1A82A6D300F7F3D8 /* Sources */,
				CED0CB4D1A82A6D300F7F3D8 /* Frameworks */,
				CED0CB4E1A82A6D300F7F3D8 /* Resources */,
				1D69CA609FF701E4D138D1E9 /* Copy Pods Resources */,
				DCE6BB8A1A96CCCB006B9B8A /* ShellScript */,
			);
			buildRules = (
			);
			dependencies = (
			);
			name = "refuge-ios";
			productName = "refuge-ios";
			productReference = CED0CB501A82A6D300F7F3D8 /* refuge-ios.app */;
			productType = "com.apple.product-type.application";
		};
		CED0CB6B1A82A6D500F7F3D8 /* refuge-iosTests */ = {
			isa = PBXNativeTarget;
			buildConfigurationList = CED0CB791A82A6D500F7F3D8 /* Build configuration list for PBXNativeTarget "refuge-iosTests" */;
			buildPhases = (
				CED0CB681A82A6D500F7F3D8 /* Sources */,
				CED0CB691A82A6D500F7F3D8 /* Frameworks */,
				CED0CB6A1A82A6D500F7F3D8 /* Resources */,
			);
			buildRules = (
			);
			dependencies = (
				CED0CB6E1A82A6D500F7F3D8 /* PBXTargetDependency */,
			);
			name = "refuge-iosTests";
			productName = "refuge-iosTests";
			productReference = CED0CB6C1A82A6D500F7F3D8 /* refuge-iosTests.xctest */;
			productType = "com.apple.product-type.bundle.unit-test";
		};
/* End PBXNativeTarget section */

/* Begin PBXProject section */
		CED0CB481A82A6D300F7F3D8 /* Project object */ = {
			isa = PBXProject;
			attributes = {
				CLASSPREFIX = Refuge;
				LastUpgradeCheck = 0610;
				ORGANIZATIONNAME = "Refuge Restrooms";
				TargetAttributes = {
					CED0CB4F1A82A6D300F7F3D8 = {
						CreatedOnToolsVersion = 6.1.1;
					};
					CED0CB6B1A82A6D500F7F3D8 = {
						CreatedOnToolsVersion = 6.1.1;
						TestTargetID = CED0CB4F1A82A6D300F7F3D8;
					};
				};
			};
			buildConfigurationList = CED0CB4B1A82A6D300F7F3D8 /* Build configuration list for PBXProject "refuge-ios" */;
			compatibilityVersion = "Xcode 3.2";
			developmentRegion = English;
			hasScannedForEncodings = 0;
			knownRegions = (
				en,
				Base,
			);
			mainGroup = CED0CB471A82A6D300F7F3D8;
			productRefGroup = CED0CB511A82A6D300F7F3D8 /* Products */;
			projectDirPath = "";
			projectRoot = "";
			targets = (
				CED0CB4F1A82A6D300F7F3D8 /* refuge-ios */,
				CED0CB6B1A82A6D500F7F3D8 /* refuge-iosTests */,
			);
		};
/* End PBXProject section */

/* Begin PBXResourcesBuildPhase section */
		CED0CB4E1A82A6D300F7F3D8 /* Resources */ = {
			isa = PBXResourcesBuildPhase;
			buildActionMask = 2147483647;
			files = (
				DC45BC491B00F4C0001B2B52 /* refuge-onboard4.png in Resources */,
				DC45BC5D1B00F60D001B2B52 /* RefugeOnboardPage3.xib in Resources */,
				DC50B7F51BA5D3F500530DC2 /* iOS7-LaunchScreen-568h.png in Resources */,
				DC45BC461B00F4C0001B2B52 /* refuge-onboard1.png in Resources */,
				DC45BC421B00F4C0001B2B52 /* refuge-icon-github.png in Resources */,
				DC45BC441B00F4C0001B2B52 /* refuge-map-crosshair.png in Resources */,
				DC45BC3F1B00F4C0001B2B52 /* refuge-details-accessible.png in Resources */,
				DC3A1CB51A927F5100445D33 /* Images.xcassets in Resources */,
				DC45BC5E1B00F60D001B2B52 /* RefugeOnboardPage4.xib in Resources */,
				DC8F394C1A97FC8100A90B13 /* RefugeRestroomsSeed.sqlite in Resources */,
				DC45BC451B00F4C0001B2B52 /* refuge-map-pin.png in Resources */,
				DC45BC401B00F4C0001B2B52 /* refuge-details-unisex.png in Resources */,
				DC45BC3D1B00F4C0001B2B52 /* refuge-banner.png in Resources */,
				CED0CB621A82A6D400F7F3D8 /* Main.storyboard in Resources */,
				CED0CB671A82A6D400F7F3D8 /* LaunchScreen.xib in Resources */,
				DC45BC761B018812001B2B52 /* _clang-format in Resources */,
				DC45BC411B00F4C0001B2B52 /* refuge-icon-facebook.png in Resources */,
				DC45BC5C1B00F60D001B2B52 /* RefugeOnboardPage2.xib in Resources */,
				DC45BC5B1B00F60D001B2B52 /* RefugeOnboardPage1.xib in Resources */,
				DC50B7F41BA5D3F500530DC2 /* iOS7-LaunchScreen-568@2x.png in Resources */,
				DC45BC471B00F4C0001B2B52 /* refuge-onboard2.png in Resources */,
				DC45BC481B00F4C0001B2B52 /* refuge-onboard3.png in Resources */,
				DC45BC431B00F4C0001B2B52 /* refuge-icon-twitter.png in Resources */,
			);
			runOnlyForDeploymentPostprocessing = 0;
		};
		CED0CB6A1A82A6D500F7F3D8 /* Resources */ = {
			isa = PBXResourcesBuildPhase;
			buildActionMask = 2147483647;
			files = (
				CEA2401D1A86F6360083510F /* LaunchScreen.xib in Resources */,
			);
			runOnlyForDeploymentPostprocessing = 0;
		};
/* End PBXResourcesBuildPhase section */

/* Begin PBXShellScriptBuildPhase section */
		06CA8934E178226555B3B49B /* Check Pods Manifest.lock */ = {
			isa = PBXShellScriptBuildPhase;
			buildActionMask = 2147483647;
			files = (
			);
			inputPaths = (
			);
			name = "Check Pods Manifest.lock";
			outputPaths = (
			);
			runOnlyForDeploymentPostprocessing = 0;
			shellPath = /bin/sh;
			shellScript = "diff \"${PODS_ROOT}/../Podfile.lock\" \"${PODS_ROOT}/Manifest.lock\" > /dev/null\nif [[ $? != 0 ]] ; then\n    cat << EOM\nerror: The sandbox is not in sync with the Podfile.lock. Run 'pod install' or update your CocoaPods installation.\nEOM\n    exit 1\nfi\n";
			showEnvVarsInLog = 0;
		};
		1D69CA609FF701E4D138D1E9 /* Copy Pods Resources */ = {
			isa = PBXShellScriptBuildPhase;
			buildActionMask = 2147483647;
			files = (
			);
			inputPaths = (
			);
			name = "Copy Pods Resources";
			outputPaths = (
			);
			runOnlyForDeploymentPostprocessing = 0;
			shellPath = /bin/sh;
			shellScript = "\"${SRCROOT}/Pods/Target Support Files/Pods-refuge-ios/Pods-refuge-ios-resources.sh\"\n";
			showEnvVarsInLog = 0;
		};
		DCE6BB8A1A96CCCB006B9B8A /* ShellScript */ = {
			isa = PBXShellScriptBuildPhase;
			buildActionMask = 2147483647;
			files = (
			);
			inputPaths = (
			);
			outputPaths = (
			);
			runOnlyForDeploymentPostprocessing = 0;
			shellPath = /bin/sh;
			shellScript = "./Fabric.framework/run 55973203d8a92c52515240df5e712184276733b6 f43afcc2f2d159ed7651cb0630e0afbaa839d7853b8eae2bee864413ab2dfd14";
		};
/* End PBXShellScriptBuildPhase section */

/* Begin PBXSourcesBuildPhase section */
		CED0CB4C1A82A6D300F7F3D8 /* Sources */ = {
			isa = PBXSourcesBuildPhase;
			buildActionMask = 2147483647;
			files = (
				DC45BC511B00F53B001B2B52 /* RefugeMapPin.m in Sources */,
				CED0CB591A82A6D400F7F3D8 /* RefugeAppDelegate.m in Sources */,
				DC45BBE71B00F02D001B2B52 /* NSString+Refuge.m in Sources */,
				DC45BBE81B00F02D001B2B52 /* UIColor+Refuge.m in Sources */,
				DC45BC4F1B00F507001B2B52 /* RefugeMapPlace.m in Sources */,
				DC45BC741B00F7C2001B2B52 /* RefugeNewRestroomViewController.m in Sources */,
				DC45BC621B00F6A8001B2B52 /* RefugeInfoViewController.m in Sources */,
				DC45BBF01B00F13E001B2B52 /* RefugeHTTPSessionManager.m in Sources */,
				DC45BBE51B00F02D001B2B52 /* Mixpanel+Refuge.m in Sources */,
				DC8F39B71A980FDE00A90B13 /* RefugeRestroom.m in Sources */,
				CED0CB561A82A6D400F7F3D8 /* main.m in Sources */,
				DC45BC691B00F72C001B2B52 /* RefugeOnboardingViewController.m in Sources */,
				DC45BBF81B00F1CE001B2B52 /* RefugeSerialization.m in Sources */,
				DC45BBF71B00F1CE001B2B52 /* RefugeRestroomBuilder.m in Sources */,
				DC45BC551B00F551001B2B52 /* RefugeMap.m in Sources */,
				DC45BBF11B00F13E001B2B52 /* RefugeRestroomCommunicator.m in Sources */,
				DC45BC6C1B00F745001B2B52 /* RefugeMapViewController.m in Sources */,
				DC45BBE61B00F02D001B2B52 /* NSDate+Refuge.m in Sources */,
				DC45BBE91B00F02D001B2B52 /* UIImage+Refuge.m in Sources */,
				DC45BBE41B00F02D001B2B52 /* iRate+Refuge.m in Sources */,
				DC45BBFC1B00F23F001B2B52 /* RefugeRestroomManager.m in Sources */,
				DC8F39B91A980FDE00A90B13 /* RefugeRestroomEntity.m in Sources */,
				DC45BC701B00F78B001B2B52 /* RefugeRestroomDetailsViewController.m in Sources */,
				DC45BC001B00F280001B2B52 /* RefugeDataPersistenceManager.m in Sources */,
				CED0CB5C1A82A6D400F7F3D8 /* refuge_ios.xcdatamodeld in Sources */,
				DC45BC091B00F2FA001B2B52 /* RefugeSearch.m in Sources */,
				CEA23FFF1A84278B0083510F /* RefugeAppState.m in Sources */,
			);
			runOnlyForDeploymentPostprocessing = 0;
		};
		CED0CB681A82A6D500F7F3D8 /* Sources */ = {
			isa = PBXSourcesBuildPhase;
			buildActionMask = 2147483647;
			files = (
				CEA23FF41A83DA5E0083510F /* MockRefugeRestroomCommunicator.m in Sources */,
				CED0CBAA1A83320F00F7F3D8 /* RefugeRestroomBuilderTests.m in Sources */,
				DCF866671A898A6700C73806 /* RefugeMapPlottingWorkflowTests.m in Sources */,
				CEA23FFA1A841FD30083510F /* MockRefugeRestroomCommunicatorDelegate.m in Sources */,
				DCD8F8231ABBC81A00E2E7E8 /* NSString+RefugeTests.m in Sources */,
				DCA355651A8C5A7100E3EDF8 /* MockRefugeMapDelegate.m in Sources */,
				CEA23FED1A83D9F50083510F /* MockRefugeRestroomBuilder.m in Sources */,
				DCA355541A8C47E400E3EDF8 /* RefugeMapTests.m in Sources */,
				CED0CBA01A83259100F7F3D8 /* RefugeRestroomTests.m in Sources */,
				DC8F39B81A980FDE00A90B13 /* RefugeRestroom.m in Sources */,
				CED0CBB61A833B9800F7F3D8 /* NSDate+RefugeTests.m in Sources */,
				DCA355401A8C1E6800E3EDF8 /* RefugeMapPinTests.m in Sources */,
				CEA240131A86CC9A0083510F /* MockRefugeDataPersistenceManager.m in Sources */,
				DCA355331A8BD87800E3EDF8 /* MockRefugeSearch.m in Sources */,
				CEA240001A84278B0083510F /* RefugeAppState.m in Sources */,
				DCA355431A8C210300E3EDF8 /* MockNSUserDefaults.m in Sources */,
				CEA23FDB1A835BBF0083510F /* RefugeRestroomManagerTests.m in Sources */,
				CEA23FFC1A8426A60083510F /* RefugeAppStateTests.m in Sources */,
				CEA23FF71A841BB00083510F /* RefugeRestroomCommunicatorTests.m in Sources */,
				CEA23FE51A83D8150083510F /* RefugeRestroomCreationWorkflowTests.m in Sources */,
				CEA23FEA1A83D9C00083510F /* MockRefugeRestroomManagerDelegate.m in Sources */,
				DCA3555E1A8C575200E3EDF8 /* UIImage+RefugeTests.m in Sources */,
				DCA355351A8BD91A00E3EDF8 /* RefugeSearchTests.m in Sources */,
				DC8F39BA1A980FDE00A90B13 /* RefugeRestroomEntity.m in Sources */,
			);
			runOnlyForDeploymentPostprocessing = 0;
		};
/* End PBXSourcesBuildPhase section */

/* Begin PBXTargetDependency section */
		CED0CB6E1A82A6D500F7F3D8 /* PBXTargetDependency */ = {
			isa = PBXTargetDependency;
			target = CED0CB4F1A82A6D300F7F3D8 /* refuge-ios */;
			targetProxy = CED0CB6D1A82A6D500F7F3D8 /* PBXContainerItemProxy */;
		};
/* End PBXTargetDependency section */

/* Begin PBXVariantGroup section */
		CED0CB601A82A6D400F7F3D8 /* Main.storyboard */ = {
			isa = PBXVariantGroup;
			children = (
				CED0CB611A82A6D400F7F3D8 /* Base */,
			);
			name = Main.storyboard;
			sourceTree = "<group>";
		};
		CED0CB651A82A6D400F7F3D8 /* LaunchScreen.xib */ = {
			isa = PBXVariantGroup;
			children = (
				CED0CB661A82A6D400F7F3D8 /* Base */,
			);
			name = LaunchScreen.xib;
			sourceTree = "<group>";
		};
/* End PBXVariantGroup section */

/* Begin XCBuildConfiguration section */
		CED0CB741A82A6D500F7F3D8 /* Debug */ = {
			isa = XCBuildConfiguration;
			buildSettings = {
				ALWAYS_SEARCH_USER_PATHS = NO;
				CLANG_CXX_LANGUAGE_STANDARD = "gnu++0x";
				CLANG_CXX_LIBRARY = "libc++";
				CLANG_ENABLE_MODULES = YES;
				CLANG_ENABLE_OBJC_ARC = YES;
				CLANG_WARN_BOOL_CONVERSION = YES;
				CLANG_WARN_CONSTANT_CONVERSION = YES;
				CLANG_WARN_DIRECT_OBJC_ISA_USAGE = YES_ERROR;
				CLANG_WARN_EMPTY_BODY = YES;
				CLANG_WARN_ENUM_CONVERSION = YES;
				CLANG_WARN_INT_CONVERSION = YES;
				CLANG_WARN_OBJC_ROOT_CLASS = YES_ERROR;
				CLANG_WARN_UNREACHABLE_CODE = YES;
				CLANG_WARN__DUPLICATE_METHOD_MATCH = YES;
				"CODE_SIGN_IDENTITY[sdk=iphoneos*]" = "iPhone Developer";
				COPY_PHASE_STRIP = NO;
				ENABLE_STRICT_OBJC_MSGSEND = YES;
				GCC_C_LANGUAGE_STANDARD = gnu99;
				GCC_DYNAMIC_NO_PIC = NO;
				GCC_OPTIMIZATION_LEVEL = 0;
				GCC_PREPROCESSOR_DEFINITIONS = (
					"DEBUG=1",
					"$(inherited)",
				);
				GCC_SYMBOLS_PRIVATE_EXTERN = NO;
				GCC_WARN_64_TO_32_BIT_CONVERSION = YES;
				GCC_WARN_ABOUT_RETURN_TYPE = YES_ERROR;
				GCC_WARN_UNDECLARED_SELECTOR = YES;
				GCC_WARN_UNINITIALIZED_AUTOS = YES_AGGRESSIVE;
				GCC_WARN_UNUSED_FUNCTION = YES;
				GCC_WARN_UNUSED_VARIABLE = YES;
				IPHONEOS_DEPLOYMENT_TARGET = 7.0;
				MTL_ENABLE_DEBUG_INFO = YES;
				ONLY_ACTIVE_ARCH = YES;
				SDKROOT = iphoneos;
			};
			name = Debug;
		};
		CED0CB751A82A6D500F7F3D8 /* Release */ = {
			isa = XCBuildConfiguration;
			buildSettings = {
				ALWAYS_SEARCH_USER_PATHS = NO;
				CLANG_CXX_LANGUAGE_STANDARD = "gnu++0x";
				CLANG_CXX_LIBRARY = "libc++";
				CLANG_ENABLE_MODULES = YES;
				CLANG_ENABLE_OBJC_ARC = YES;
				CLANG_WARN_BOOL_CONVERSION = YES;
				CLANG_WARN_CONSTANT_CONVERSION = YES;
				CLANG_WARN_DIRECT_OBJC_ISA_USAGE = YES_ERROR;
				CLANG_WARN_EMPTY_BODY = YES;
				CLANG_WARN_ENUM_CONVERSION = YES;
				CLANG_WARN_INT_CONVERSION = YES;
				CLANG_WARN_OBJC_ROOT_CLASS = YES_ERROR;
				CLANG_WARN_UNREACHABLE_CODE = YES;
				CLANG_WARN__DUPLICATE_METHOD_MATCH = YES;
				"CODE_SIGN_IDENTITY[sdk=iphoneos*]" = "iPhone Developer";
				COPY_PHASE_STRIP = YES;
				ENABLE_NS_ASSERTIONS = NO;
				ENABLE_STRICT_OBJC_MSGSEND = YES;
				GCC_C_LANGUAGE_STANDARD = gnu99;
				GCC_WARN_64_TO_32_BIT_CONVERSION = YES;
				GCC_WARN_ABOUT_RETURN_TYPE = YES_ERROR;
				GCC_WARN_UNDECLARED_SELECTOR = YES;
				GCC_WARN_UNINITIALIZED_AUTOS = YES_AGGRESSIVE;
				GCC_WARN_UNUSED_FUNCTION = YES;
				GCC_WARN_UNUSED_VARIABLE = YES;
				IPHONEOS_DEPLOYMENT_TARGET = 7.0;
				MTL_ENABLE_DEBUG_INFO = NO;
				SDKROOT = iphoneos;
				VALIDATE_PRODUCT = YES;
			};
			name = Release;
		};
		CED0CB771A82A6D500F7F3D8 /* Debug */ = {
			isa = XCBuildConfiguration;
			baseConfigurationReference = D67BB335B17D0B597EE2123D /* Pods-refuge-ios.debug.xcconfig */;
			buildSettings = {
				ASSETCATALOG_COMPILER_APPICON_NAME = AppIcon;
				ASSETCATALOG_COMPILER_LAUNCHIMAGE_NAME = LaunchImage;
				CODE_SIGN_IDENTITY = "iPhone Developer";
				"CODE_SIGN_IDENTITY[sdk=iphoneos*]" = "iPhone Developer";
				ENABLE_BITCODE = NO;
				FRAMEWORK_SEARCH_PATHS = (
					"$(inherited)",
					"$(PROJECT_DIR)",
				);
				GCC_PREPROCESSOR_DEFINITIONS = (
					"$(inherited)",
					"COCOAPODS=1",
					"MIXPANEL_DEBUG=1",
					"MIXPANEL_ERROR=1",
				);
				GCC_TREAT_WARNINGS_AS_ERRORS = YES;
				INFOPLIST_FILE = "refuge-ios/Info.plist";
				IPHONEOS_DEPLOYMENT_TARGET = 7.0;
				LD_RUNPATH_SEARCH_PATHS = "$(inherited) @executable_path/Frameworks";
				PRODUCT_NAME = "$(TARGET_NAME)";
				PROVISIONING_PROFILE = "";
				TARGETED_DEVICE_FAMILY = "1,2";
			};
			name = Debug;
		};
		CED0CB781A82A6D500F7F3D8 /* Release */ = {
			isa = XCBuildConfiguration;
			baseConfigurationReference = D938493C66A1C4E8E58FEA67 /* Pods-refuge-ios.release.xcconfig */;
			buildSettings = {
				ASSETCATALOG_COMPILER_APPICON_NAME = AppIcon;
				ASSETCATALOG_COMPILER_LAUNCHIMAGE_NAME = LaunchImage;
				CODE_SIGN_IDENTITY = "iPhone Developer";
				"CODE_SIGN_IDENTITY[sdk=iphoneos*]" = "iPhone Developer";
				ENABLE_BITCODE = NO;
				FRAMEWORK_SEARCH_PATHS = (
					"$(inherited)",
					"$(PROJECT_DIR)",
				);
				GCC_TREAT_WARNINGS_AS_ERRORS = YES;
				INFOPLIST_FILE = "refuge-ios/Info.plist";
				IPHONEOS_DEPLOYMENT_TARGET = 7.0;
				LD_RUNPATH_SEARCH_PATHS = "$(inherited) @executable_path/Frameworks";
				PRODUCT_NAME = "$(TARGET_NAME)";
				PROVISIONING_PROFILE = "";
				TARGETED_DEVICE_FAMILY = "1,2";
			};
			name = Release;
		};
		CED0CB7A1A82A6D500F7F3D8 /* Debug */ = {
			isa = XCBuildConfiguration;
			baseConfigurationReference = D67BB335B17D0B597EE2123D /* Pods-refuge-ios.debug.xcconfig */;
			buildSettings = {
				BUNDLE_LOADER = "$(TEST_HOST)";
				FRAMEWORK_SEARCH_PATHS = (
					"$(SDKROOT)/Developer/Library/Frameworks",
					"$(inherited)",
				);
				GCC_PREPROCESSOR_DEFINITIONS = (
					"DEBUG=1",
					"$(inherited)",
				);
				INFOPLIST_FILE = "refuge-iosTests/Info.plist";
				LD_RUNPATH_SEARCH_PATHS = "$(inherited) @executable_path/Frameworks @loader_path/Frameworks";
				PRODUCT_NAME = "$(TARGET_NAME)";
				TEST_HOST = "$(BUILT_PRODUCTS_DIR)/refuge-ios.app/refuge-ios";
			};
			name = Debug;
		};
		CED0CB7B1A82A6D500F7F3D8 /* Release */ = {
			isa = XCBuildConfiguration;
			baseConfigurationReference = D938493C66A1C4E8E58FEA67 /* Pods-refuge-ios.release.xcconfig */;
			buildSettings = {
				BUNDLE_LOADER = "$(TEST_HOST)";
				FRAMEWORK_SEARCH_PATHS = (
					"$(SDKROOT)/Developer/Library/Frameworks",
					"$(inherited)",
				);
				INFOPLIST_FILE = "refuge-iosTests/Info.plist";
				LD_RUNPATH_SEARCH_PATHS = "$(inherited) @executable_path/Frameworks @loader_path/Frameworks";
				PRODUCT_NAME = "$(TARGET_NAME)";
				TEST_HOST = "$(BUILT_PRODUCTS_DIR)/refuge-ios.app/refuge-ios";
			};
			name = Release;
		};
/* End XCBuildConfiguration section */

/* Begin XCConfigurationList section */
		CED0CB4B1A82A6D300F7F3D8 /* Build configuration list for PBXProject "refuge-ios" */ = {
			isa = XCConfigurationList;
			buildConfigurations = (
				CED0CB741A82A6D500F7F3D8 /* Debug */,
				CED0CB751A82A6D500F7F3D8 /* Release */,
			);
			defaultConfigurationIsVisible = 0;
			defaultConfigurationName = Release;
		};
		CED0CB761A82A6D500F7F3D8 /* Build configuration list for PBXNativeTarget "refuge-ios" */ = {
			isa = XCConfigurationList;
			buildConfigurations = (
				CED0CB771A82A6D500F7F3D8 /* Debug */,
				CED0CB781A82A6D500F7F3D8 /* Release */,
			);
			defaultConfigurationIsVisible = 0;
			defaultConfigurationName = Release;
		};
		CED0CB791A82A6D500F7F3D8 /* Build configuration list for PBXNativeTarget "refuge-iosTests" */ = {
			isa = XCConfigurationList;
			buildConfigurations = (
				CED0CB7A1A82A6D500F7F3D8 /* Debug */,
				CED0CB7B1A82A6D500F7F3D8 /* Release */,
			);
			defaultConfigurationIsVisible = 0;
			defaultConfigurationName = Release;
		};
/* End XCConfigurationList section */

/* Begin XCVersionGroup section */
		CED0CB5A1A82A6D400F7F3D8 /* refuge_ios.xcdatamodeld */ = {
			isa = XCVersionGroup;
			children = (
				CED0CB5B1A82A6D400F7F3D8 /* refuge_ios.xcdatamodel */,
			);
			currentVersion = CED0CB5B1A82A6D400F7F3D8 /* refuge_ios.xcdatamodel */;
			path = refuge_ios.xcdatamodeld;
			sourceTree = "<group>";
			versionGroupType = wrapper.xcdatamodel;
		};
/* End XCVersionGroup section */
	};
	rootObject = CED0CB481A82A6D300F7F3D8 /* Project object */;
}
