// !$*UTF8*$!
{
	archiveVersion = 1;
	classes = {
	};
	objectVersion = 46;
	objects = {

/* Begin PBXBuildFile section */
		0DC72DF2C778FB11669B38CD /* libPods-refuge-ios.a in Frameworks */ = {isa = PBXBuildFile; fileRef = 959014171F527C71C6D9EB85 /* libPods-refuge-ios.a */; };
		CEA23FDB1A835BBF0083510F /* RefugeRestroomManagerTests.m in Sources */ = {isa = PBXBuildFile; fileRef = CEA23FDA1A835BBF0083510F /* RefugeRestroomManagerTests.m */; };
		CEA23FE51A83D8150083510F /* RefugeRestroomCreationWorkflowTests.m in Sources */ = {isa = PBXBuildFile; fileRef = CEA23FE41A83D8150083510F /* RefugeRestroomCreationWorkflowTests.m */; };
		CEA23FEA1A83D9C00083510F /* MockRefugeRestroomManagerDelegate.m in Sources */ = {isa = PBXBuildFile; fileRef = CEA23FE91A83D9C00083510F /* MockRefugeRestroomManagerDelegate.m */; };
		CEA23FED1A83D9F50083510F /* MockRefugeRestroomBuilder.m in Sources */ = {isa = PBXBuildFile; fileRef = CEA23FEC1A83D9F50083510F /* MockRefugeRestroomBuilder.m */; };
		CEA23FF41A83DA5E0083510F /* MockRefugeRestroomCommunicator.m in Sources */ = {isa = PBXBuildFile; fileRef = CEA23FF31A83DA5E0083510F /* MockRefugeRestroomCommunicator.m */; };
		CEA23FF71A841BB00083510F /* RefugeRestroomCommunicatorTests.m in Sources */ = {isa = PBXBuildFile; fileRef = CEA23FF61A841BB00083510F /* RefugeRestroomCommunicatorTests.m */; };
		CEA23FFA1A841FD30083510F /* MockRefugeRestroomCommunicatorDelegate.m in Sources */ = {isa = PBXBuildFile; fileRef = CEA23FF91A841FD30083510F /* MockRefugeRestroomCommunicatorDelegate.m */; };
		CEA23FFC1A8426A60083510F /* RefugeAppStateTests.m in Sources */ = {isa = PBXBuildFile; fileRef = CEA23FFB1A8426A60083510F /* RefugeAppStateTests.m */; };
		CEA23FFF1A84278B0083510F /* RefugeAppState.m in Sources */ = {isa = PBXBuildFile; fileRef = CEA23FFE1A84278B0083510F /* RefugeAppState.m */; };
		CEA240001A84278B0083510F /* RefugeAppState.m in Sources */ = {isa = PBXBuildFile; fileRef = CEA23FFE1A84278B0083510F /* RefugeAppState.m */; };
		CEA240131A86CC9A0083510F /* MockRefugeDataPersistenceManager.m in Sources */ = {isa = PBXBuildFile; fileRef = CEA240121A86CC9A0083510F /* MockRefugeDataPersistenceManager.m */; };
		CEA2401D1A86F6360083510F /* LaunchScreen.xib in Resources */ = {isa = PBXBuildFile; fileRef = CED0CB651A82A6D400F7F3D8 /* LaunchScreen.xib */; };
		CEA2401F1A86F9410083510F /* MapKit.framework in Frameworks */ = {isa = PBXBuildFile; fileRef = CEA2401E1A86F9410083510F /* MapKit.framework */; };
		CEA240261A86FB850083510F /* RefugeHUDTests.m in Sources */ = {isa = PBXBuildFile; fileRef = CEA240251A86FB850083510F /* RefugeHUDTests.m */; };
		CEA240281A8702E20083510F /* CoreLocation.framework in Frameworks */ = {isa = PBXBuildFile; fileRef = CEA240271A8702E20083510F /* CoreLocation.framework */; };
		CED0CB561A82A6D400F7F3D8 /* main.m in Sources */ = {isa = PBXBuildFile; fileRef = CED0CB551A82A6D400F7F3D8 /* main.m */; };
		CED0CB591A82A6D400F7F3D8 /* RefugeAppDelegate.m in Sources */ = {isa = PBXBuildFile; fileRef = CED0CB581A82A6D400F7F3D8 /* RefugeAppDelegate.m */; };
		CED0CB5C1A82A6D400F7F3D8 /* refuge_ios.xcdatamodeld in Sources */ = {isa = PBXBuildFile; fileRef = CED0CB5A1A82A6D400F7F3D8 /* refuge_ios.xcdatamodeld */; };
		CED0CB621A82A6D400F7F3D8 /* Main.storyboard in Resources */ = {isa = PBXBuildFile; fileRef = CED0CB601A82A6D400F7F3D8 /* Main.storyboard */; };
		CED0CB671A82A6D400F7F3D8 /* LaunchScreen.xib in Resources */ = {isa = PBXBuildFile; fileRef = CED0CB651A82A6D400F7F3D8 /* LaunchScreen.xib */; };
		CED0CBA01A83259100F7F3D8 /* RefugeRestroomTests.m in Sources */ = {isa = PBXBuildFile; fileRef = CED0CB9F1A83259100F7F3D8 /* RefugeRestroomTests.m */; };
		CED0CBAA1A83320F00F7F3D8 /* RefugeRestroomBuilderTests.m in Sources */ = {isa = PBXBuildFile; fileRef = CED0CBA91A83320F00F7F3D8 /* RefugeRestroomBuilderTests.m */; };
		CED0CBB61A833B9800F7F3D8 /* NSDate+RefugeTests.m in Sources */ = {isa = PBXBuildFile; fileRef = CED0CBB51A833B9800F7F3D8 /* NSDate+RefugeTests.m */; };
		DC3A1CB51A927F5100445D33 /* Images.xcassets in Resources */ = {isa = PBXBuildFile; fileRef = DC3A1CB41A927F5100445D33 /* Images.xcassets */; };
		DC8F394C1A97FC8100A90B13 /* RefugeRestroomsSeed.sqlite in Resources */ = {isa = PBXBuildFile; fileRef = DC8F394B1A97FC8000A90B13 /* RefugeRestroomsSeed.sqlite */; };
		DC8F39581A980C5F00A90B13 /* iRate+Refuge.m in Sources */ = {isa = PBXBuildFile; fileRef = DC8F394F1A980C5F00A90B13 /* iRate+Refuge.m */; };
		DC8F39591A980C6000A90B13 /* iRate+Refuge.m in Sources */ = {isa = PBXBuildFile; fileRef = DC8F394F1A980C5F00A90B13 /* iRate+Refuge.m */; };
		DC8F395A1A980C6000A90B13 /* Mixpanel+Refuge.m in Sources */ = {isa = PBXBuildFile; fileRef = DC8F39511A980C5F00A90B13 /* Mixpanel+Refuge.m */; };
		DC8F395B1A980C6000A90B13 /* Mixpanel+Refuge.m in Sources */ = {isa = PBXBuildFile; fileRef = DC8F39511A980C5F00A90B13 /* Mixpanel+Refuge.m */; };
		DC8F395C1A980C6000A90B13 /* NSDate+Refuge.m in Sources */ = {isa = PBXBuildFile; fileRef = DC8F39531A980C5F00A90B13 /* NSDate+Refuge.m */; };
		DC8F395D1A980C6000A90B13 /* NSDate+Refuge.m in Sources */ = {isa = PBXBuildFile; fileRef = DC8F39531A980C5F00A90B13 /* NSDate+Refuge.m */; };
		DC8F395E1A980C6000A90B13 /* UIColor+Refuge.m in Sources */ = {isa = PBXBuildFile; fileRef = DC8F39551A980C5F00A90B13 /* UIColor+Refuge.m */; };
		DC8F395F1A980C6000A90B13 /* UIColor+Refuge.m in Sources */ = {isa = PBXBuildFile; fileRef = DC8F39551A980C5F00A90B13 /* UIColor+Refuge.m */; };
		DC8F39601A980C6000A90B13 /* UIImage+Refuge.m in Sources */ = {isa = PBXBuildFile; fileRef = DC8F39571A980C5F00A90B13 /* UIImage+Refuge.m */; };
		DC8F39611A980C6000A90B13 /* UIImage+Refuge.m in Sources */ = {isa = PBXBuildFile; fileRef = DC8F39571A980C5F00A90B13 /* UIImage+Refuge.m */; };
		DC8F397B1A980D5E00A90B13 /* RefugeHTTPSessionManager.m in Sources */ = {isa = PBXBuildFile; fileRef = DC8F39741A980D5E00A90B13 /* RefugeHTTPSessionManager.m */; };
		DC8F397C1A980D5E00A90B13 /* RefugeHTTPSessionManager.m in Sources */ = {isa = PBXBuildFile; fileRef = DC8F39741A980D5E00A90B13 /* RefugeHTTPSessionManager.m */; };
		DC8F397D1A980D5E00A90B13 /* RefugeRestroomCommunicator.m in Sources */ = {isa = PBXBuildFile; fileRef = DC8F39761A980D5E00A90B13 /* RefugeRestroomCommunicator.m */; };
		DC8F397E1A980D5E00A90B13 /* RefugeRestroomCommunicator.m in Sources */ = {isa = PBXBuildFile; fileRef = DC8F39761A980D5E00A90B13 /* RefugeRestroomCommunicator.m */; };
		DC8F397F1A980D5E00A90B13 /* RefugeRestroomManager.m in Sources */ = {isa = PBXBuildFile; fileRef = DC8F39791A980D5E00A90B13 /* RefugeRestroomManager.m */; };
		DC8F39801A980D5E00A90B13 /* RefugeRestroomManager.m in Sources */ = {isa = PBXBuildFile; fileRef = DC8F39791A980D5E00A90B13 /* RefugeRestroomManager.m */; };
		DC8F39941A980E4F00A90B13 /* RefugeDataPersistenceManager.m in Sources */ = {isa = PBXBuildFile; fileRef = DC8F39931A980E4F00A90B13 /* RefugeDataPersistenceManager.m */; };
		DC8F39951A980E4F00A90B13 /* RefugeDataPersistenceManager.m in Sources */ = {isa = PBXBuildFile; fileRef = DC8F39931A980E4F00A90B13 /* RefugeDataPersistenceManager.m */; };
		DC8F399B1A980E5800A90B13 /* RefugeRestroomBuilder.m in Sources */ = {isa = PBXBuildFile; fileRef = DC8F39981A980E5800A90B13 /* RefugeRestroomBuilder.m */; };
		DC8F399C1A980E5800A90B13 /* RefugeRestroomBuilder.m in Sources */ = {isa = PBXBuildFile; fileRef = DC8F39981A980E5800A90B13 /* RefugeRestroomBuilder.m */; };
		DC8F399D1A980E5800A90B13 /* RefugeSerialization.m in Sources */ = {isa = PBXBuildFile; fileRef = DC8F399A1A980E5800A90B13 /* RefugeSerialization.m */; };
		DC8F399E1A980E5800A90B13 /* RefugeSerialization.m in Sources */ = {isa = PBXBuildFile; fileRef = DC8F399A1A980E5800A90B13 /* RefugeSerialization.m */; };
		DC8F39A31A980F0D00A90B13 /* RefugeMapPlace.m in Sources */ = {isa = PBXBuildFile; fileRef = DC8F39A21A980F0D00A90B13 /* RefugeMapPlace.m */; };
		DC8F39A41A980F0D00A90B13 /* RefugeMapPlace.m in Sources */ = {isa = PBXBuildFile; fileRef = DC8F39A21A980F0D00A90B13 /* RefugeMapPlace.m */; };
		DC8F39A81A980F4800A90B13 /* RefugeSearch.m in Sources */ = {isa = PBXBuildFile; fileRef = DC8F39A71A980F4800A90B13 /* RefugeSearch.m */; };
		DC8F39A91A980F4800A90B13 /* RefugeSearch.m in Sources */ = {isa = PBXBuildFile; fileRef = DC8F39A71A980F4800A90B13 /* RefugeSearch.m */; };
		DC8F39B71A980FDE00A90B13 /* RefugeRestroom.m in Sources */ = {isa = PBXBuildFile; fileRef = DC8F39B41A980FDE00A90B13 /* RefugeRestroom.m */; };
		DC8F39B81A980FDE00A90B13 /* RefugeRestroom.m in Sources */ = {isa = PBXBuildFile; fileRef = DC8F39B41A980FDE00A90B13 /* RefugeRestroom.m */; };
		DC8F39B91A980FDE00A90B13 /* RefugeRestroomEntity.m in Sources */ = {isa = PBXBuildFile; fileRef = DC8F39B61A980FDE00A90B13 /* RefugeRestroomEntity.m */; };
		DC8F39BA1A980FDE00A90B13 /* RefugeRestroomEntity.m in Sources */ = {isa = PBXBuildFile; fileRef = DC8F39B61A980FDE00A90B13 /* RefugeRestroomEntity.m */; };
		DC8F39C71A9810B300A90B13 /* refuge-background-bathroom.jpg in Resources */ = {isa = PBXBuildFile; fileRef = DC8F39BD1A9810B300A90B13 /* refuge-background-bathroom.jpg */; };
		DC8F39C81A9810B300A90B13 /* refuge-background-bathroom.jpg in Resources */ = {isa = PBXBuildFile; fileRef = DC8F39BD1A9810B300A90B13 /* refuge-background-bathroom.jpg */; };
		DC8F39C91A9810B300A90B13 /* refuge-banner.png in Resources */ = {isa = PBXBuildFile; fileRef = DC8F39BE1A9810B300A90B13 /* refuge-banner.png */; };
		DC8F39CA1A9810B300A90B13 /* refuge-banner.png in Resources */ = {isa = PBXBuildFile; fileRef = DC8F39BE1A9810B300A90B13 /* refuge-banner.png */; };
		DC8F39CB1A9810B300A90B13 /* refuge-details-accessible.png in Resources */ = {isa = PBXBuildFile; fileRef = DC8F39BF1A9810B300A90B13 /* refuge-details-accessible.png */; };
		DC8F39CC1A9810B300A90B13 /* refuge-details-accessible.png in Resources */ = {isa = PBXBuildFile; fileRef = DC8F39BF1A9810B300A90B13 /* refuge-details-accessible.png */; };
		DC8F39CD1A9810B300A90B13 /* refuge-details-unisex.png in Resources */ = {isa = PBXBuildFile; fileRef = DC8F39C01A9810B300A90B13 /* refuge-details-unisex.png */; };
		DC8F39CE1A9810B300A90B13 /* refuge-details-unisex.png in Resources */ = {isa = PBXBuildFile; fileRef = DC8F39C01A9810B300A90B13 /* refuge-details-unisex.png */; };
		DC8F39CF1A9810B300A90B13 /* refuge-map-crosshair.png in Resources */ = {isa = PBXBuildFile; fileRef = DC8F39C11A9810B300A90B13 /* refuge-map-crosshair.png */; };
		DC8F39D01A9810B300A90B13 /* refuge-map-crosshair.png in Resources */ = {isa = PBXBuildFile; fileRef = DC8F39C11A9810B300A90B13 /* refuge-map-crosshair.png */; };
		DC8F39D11A9810B300A90B13 /* refuge-map-pin.png in Resources */ = {isa = PBXBuildFile; fileRef = DC8F39C21A9810B300A90B13 /* refuge-map-pin.png */; };
		DC8F39D21A9810B300A90B13 /* refuge-map-pin.png in Resources */ = {isa = PBXBuildFile; fileRef = DC8F39C21A9810B300A90B13 /* refuge-map-pin.png */; };
		DC8F39D31A9810B300A90B13 /* refuge-onboard1.png in Resources */ = {isa = PBXBuildFile; fileRef = DC8F39C31A9810B300A90B13 /* refuge-onboard1.png */; };
		DC8F39D41A9810B300A90B13 /* refuge-onboard1.png in Resources */ = {isa = PBXBuildFile; fileRef = DC8F39C31A9810B300A90B13 /* refuge-onboard1.png */; };
		DC8F39D51A9810B300A90B13 /* refuge-onboard2.png in Resources */ = {isa = PBXBuildFile; fileRef = DC8F39C41A9810B300A90B13 /* refuge-onboard2.png */; };
		DC8F39D61A9810B300A90B13 /* refuge-onboard2.png in Resources */ = {isa = PBXBuildFile; fileRef = DC8F39C41A9810B300A90B13 /* refuge-onboard2.png */; };
		DC8F39D71A9810B300A90B13 /* refuge-onboard3.png in Resources */ = {isa = PBXBuildFile; fileRef = DC8F39C51A9810B300A90B13 /* refuge-onboard3.png */; };
		DC8F39D81A9810B300A90B13 /* refuge-onboard3.png in Resources */ = {isa = PBXBuildFile; fileRef = DC8F39C51A9810B300A90B13 /* refuge-onboard3.png */; };
		DC8F39D91A9810B300A90B13 /* refuge-onboard4.png in Resources */ = {isa = PBXBuildFile; fileRef = DC8F39C61A9810B300A90B13 /* refuge-onboard4.png */; };
		DC8F39DA1A9810B300A90B13 /* refuge-onboard4.png in Resources */ = {isa = PBXBuildFile; fileRef = DC8F39C61A9810B300A90B13 /* refuge-onboard4.png */; };
		DC8F39E61A9810F800A90B13 /* RefugeHUD.m in Sources */ = {isa = PBXBuildFile; fileRef = DC8F39DD1A9810F800A90B13 /* RefugeHUD.m */; };
		DC8F39E71A9810F800A90B13 /* RefugeHUD.m in Sources */ = {isa = PBXBuildFile; fileRef = DC8F39DD1A9810F800A90B13 /* RefugeHUD.m */; };
		DC8F39E81A9810F800A90B13 /* RefugeMap.m in Sources */ = {isa = PBXBuildFile; fileRef = DC8F39DF1A9810F800A90B13 /* RefugeMap.m */; };
		DC8F39E91A9810F800A90B13 /* RefugeMap.m in Sources */ = {isa = PBXBuildFile; fileRef = DC8F39DF1A9810F800A90B13 /* RefugeMap.m */; };
		DC8F39EA1A9810F800A90B13 /* RefugeMapPin.m in Sources */ = {isa = PBXBuildFile; fileRef = DC8F39E11A9810F800A90B13 /* RefugeMapPin.m */; };
		DC8F39EB1A9810F800A90B13 /* RefugeMapPin.m in Sources */ = {isa = PBXBuildFile; fileRef = DC8F39E11A9810F800A90B13 /* RefugeMapPin.m */; };
		DC8F39EC1A9810F800A90B13 /* RefugeOnboardPage1.xib in Resources */ = {isa = PBXBuildFile; fileRef = DC8F39E21A9810F800A90B13 /* RefugeOnboardPage1.xib */; };
		DC8F39ED1A9810F800A90B13 /* RefugeOnboardPage1.xib in Resources */ = {isa = PBXBuildFile; fileRef = DC8F39E21A9810F800A90B13 /* RefugeOnboardPage1.xib */; };
		DC8F39EE1A9810F800A90B13 /* RefugeOnboardPage2.xib in Resources */ = {isa = PBXBuildFile; fileRef = DC8F39E31A9810F800A90B13 /* RefugeOnboardPage2.xib */; };
		DC8F39EF1A9810F800A90B13 /* RefugeOnboardPage2.xib in Resources */ = {isa = PBXBuildFile; fileRef = DC8F39E31A9810F800A90B13 /* RefugeOnboardPage2.xib */; };
		DC8F39F01A9810F800A90B13 /* RefugeOnboardPage3.xib in Resources */ = {isa = PBXBuildFile; fileRef = DC8F39E41A9810F800A90B13 /* RefugeOnboardPage3.xib */; };
		DC8F39F11A9810F800A90B13 /* RefugeOnboardPage3.xib in Resources */ = {isa = PBXBuildFile; fileRef = DC8F39E41A9810F800A90B13 /* RefugeOnboardPage3.xib */; };
		DC8F39F21A9810F800A90B13 /* RefugeOnboardPage4.xib in Resources */ = {isa = PBXBuildFile; fileRef = DC8F39E51A9810F800A90B13 /* RefugeOnboardPage4.xib */; };
		DC8F39F31A9810F800A90B13 /* RefugeOnboardPage4.xib in Resources */ = {isa = PBXBuildFile; fileRef = DC8F39E51A9810F800A90B13 /* RefugeOnboardPage4.xib */; };
		DC8F39FD1A98113A00A90B13 /* RefugeMapViewController.m in Sources */ = {isa = PBXBuildFile; fileRef = DC8F39F61A98113A00A90B13 /* RefugeMapViewController.m */; };
		DC8F39FE1A98113A00A90B13 /* RefugeMapViewController.m in Sources */ = {isa = PBXBuildFile; fileRef = DC8F39F61A98113A00A90B13 /* RefugeMapViewController.m */; };
		DC8F39FF1A98113A00A90B13 /* RefugeNewRestroomViewController.m in Sources */ = {isa = PBXBuildFile; fileRef = DC8F39F81A98113A00A90B13 /* RefugeNewRestroomViewController.m */; };
		DC8F3A001A98113A00A90B13 /* RefugeNewRestroomViewController.m in Sources */ = {isa = PBXBuildFile; fileRef = DC8F39F81A98113A00A90B13 /* RefugeNewRestroomViewController.m */; };
		DC8F3A011A98113A00A90B13 /* RefugeOnboardingViewController.m in Sources */ = {isa = PBXBuildFile; fileRef = DC8F39FA1A98113A00A90B13 /* RefugeOnboardingViewController.m */; };
		DC8F3A021A98113A00A90B13 /* RefugeOnboardingViewController.m in Sources */ = {isa = PBXBuildFile; fileRef = DC8F39FA1A98113A00A90B13 /* RefugeOnboardingViewController.m */; };
		DC8F3A031A98113A00A90B13 /* RefugeRestroomDetailsViewController.m in Sources */ = {isa = PBXBuildFile; fileRef = DC8F39FC1A98113A00A90B13 /* RefugeRestroomDetailsViewController.m */; };
		DC8F3A041A98113A00A90B13 /* RefugeRestroomDetailsViewController.m in Sources */ = {isa = PBXBuildFile; fileRef = DC8F39FC1A98113A00A90B13 /* RefugeRestroomDetailsViewController.m */; };
		DCA355331A8BD87800E3EDF8 /* MockRefugeSearch.m in Sources */ = {isa = PBXBuildFile; fileRef = DCA355321A8BD87800E3EDF8 /* MockRefugeSearch.m */; };
		DCA355351A8BD91A00E3EDF8 /* RefugeSearchTests.m in Sources */ = {isa = PBXBuildFile; fileRef = DCA355341A8BD91A00E3EDF8 /* RefugeSearchTests.m */; };
		DCA355401A8C1E6800E3EDF8 /* RefugeMapPinTests.m in Sources */ = {isa = PBXBuildFile; fileRef = DCA3553F1A8C1E6800E3EDF8 /* RefugeMapPinTests.m */; };
		DCA355431A8C210300E3EDF8 /* MockNSUserDefaults.m in Sources */ = {isa = PBXBuildFile; fileRef = DCA355421A8C210300E3EDF8 /* MockNSUserDefaults.m */; };
		DCA355541A8C47E400E3EDF8 /* RefugeMapTests.m in Sources */ = {isa = PBXBuildFile; fileRef = DCA355531A8C47E400E3EDF8 /* RefugeMapTests.m */; };
		DCA3555E1A8C575200E3EDF8 /* UIImage+RefugeTests.m in Sources */ = {isa = PBXBuildFile; fileRef = DCA3555D1A8C575200E3EDF8 /* UIImage+RefugeTests.m */; };
		DCA355651A8C5A7100E3EDF8 /* MockRefugeMapDelegate.m in Sources */ = {isa = PBXBuildFile; fileRef = DCA355641A8C5A7100E3EDF8 /* MockRefugeMapDelegate.m */; };
		DCE6BB8C1A96CD08006B9B8A /* Crashlytics.framework in Frameworks */ = {isa = PBXBuildFile; fileRef = DCE6BB8B1A96CD08006B9B8A /* Crashlytics.framework */; };
		DCF866671A898A6700C73806 /* RefugeMapPlottingWorkflowTests.m in Sources */ = {isa = PBXBuildFile; fileRef = DCF866661A898A6700C73806 /* RefugeMapPlottingWorkflowTests.m */; };
		DCF8666A1A89985100C73806 /* MockRefugeHUD.m in Sources */ = {isa = PBXBuildFile; fileRef = DCF866691A89985100C73806 /* MockRefugeHUD.m */; };
/* End PBXBuildFile section */

/* Begin PBXContainerItemProxy section */
		CED0CB6D1A82A6D500F7F3D8 /* PBXContainerItemProxy */ = {
			isa = PBXContainerItemProxy;
			containerPortal = CED0CB481A82A6D300F7F3D8 /* Project object */;
			proxyType = 1;
			remoteGlobalIDString = CED0CB4F1A82A6D300F7F3D8;
			remoteInfo = "refuge-ios";
		};
/* End PBXContainerItemProxy section */

/* Begin PBXFileReference section */
		959014171F527C71C6D9EB85 /* libPods-refuge-ios.a */ = {isa = PBXFileReference; explicitFileType = archive.ar; includeInIndex = 0; path = "libPods-refuge-ios.a"; sourceTree = BUILT_PRODUCTS_DIR; };
		CEA23FDA1A835BBF0083510F /* RefugeRestroomManagerTests.m */ = {isa = PBXFileReference; fileEncoding = 4; lastKnownFileType = sourcecode.c.objc; path = RefugeRestroomManagerTests.m; sourceTree = "<group>"; };
		CEA23FE41A83D8150083510F /* RefugeRestroomCreationWorkflowTests.m */ = {isa = PBXFileReference; fileEncoding = 4; lastKnownFileType = sourcecode.c.objc; path = RefugeRestroomCreationWorkflowTests.m; sourceTree = "<group>"; };
		CEA23FE81A83D9C00083510F /* MockRefugeRestroomManagerDelegate.h */ = {isa = PBXFileReference; fileEncoding = 4; lastKnownFileType = sourcecode.c.h; path = MockRefugeRestroomManagerDelegate.h; sourceTree = "<group>"; };
		CEA23FE91A83D9C00083510F /* MockRefugeRestroomManagerDelegate.m */ = {isa = PBXFileReference; fileEncoding = 4; lastKnownFileType = sourcecode.c.objc; path = MockRefugeRestroomManagerDelegate.m; sourceTree = "<group>"; };
		CEA23FEB1A83D9F50083510F /* MockRefugeRestroomBuilder.h */ = {isa = PBXFileReference; fileEncoding = 4; lastKnownFileType = sourcecode.c.h; path = MockRefugeRestroomBuilder.h; sourceTree = "<group>"; };
		CEA23FEC1A83D9F50083510F /* MockRefugeRestroomBuilder.m */ = {isa = PBXFileReference; fileEncoding = 4; lastKnownFileType = sourcecode.c.objc; path = MockRefugeRestroomBuilder.m; sourceTree = "<group>"; };
		CEA23FF21A83DA5E0083510F /* MockRefugeRestroomCommunicator.h */ = {isa = PBXFileReference; fileEncoding = 4; lastKnownFileType = sourcecode.c.h; path = MockRefugeRestroomCommunicator.h; sourceTree = "<group>"; };
		CEA23FF31A83DA5E0083510F /* MockRefugeRestroomCommunicator.m */ = {isa = PBXFileReference; fileEncoding = 4; lastKnownFileType = sourcecode.c.objc; path = MockRefugeRestroomCommunicator.m; sourceTree = "<group>"; };
		CEA23FF61A841BB00083510F /* RefugeRestroomCommunicatorTests.m */ = {isa = PBXFileReference; fileEncoding = 4; lastKnownFileType = sourcecode.c.objc; path = RefugeRestroomCommunicatorTests.m; sourceTree = "<group>"; };
		CEA23FF81A841FD30083510F /* MockRefugeRestroomCommunicatorDelegate.h */ = {isa = PBXFileReference; fileEncoding = 4; lastKnownFileType = sourcecode.c.h; path = MockRefugeRestroomCommunicatorDelegate.h; sourceTree = "<group>"; };
		CEA23FF91A841FD30083510F /* MockRefugeRestroomCommunicatorDelegate.m */ = {isa = PBXFileReference; fileEncoding = 4; lastKnownFileType = sourcecode.c.objc; path = MockRefugeRestroomCommunicatorDelegate.m; sourceTree = "<group>"; };
		CEA23FFB1A8426A60083510F /* RefugeAppStateTests.m */ = {isa = PBXFileReference; fileEncoding = 4; lastKnownFileType = sourcecode.c.objc; path = RefugeAppStateTests.m; sourceTree = "<group>"; };
		CEA23FFD1A84278B0083510F /* RefugeAppState.h */ = {isa = PBXFileReference; fileEncoding = 4; lastKnownFileType = sourcecode.c.h; path = RefugeAppState.h; sourceTree = "<group>"; };
		CEA23FFE1A84278B0083510F /* RefugeAppState.m */ = {isa = PBXFileReference; fileEncoding = 4; lastKnownFileType = sourcecode.c.objc; path = RefugeAppState.m; sourceTree = "<group>"; };
		CEA240111A86CC9A0083510F /* MockRefugeDataPersistenceManager.h */ = {isa = PBXFileReference; fileEncoding = 4; lastKnownFileType = sourcecode.c.h; path = MockRefugeDataPersistenceManager.h; sourceTree = "<group>"; };
		CEA240121A86CC9A0083510F /* MockRefugeDataPersistenceManager.m */ = {isa = PBXFileReference; fileEncoding = 4; lastKnownFileType = sourcecode.c.objc; path = MockRefugeDataPersistenceManager.m; sourceTree = "<group>"; };
		CEA2401E1A86F9410083510F /* MapKit.framework */ = {isa = PBXFileReference; lastKnownFileType = wrapper.framework; name = MapKit.framework; path = System/Library/Frameworks/MapKit.framework; sourceTree = SDKROOT; };
		CEA240251A86FB850083510F /* RefugeHUDTests.m */ = {isa = PBXFileReference; fileEncoding = 4; lastKnownFileType = sourcecode.c.objc; path = RefugeHUDTests.m; sourceTree = "<group>"; };
		CEA240271A8702E20083510F /* CoreLocation.framework */ = {isa = PBXFileReference; lastKnownFileType = wrapper.framework; name = CoreLocation.framework; path = System/Library/Frameworks/CoreLocation.framework; sourceTree = SDKROOT; };
		CED0CB501A82A6D300F7F3D8 /* refuge-ios.app */ = {isa = PBXFileReference; explicitFileType = wrapper.application; includeInIndex = 0; path = "refuge-ios.app"; sourceTree = BUILT_PRODUCTS_DIR; };
		CED0CB541A82A6D400F7F3D8 /* Info.plist */ = {isa = PBXFileReference; lastKnownFileType = text.plist.xml; path = Info.plist; sourceTree = "<group>"; };
		CED0CB551A82A6D400F7F3D8 /* main.m */ = {isa = PBXFileReference; lastKnownFileType = sourcecode.c.objc; path = main.m; sourceTree = "<group>"; };
		CED0CB571A82A6D400F7F3D8 /* RefugeAppDelegate.h */ = {isa = PBXFileReference; lastKnownFileType = sourcecode.c.h; path = RefugeAppDelegate.h; sourceTree = "<group>"; };
		CED0CB581A82A6D400F7F3D8 /* RefugeAppDelegate.m */ = {isa = PBXFileReference; lastKnownFileType = sourcecode.c.objc; path = RefugeAppDelegate.m; sourceTree = "<group>"; };
		CED0CB5B1A82A6D400F7F3D8 /* refuge_ios.xcdatamodel */ = {isa = PBXFileReference; lastKnownFileType = wrapper.xcdatamodel; path = refuge_ios.xcdatamodel; sourceTree = "<group>"; };
		CED0CB611A82A6D400F7F3D8 /* Base */ = {isa = PBXFileReference; lastKnownFileType = file.storyboard; name = Base; path = Base.lproj/Main.storyboard; sourceTree = "<group>"; };
		CED0CB661A82A6D400F7F3D8 /* Base */ = {isa = PBXFileReference; lastKnownFileType = file.xib; name = Base; path = Base.lproj/LaunchScreen.xib; sourceTree = "<group>"; };
		CED0CB6C1A82A6D500F7F3D8 /* refuge-iosTests.xctest */ = {isa = PBXFileReference; explicitFileType = wrapper.cfbundle; includeInIndex = 0; path = "refuge-iosTests.xctest"; sourceTree = BUILT_PRODUCTS_DIR; };
		CED0CB711A82A6D500F7F3D8 /* Info.plist */ = {isa = PBXFileReference; lastKnownFileType = text.plist.xml; path = Info.plist; sourceTree = "<group>"; };
		CED0CB9F1A83259100F7F3D8 /* RefugeRestroomTests.m */ = {isa = PBXFileReference; fileEncoding = 4; lastKnownFileType = sourcecode.c.objc; path = RefugeRestroomTests.m; sourceTree = "<group>"; };
		CED0CBA91A83320F00F7F3D8 /* RefugeRestroomBuilderTests.m */ = {isa = PBXFileReference; fileEncoding = 4; lastKnownFileType = sourcecode.c.objc; path = RefugeRestroomBuilderTests.m; sourceTree = "<group>"; };
		CED0CBB51A833B9800F7F3D8 /* NSDate+RefugeTests.m */ = {isa = PBXFileReference; fileEncoding = 4; lastKnownFileType = sourcecode.c.objc; path = "NSDate+RefugeTests.m"; sourceTree = "<group>"; };
		D67BB335B17D0B597EE2123D /* Pods-refuge-ios.debug.xcconfig */ = {isa = PBXFileReference; includeInIndex = 1; lastKnownFileType = text.xcconfig; name = "Pods-refuge-ios.debug.xcconfig"; path = "Pods/Target Support Files/Pods-refuge-ios/Pods-refuge-ios.debug.xcconfig"; sourceTree = "<group>"; };
		D938493C66A1C4E8E58FEA67 /* Pods-refuge-ios.release.xcconfig */ = {isa = PBXFileReference; includeInIndex = 1; lastKnownFileType = text.xcconfig; name = "Pods-refuge-ios.release.xcconfig"; path = "Pods/Target Support Files/Pods-refuge-ios/Pods-refuge-ios.release.xcconfig"; sourceTree = "<group>"; };
		DC3A1CB41A927F5100445D33 /* Images.xcassets */ = {isa = PBXFileReference; lastKnownFileType = folder.assetcatalog; path = Images.xcassets; sourceTree = "<group>"; };
		DC8F394B1A97FC8000A90B13 /* RefugeRestroomsSeed.sqlite */ = {isa = PBXFileReference; lastKnownFileType = file; name = RefugeRestroomsSeed.sqlite; path = ../../RefugeRestroomsSeed.sqlite; sourceTree = "<group>"; };
		DC8F394E1A980C5F00A90B13 /* iRate+Refuge.h */ = {isa = PBXFileReference; fileEncoding = 4; lastKnownFileType = sourcecode.c.h; path = "iRate+Refuge.h"; sourceTree = "<group>"; };
		DC8F394F1A980C5F00A90B13 /* iRate+Refuge.m */ = {isa = PBXFileReference; fileEncoding = 4; lastKnownFileType = sourcecode.c.objc; path = "iRate+Refuge.m"; sourceTree = "<group>"; };
		DC8F39501A980C5F00A90B13 /* Mixpanel+Refuge.h */ = {isa = PBXFileReference; fileEncoding = 4; lastKnownFileType = sourcecode.c.h; path = "Mixpanel+Refuge.h"; sourceTree = "<group>"; };
		DC8F39511A980C5F00A90B13 /* Mixpanel+Refuge.m */ = {isa = PBXFileReference; fileEncoding = 4; lastKnownFileType = sourcecode.c.objc; path = "Mixpanel+Refuge.m"; sourceTree = "<group>"; };
		DC8F39521A980C5F00A90B13 /* NSDate+Refuge.h */ = {isa = PBXFileReference; fileEncoding = 4; lastKnownFileType = sourcecode.c.h; path = "NSDate+Refuge.h"; sourceTree = "<group>"; };
		DC8F39531A980C5F00A90B13 /* NSDate+Refuge.m */ = {isa = PBXFileReference; fileEncoding = 4; lastKnownFileType = sourcecode.c.objc; path = "NSDate+Refuge.m"; sourceTree = "<group>"; };
		DC8F39541A980C5F00A90B13 /* UIColor+Refuge.h */ = {isa = PBXFileReference; fileEncoding = 4; lastKnownFileType = sourcecode.c.h; path = "UIColor+Refuge.h"; sourceTree = "<group>"; };
		DC8F39551A980C5F00A90B13 /* UIColor+Refuge.m */ = {isa = PBXFileReference; fileEncoding = 4; lastKnownFileType = sourcecode.c.objc; path = "UIColor+Refuge.m"; sourceTree = "<group>"; };
		DC8F39561A980C5F00A90B13 /* UIImage+Refuge.h */ = {isa = PBXFileReference; fileEncoding = 4; lastKnownFileType = sourcecode.c.h; path = "UIImage+Refuge.h"; sourceTree = "<group>"; };
		DC8F39571A980C5F00A90B13 /* UIImage+Refuge.m */ = {isa = PBXFileReference; fileEncoding = 4; lastKnownFileType = sourcecode.c.objc; path = "UIImage+Refuge.m"; sourceTree = "<group>"; };
		DC8F39731A980D5E00A90B13 /* RefugeHTTPSessionManager.h */ = {isa = PBXFileReference; fileEncoding = 4; lastKnownFileType = sourcecode.c.h; path = RefugeHTTPSessionManager.h; sourceTree = "<group>"; };
		DC8F39741A980D5E00A90B13 /* RefugeHTTPSessionManager.m */ = {isa = PBXFileReference; fileEncoding = 4; lastKnownFileType = sourcecode.c.objc; path = RefugeHTTPSessionManager.m; sourceTree = "<group>"; };
		DC8F39751A980D5E00A90B13 /* RefugeRestroomCommunicator.h */ = {isa = PBXFileReference; fileEncoding = 4; lastKnownFileType = sourcecode.c.h; path = RefugeRestroomCommunicator.h; sourceTree = "<group>"; };
		DC8F39761A980D5E00A90B13 /* RefugeRestroomCommunicator.m */ = {isa = PBXFileReference; fileEncoding = 4; lastKnownFileType = sourcecode.c.objc; path = RefugeRestroomCommunicator.m; sourceTree = "<group>"; };
		DC8F39771A980D5E00A90B13 /* RefugeRestroomCommunicatorDelegate.h */ = {isa = PBXFileReference; fileEncoding = 4; lastKnownFileType = sourcecode.c.h; path = RefugeRestroomCommunicatorDelegate.h; sourceTree = "<group>"; };
		DC8F39781A980D5E00A90B13 /* RefugeRestroomManager.h */ = {isa = PBXFileReference; fileEncoding = 4; lastKnownFileType = sourcecode.c.h; path = RefugeRestroomManager.h; sourceTree = "<group>"; };
		DC8F39791A980D5E00A90B13 /* RefugeRestroomManager.m */ = {isa = PBXFileReference; fileEncoding = 4; lastKnownFileType = sourcecode.c.objc; path = RefugeRestroomManager.m; sourceTree = "<group>"; };
		DC8F397A1A980D5E00A90B13 /* RefugeRestroomManagerDelegate.h */ = {isa = PBXFileReference; fileEncoding = 4; lastKnownFileType = sourcecode.c.h; path = RefugeRestroomManagerDelegate.h; sourceTree = "<group>"; };
		DC8F39911A980E4F00A90B13 /* RefugeDataPeristenceManagerDelegate.h */ = {isa = PBXFileReference; fileEncoding = 4; lastKnownFileType = sourcecode.c.h; path = RefugeDataPeristenceManagerDelegate.h; sourceTree = "<group>"; };
		DC8F39921A980E4F00A90B13 /* RefugeDataPersistenceManager.h */ = {isa = PBXFileReference; fileEncoding = 4; lastKnownFileType = sourcecode.c.h; path = RefugeDataPersistenceManager.h; sourceTree = "<group>"; };
		DC8F39931A980E4F00A90B13 /* RefugeDataPersistenceManager.m */ = {isa = PBXFileReference; fileEncoding = 4; lastKnownFileType = sourcecode.c.objc; path = RefugeDataPersistenceManager.m; sourceTree = "<group>"; };
		DC8F39971A980E5800A90B13 /* RefugeRestroomBuilder.h */ = {isa = PBXFileReference; fileEncoding = 4; lastKnownFileType = sourcecode.c.h; path = RefugeRestroomBuilder.h; sourceTree = "<group>"; };
		DC8F39981A980E5800A90B13 /* RefugeRestroomBuilder.m */ = {isa = PBXFileReference; fileEncoding = 4; lastKnownFileType = sourcecode.c.objc; path = RefugeRestroomBuilder.m; sourceTree = "<group>"; };
		DC8F39991A980E5800A90B13 /* RefugeSerialization.h */ = {isa = PBXFileReference; fileEncoding = 4; lastKnownFileType = sourcecode.c.h; path = RefugeSerialization.h; sourceTree = "<group>"; };
		DC8F399A1A980E5800A90B13 /* RefugeSerialization.m */ = {isa = PBXFileReference; fileEncoding = 4; lastKnownFileType = sourcecode.c.objc; path = RefugeSerialization.m; sourceTree = "<group>"; };
		DC8F39A01A980F0D00A90B13 /* RefugeMapDelegate.h */ = {isa = PBXFileReference; fileEncoding = 4; lastKnownFileType = sourcecode.c.h; path = RefugeMapDelegate.h; sourceTree = "<group>"; };
		DC8F39A11A980F0D00A90B13 /* RefugeMapPlace.h */ = {isa = PBXFileReference; fileEncoding = 4; lastKnownFileType = sourcecode.c.h; path = RefugeMapPlace.h; sourceTree = "<group>"; };
		DC8F39A21A980F0D00A90B13 /* RefugeMapPlace.m */ = {isa = PBXFileReference; fileEncoding = 4; lastKnownFileType = sourcecode.c.objc; path = RefugeMapPlace.m; sourceTree = "<group>"; };
		DC8F39A61A980F4800A90B13 /* RefugeSearch.h */ = {isa = PBXFileReference; fileEncoding = 4; lastKnownFileType = sourcecode.c.h; path = RefugeSearch.h; sourceTree = "<group>"; };
		DC8F39A71A980F4800A90B13 /* RefugeSearch.m */ = {isa = PBXFileReference; fileEncoding = 4; lastKnownFileType = sourcecode.c.objc; path = RefugeSearch.m; sourceTree = "<group>"; };
		DC8F39B31A980FDE00A90B13 /* RefugeRestroom.h */ = {isa = PBXFileReference; fileEncoding = 4; lastKnownFileType = sourcecode.c.h; path = RefugeRestroom.h; sourceTree = "<group>"; };
		DC8F39B41A980FDE00A90B13 /* RefugeRestroom.m */ = {isa = PBXFileReference; fileEncoding = 4; lastKnownFileType = sourcecode.c.objc; path = RefugeRestroom.m; sourceTree = "<group>"; };
		DC8F39B51A980FDE00A90B13 /* RefugeRestroomEntity.h */ = {isa = PBXFileReference; fileEncoding = 4; lastKnownFileType = sourcecode.c.h; path = RefugeRestroomEntity.h; sourceTree = "<group>"; };
		DC8F39B61A980FDE00A90B13 /* RefugeRestroomEntity.m */ = {isa = PBXFileReference; fileEncoding = 4; lastKnownFileType = sourcecode.c.objc; path = RefugeRestroomEntity.m; sourceTree = "<group>"; };
		DC8F39BD1A9810B300A90B13 /* refuge-background-bathroom.jpg */ = {isa = PBXFileReference; lastKnownFileType = image.jpeg; path = "refuge-background-bathroom.jpg"; sourceTree = "<group>"; };
		DC8F39BE1A9810B300A90B13 /* refuge-banner.png */ = {isa = PBXFileReference; lastKnownFileType = image.png; path = "refuge-banner.png"; sourceTree = "<group>"; };
		DC8F39BF1A9810B300A90B13 /* refuge-details-accessible.png */ = {isa = PBXFileReference; lastKnownFileType = image.png; path = "refuge-details-accessible.png"; sourceTree = "<group>"; };
		DC8F39C01A9810B300A90B13 /* refuge-details-unisex.png */ = {isa = PBXFileReference; lastKnownFileType = image.png; path = "refuge-details-unisex.png"; sourceTree = "<group>"; };
		DC8F39C11A9810B300A90B13 /* refuge-map-crosshair.png */ = {isa = PBXFileReference; lastKnownFileType = image.png; path = "refuge-map-crosshair.png"; sourceTree = "<group>"; };
		DC8F39C21A9810B300A90B13 /* refuge-map-pin.png */ = {isa = PBXFileReference; lastKnownFileType = image.png; path = "refuge-map-pin.png"; sourceTree = "<group>"; };
		DC8F39C31A9810B300A90B13 /* refuge-onboard1.png */ = {isa = PBXFileReference; lastKnownFileType = image.png; path = "refuge-onboard1.png"; sourceTree = "<group>"; };
		DC8F39C41A9810B300A90B13 /* refuge-onboard2.png */ = {isa = PBXFileReference; lastKnownFileType = image.png; path = "refuge-onboard2.png"; sourceTree = "<group>"; };
		DC8F39C51A9810B300A90B13 /* refuge-onboard3.png */ = {isa = PBXFileReference; lastKnownFileType = image.png; path = "refuge-onboard3.png"; sourceTree = "<group>"; };
		DC8F39C61A9810B300A90B13 /* refuge-onboard4.png */ = {isa = PBXFileReference; lastKnownFileType = image.png; path = "refuge-onboard4.png"; sourceTree = "<group>"; };
		DC8F39DC1A9810F800A90B13 /* RefugeHUD.h */ = {isa = PBXFileReference; fileEncoding = 4; lastKnownFileType = sourcecode.c.h; path = RefugeHUD.h; sourceTree = "<group>"; };
		DC8F39DD1A9810F800A90B13 /* RefugeHUD.m */ = {isa = PBXFileReference; fileEncoding = 4; lastKnownFileType = sourcecode.c.objc; path = RefugeHUD.m; sourceTree = "<group>"; };
		DC8F39DE1A9810F800A90B13 /* RefugeMap.h */ = {isa = PBXFileReference; fileEncoding = 4; lastKnownFileType = sourcecode.c.h; path = RefugeMap.h; sourceTree = "<group>"; };
		DC8F39DF1A9810F800A90B13 /* RefugeMap.m */ = {isa = PBXFileReference; fileEncoding = 4; lastKnownFileType = sourcecode.c.objc; path = RefugeMap.m; sourceTree = "<group>"; };
		DC8F39E01A9810F800A90B13 /* RefugeMapPin.h */ = {isa = PBXFileReference; fileEncoding = 4; lastKnownFileType = sourcecode.c.h; path = RefugeMapPin.h; sourceTree = "<group>"; };
		DC8F39E11A9810F800A90B13 /* RefugeMapPin.m */ = {isa = PBXFileReference; fileEncoding = 4; lastKnownFileType = sourcecode.c.objc; path = RefugeMapPin.m; sourceTree = "<group>"; };
		DC8F39E21A9810F800A90B13 /* RefugeOnboardPage1.xib */ = {isa = PBXFileReference; fileEncoding = 4; lastKnownFileType = file.xib; path = RefugeOnboardPage1.xib; sourceTree = "<group>"; };
		DC8F39E31A9810F800A90B13 /* RefugeOnboardPage2.xib */ = {isa = PBXFileReference; fileEncoding = 4; lastKnownFileType = file.xib; path = RefugeOnboardPage2.xib; sourceTree = "<group>"; };
		DC8F39E41A9810F800A90B13 /* RefugeOnboardPage3.xib */ = {isa = PBXFileReference; fileEncoding = 4; lastKnownFileType = file.xib; path = RefugeOnboardPage3.xib; sourceTree = "<group>"; };
		DC8F39E51A9810F800A90B13 /* RefugeOnboardPage4.xib */ = {isa = PBXFileReference; fileEncoding = 4; lastKnownFileType = file.xib; path = RefugeOnboardPage4.xib; sourceTree = "<group>"; };
		DC8F39F51A98113A00A90B13 /* RefugeMapViewController.h */ = {isa = PBXFileReference; fileEncoding = 4; lastKnownFileType = sourcecode.c.h; path = RefugeMapViewController.h; sourceTree = "<group>"; };
		DC8F39F61A98113A00A90B13 /* RefugeMapViewController.m */ = {isa = PBXFileReference; fileEncoding = 4; lastKnownFileType = sourcecode.c.objc; path = RefugeMapViewController.m; sourceTree = "<group>"; };
		DC8F39F71A98113A00A90B13 /* RefugeNewRestroomViewController.h */ = {isa = PBXFileReference; fileEncoding = 4; lastKnownFileType = sourcecode.c.h; path = RefugeNewRestroomViewController.h; sourceTree = "<group>"; };
		DC8F39F81A98113A00A90B13 /* RefugeNewRestroomViewController.m */ = {isa = PBXFileReference; fileEncoding = 4; lastKnownFileType = sourcecode.c.objc; path = RefugeNewRestroomViewController.m; sourceTree = "<group>"; };
		DC8F39F91A98113A00A90B13 /* RefugeOnboardingViewController.h */ = {isa = PBXFileReference; fileEncoding = 4; lastKnownFileType = sourcecode.c.h; path = RefugeOnboardingViewController.h; sourceTree = "<group>"; };
		DC8F39FA1A98113A00A90B13 /* RefugeOnboardingViewController.m */ = {isa = PBXFileReference; fileEncoding = 4; lastKnownFileType = sourcecode.c.objc; path = RefugeOnboardingViewController.m; sourceTree = "<group>"; };
		DC8F39FB1A98113A00A90B13 /* RefugeRestroomDetailsViewController.h */ = {isa = PBXFileReference; fileEncoding = 4; lastKnownFileType = sourcecode.c.h; path = RefugeRestroomDetailsViewController.h; sourceTree = "<group>"; };
		DC8F39FC1A98113A00A90B13 /* RefugeRestroomDetailsViewController.m */ = {isa = PBXFileReference; fileEncoding = 4; lastKnownFileType = sourcecode.c.objc; path = RefugeRestroomDetailsViewController.m; sourceTree = "<group>"; };
		DCA355311A8BD87800E3EDF8 /* MockRefugeSearch.h */ = {isa = PBXFileReference; fileEncoding = 4; lastKnownFileType = sourcecode.c.h; path = MockRefugeSearch.h; sourceTree = "<group>"; };
		DCA355321A8BD87800E3EDF8 /* MockRefugeSearch.m */ = {isa = PBXFileReference; fileEncoding = 4; lastKnownFileType = sourcecode.c.objc; path = MockRefugeSearch.m; sourceTree = "<group>"; };
		DCA355341A8BD91A00E3EDF8 /* RefugeSearchTests.m */ = {isa = PBXFileReference; fileEncoding = 4; lastKnownFileType = sourcecode.c.objc; path = RefugeSearchTests.m; sourceTree = "<group>"; };
		DCA3553F1A8C1E6800E3EDF8 /* RefugeMapPinTests.m */ = {isa = PBXFileReference; fileEncoding = 4; lastKnownFileType = sourcecode.c.objc; path = RefugeMapPinTests.m; sourceTree = "<group>"; };
		DCA355411A8C210300E3EDF8 /* MockNSUserDefaults.h */ = {isa = PBXFileReference; fileEncoding = 4; lastKnownFileType = sourcecode.c.h; path = MockNSUserDefaults.h; sourceTree = "<group>"; };
		DCA355421A8C210300E3EDF8 /* MockNSUserDefaults.m */ = {isa = PBXFileReference; fileEncoding = 4; lastKnownFileType = sourcecode.c.objc; path = MockNSUserDefaults.m; sourceTree = "<group>"; };
		DCA355531A8C47E400E3EDF8 /* RefugeMapTests.m */ = {isa = PBXFileReference; fileEncoding = 4; lastKnownFileType = sourcecode.c.objc; path = RefugeMapTests.m; sourceTree = "<group>"; };
		DCA3555D1A8C575200E3EDF8 /* UIImage+RefugeTests.m */ = {isa = PBXFileReference; fileEncoding = 4; lastKnownFileType = sourcecode.c.objc; path = "UIImage+RefugeTests.m"; sourceTree = "<group>"; };
		DCA355631A8C5A7100E3EDF8 /* MockRefugeMapDelegate.h */ = {isa = PBXFileReference; fileEncoding = 4; lastKnownFileType = sourcecode.c.h; path = MockRefugeMapDelegate.h; sourceTree = "<group>"; };
		DCA355641A8C5A7100E3EDF8 /* MockRefugeMapDelegate.m */ = {isa = PBXFileReference; fileEncoding = 4; lastKnownFileType = sourcecode.c.objc; path = MockRefugeMapDelegate.m; sourceTree = "<group>"; };
		DCE6BB8B1A96CD08006B9B8A /* Crashlytics.framework */ = {isa = PBXFileReference; lastKnownFileType = wrapper.framework; path = Crashlytics.framework; sourceTree = "<group>"; };
		DCF866661A898A6700C73806 /* RefugeMapPlottingWorkflowTests.m */ = {isa = PBXFileReference; fileEncoding = 4; lastKnownFileType = sourcecode.c.objc; path = RefugeMapPlottingWorkflowTests.m; sourceTree = "<group>"; };
		DCF866681A89985100C73806 /* MockRefugeHUD.h */ = {isa = PBXFileReference; fileEncoding = 4; lastKnownFileType = sourcecode.c.h; path = MockRefugeHUD.h; sourceTree = "<group>"; };
		DCF866691A89985100C73806 /* MockRefugeHUD.m */ = {isa = PBXFileReference; fileEncoding = 4; lastKnownFileType = sourcecode.c.objc; path = MockRefugeHUD.m; sourceTree = "<group>"; };
/* End PBXFileReference section */

/* Begin PBXFrameworksBuildPhase section */
		CED0CB4D1A82A6D300F7F3D8 /* Frameworks */ = {
			isa = PBXFrameworksBuildPhase;
			buildActionMask = 2147483647;
			files = (
				CEA240281A8702E20083510F /* CoreLocation.framework in Frameworks */,
				CEA2401F1A86F9410083510F /* MapKit.framework in Frameworks */,
				DCE6BB8C1A96CD08006B9B8A /* Crashlytics.framework in Frameworks */,
				0DC72DF2C778FB11669B38CD /* libPods-refuge-ios.a in Frameworks */,
			);
			runOnlyForDeploymentPostprocessing = 0;
		};
		CED0CB691A82A6D500F7F3D8 /* Frameworks */ = {
			isa = PBXFrameworksBuildPhase;
			buildActionMask = 2147483647;
			files = (
			);
			runOnlyForDeploymentPostprocessing = 0;
		};
/* End PBXFrameworksBuildPhase section */

/* Begin PBXGroup section */
		68FB1F0E5CB3E3A5E8E048A1 /* Frameworks */ = {
			isa = PBXGroup;
			children = (
				CEA240271A8702E20083510F /* CoreLocation.framework */,
				DCE6BB8B1A96CD08006B9B8A /* Crashlytics.framework */,
				CEA2401E1A86F9410083510F /* MapKit.framework */,
				959014171F527C71C6D9EB85 /* libPods-refuge-ios.a */,
			);
			name = Frameworks;
			sourceTree = "<group>";
		};
		CEA23FE31A83D7A60083510F /* Integration Tests */ = {
			isa = PBXGroup;
			children = (
				CEA23FE41A83D8150083510F /* RefugeRestroomCreationWorkflowTests.m */,
				DCF866661A898A6700C73806 /* RefugeMapPlottingWorkflowTests.m */,
			);
			name = "Integration Tests";
			sourceTree = "<group>";
		};
		CEA23FE71A83D9900083510F /* Mocks */ = {
			isa = PBXGroup;
			children = (
				DCA355411A8C210300E3EDF8 /* MockNSUserDefaults.h */,
				DCA355421A8C210300E3EDF8 /* MockNSUserDefaults.m */,
				CEA240111A86CC9A0083510F /* MockRefugeDataPersistenceManager.h */,
				CEA240121A86CC9A0083510F /* MockRefugeDataPersistenceManager.m */,
				DCF866681A89985100C73806 /* MockRefugeHUD.h */,
				DCF866691A89985100C73806 /* MockRefugeHUD.m */,
				DCA355631A8C5A7100E3EDF8 /* MockRefugeMapDelegate.h */,
				DCA355641A8C5A7100E3EDF8 /* MockRefugeMapDelegate.m */,
				CEA23FEB1A83D9F50083510F /* MockRefugeRestroomBuilder.h */,
				CEA23FEC1A83D9F50083510F /* MockRefugeRestroomBuilder.m */,
				CEA23FF21A83DA5E0083510F /* MockRefugeRestroomCommunicator.h */,
				CEA23FF31A83DA5E0083510F /* MockRefugeRestroomCommunicator.m */,
				CEA23FF81A841FD30083510F /* MockRefugeRestroomCommunicatorDelegate.h */,
				CEA23FF91A841FD30083510F /* MockRefugeRestroomCommunicatorDelegate.m */,
				CEA23FE81A83D9C00083510F /* MockRefugeRestroomManagerDelegate.h */,
				CEA23FE91A83D9C00083510F /* MockRefugeRestroomManagerDelegate.m */,
				DCA355311A8BD87800E3EDF8 /* MockRefugeSearch.h */,
				DCA355321A8BD87800E3EDF8 /* MockRefugeSearch.m */,
			);
			name = Mocks;
			sourceTree = "<group>";
		};
		CED0CB471A82A6D300F7F3D8 = {
			isa = PBXGroup;
			children = (
				CED0CB521A82A6D300F7F3D8 /* refuge-ios */,
				CED0CB6F1A82A6D500F7F3D8 /* refuge-iosTests */,
				CED0CB511A82A6D300F7F3D8 /* Products */,
				EA08CCE57F3C7FE32EA6AC15 /* Pods */,
				68FB1F0E5CB3E3A5E8E048A1 /* Frameworks */,
			);
			sourceTree = "<group>";
		};
		CED0CB511A82A6D300F7F3D8 /* Products */ = {
			isa = PBXGroup;
			children = (
				CED0CB501A82A6D300F7F3D8 /* refuge-ios.app */,
				CED0CB6C1A82A6D500F7F3D8 /* refuge-iosTests.xctest */,
			);
			name = Products;
			sourceTree = "<group>";
		};
		CED0CB521A82A6D300F7F3D8 /* refuge-ios */ = {
			isa = PBXGroup;
			children = (
				DC8F394D1A980C5F00A90B13 /* Categories */,
				DC8F39621A980CDF00A90B13 /* Logic */,
				DC8F39B21A980FDE00A90B13 /* Models */,
				DC8F39BB1A9810B300A90B13 /* View */,
				CED0CB571A82A6D400F7F3D8 /* RefugeAppDelegate.h */,
				CED0CB581A82A6D400F7F3D8 /* RefugeAppDelegate.m */,
				CEA23FFD1A84278B0083510F /* RefugeAppState.h */,
				CEA23FFE1A84278B0083510F /* RefugeAppState.m */,
				DC3A1CB41A927F5100445D33 /* Images.xcassets */,
				CED0CB601A82A6D400F7F3D8 /* Main.storyboard */,
				CED0CB651A82A6D400F7F3D8 /* LaunchScreen.xib */,
				CED0CB5A1A82A6D400F7F3D8 /* refuge_ios.xcdatamodeld */,
				DC8F394B1A97FC8000A90B13 /* RefugeRestroomsSeed.sqlite */,
				CED0CB531A82A6D300F7F3D8 /* Supporting Files */,
			);
			path = "refuge-ios";
			sourceTree = "<group>";
		};
		CED0CB531A82A6D300F7F3D8 /* Supporting Files */ = {
			isa = PBXGroup;
			children = (
				CED0CB541A82A6D400F7F3D8 /* Info.plist */,
				CED0CB551A82A6D400F7F3D8 /* main.m */,
			);
			name = "Supporting Files";
			sourceTree = "<group>";
		};
		CED0CB6F1A82A6D500F7F3D8 /* refuge-iosTests */ = {
			isa = PBXGroup;
			children = (
				CEA23FE71A83D9900083510F /* Mocks */,
				CEA23FE31A83D7A60083510F /* Integration Tests */,
				CED0CBB51A833B9800F7F3D8 /* NSDate+RefugeTests.m */,
				CEA23FFB1A8426A60083510F /* RefugeAppStateTests.m */,
				CEA240251A86FB850083510F /* RefugeHUDTests.m */,
				DCA355531A8C47E400E3EDF8 /* RefugeMapTests.m */,
				DCA3553F1A8C1E6800E3EDF8 /* RefugeMapPinTests.m */,
				CED0CBA91A83320F00F7F3D8 /* RefugeRestroomBuilderTests.m */,
				CEA23FF61A841BB00083510F /* RefugeRestroomCommunicatorTests.m */,
				CEA23FDA1A835BBF0083510F /* RefugeRestroomManagerTests.m */,
				CED0CB9F1A83259100F7F3D8 /* RefugeRestroomTests.m */,
				DCA355341A8BD91A00E3EDF8 /* RefugeSearchTests.m */,
				DCA3555D1A8C575200E3EDF8 /* UIImage+RefugeTests.m */,
				CED0CB701A82A6D500F7F3D8 /* Supporting Files */,
			);
			path = "refuge-iosTests";
			sourceTree = "<group>";
		};
		CED0CB701A82A6D500F7F3D8 /* Supporting Files */ = {
			isa = PBXGroup;
			children = (
				CED0CB711A82A6D500F7F3D8 /* Info.plist */,
			);
			name = "Supporting Files";
			sourceTree = "<group>";
		};
		DC8F394D1A980C5F00A90B13 /* Categories */ = {
			isa = PBXGroup;
			children = (
				DC8F394E1A980C5F00A90B13 /* iRate+Refuge.h */,
				DC8F394F1A980C5F00A90B13 /* iRate+Refuge.m */,
				DC8F39501A980C5F00A90B13 /* Mixpanel+Refuge.h */,
				DC8F39511A980C5F00A90B13 /* Mixpanel+Refuge.m */,
				DC8F39521A980C5F00A90B13 /* NSDate+Refuge.h */,
				DC8F39531A980C5F00A90B13 /* NSDate+Refuge.m */,
				DC8F39541A980C5F00A90B13 /* UIColor+Refuge.h */,
				DC8F39551A980C5F00A90B13 /* UIColor+Refuge.m */,
				DC8F39561A980C5F00A90B13 /* UIImage+Refuge.h */,
				DC8F39571A980C5F00A90B13 /* UIImage+Refuge.m */,
			);
			path = Categories;
			sourceTree = "<group>";
		};
		DC8F39621A980CDF00A90B13 /* Logic */ = {
			isa = PBXGroup;
			children = (
				DC8F39721A980D5E00A90B13 /* Data Fetching */,
				DC8F39901A980E4F00A90B13 /* Data Persistence */,
				DC8F39961A980E5800A90B13 /* Data Translation */,
				DC8F399F1A980F0D00A90B13 /* Map Logic */,
				DC8F39A51A980F4800A90B13 /* Search Logic */,
			);
			path = Logic;
			sourceTree = "<group>";
		};
		DC8F39721A980D5E00A90B13 /* Data Fetching */ = {
			isa = PBXGroup;
			children = (
				DC8F39731A980D5E00A90B13 /* RefugeHTTPSessionManager.h */,
				DC8F39741A980D5E00A90B13 /* RefugeHTTPSessionManager.m */,
				DC8F39751A980D5E00A90B13 /* RefugeRestroomCommunicator.h */,
				DC8F39761A980D5E00A90B13 /* RefugeRestroomCommunicator.m */,
				DC8F39771A980D5E00A90B13 /* RefugeRestroomCommunicatorDelegate.h */,
				DC8F39781A980D5E00A90B13 /* RefugeRestroomManager.h */,
				DC8F39791A980D5E00A90B13 /* RefugeRestroomManager.m */,
				DC8F397A1A980D5E00A90B13 /* RefugeRestroomManagerDelegate.h */,
			);
			path = "Data Fetching";
			sourceTree = "<group>";
		};
		DC8F39901A980E4F00A90B13 /* Data Persistence */ = {
			isa = PBXGroup;
			children = (
				DC8F39911A980E4F00A90B13 /* RefugeDataPeristenceManagerDelegate.h */,
				DC8F39921A980E4F00A90B13 /* RefugeDataPersistenceManager.h */,
				DC8F39931A980E4F00A90B13 /* RefugeDataPersistenceManager.m */,
			);
			path = "Data Persistence";
			sourceTree = "<group>";
		};
		DC8F39961A980E5800A90B13 /* Data Translation */ = {
			isa = PBXGroup;
			children = (
				DC8F39971A980E5800A90B13 /* RefugeRestroomBuilder.h */,
				DC8F39981A980E5800A90B13 /* RefugeRestroomBuilder.m */,
				DC8F39991A980E5800A90B13 /* RefugeSerialization.h */,
				DC8F399A1A980E5800A90B13 /* RefugeSerialization.m */,
			);
			path = "Data Translation";
			sourceTree = "<group>";
		};
		DC8F399F1A980F0D00A90B13 /* Map Logic */ = {
			isa = PBXGroup;
			children = (
				DC8F39A01A980F0D00A90B13 /* RefugeMapDelegate.h */,
				DC8F39A11A980F0D00A90B13 /* RefugeMapPlace.h */,
				DC8F39A21A980F0D00A90B13 /* RefugeMapPlace.m */,
			);
			path = "Map Logic";
			sourceTree = "<group>";
		};
		DC8F39A51A980F4800A90B13 /* Search Logic */ = {
			isa = PBXGroup;
			children = (
				DC8F39A61A980F4800A90B13 /* RefugeSearch.h */,
				DC8F39A71A980F4800A90B13 /* RefugeSearch.m */,
			);
			path = "Search Logic";
			sourceTree = "<group>";
		};
		DC8F39B21A980FDE00A90B13 /* Models */ = {
			isa = PBXGroup;
			children = (
				DC8F39B31A980FDE00A90B13 /* RefugeRestroom.h */,
				DC8F39B41A980FDE00A90B13 /* RefugeRestroom.m */,
				DC8F39B51A980FDE00A90B13 /* RefugeRestroomEntity.h */,
				DC8F39B61A980FDE00A90B13 /* RefugeRestroomEntity.m */,
			);
			path = Models;
			sourceTree = "<group>";
		};
		DC8F39BB1A9810B300A90B13 /* View */ = {
			isa = PBXGroup;
			children = (
				DC8F39BC1A9810B300A90B13 /* Resources */,
				DC8F39DB1A9810F800A90B13 /* UI Elements */,
				DC8F39F41A98113A00A90B13 /* View Controllers */,
			);
			path = View;
			sourceTree = "<group>";
		};
		DC8F39BC1A9810B300A90B13 /* Resources */ = {
			isa = PBXGroup;
			children = (
				DC8F39BD1A9810B300A90B13 /* refuge-background-bathroom.jpg */,
				DC8F39BE1A9810B300A90B13 /* refuge-banner.png */,
				DC8F39BF1A9810B300A90B13 /* refuge-details-accessible.png */,
				DC8F39C01A9810B300A90B13 /* refuge-details-unisex.png */,
				DC8F39C11A9810B300A90B13 /* refuge-map-crosshair.png */,
				DC8F39C21A9810B300A90B13 /* refuge-map-pin.png */,
				DC8F39C31A9810B300A90B13 /* refuge-onboard1.png */,
				DC8F39C41A9810B300A90B13 /* refuge-onboard2.png */,
				DC8F39C51A9810B300A90B13 /* refuge-onboard3.png */,
				DC8F39C61A9810B300A90B13 /* refuge-onboard4.png */,
			);
			path = Resources;
			sourceTree = "<group>";
		};
		DC8F39DB1A9810F800A90B13 /* UI Elements */ = {
			isa = PBXGroup;
			children = (
				DC8F39DC1A9810F800A90B13 /* RefugeHUD.h */,
				DC8F39DD1A9810F800A90B13 /* RefugeHUD.m */,
				DC8F39DE1A9810F800A90B13 /* RefugeMap.h */,
				DC8F39DF1A9810F800A90B13 /* RefugeMap.m */,
				DC8F39E01A9810F800A90B13 /* RefugeMapPin.h */,
				DC8F39E11A9810F800A90B13 /* RefugeMapPin.m */,
				DC8F39E21A9810F800A90B13 /* RefugeOnboardPage1.xib */,
				DC8F39E31A9810F800A90B13 /* RefugeOnboardPage2.xib */,
				DC8F39E41A9810F800A90B13 /* RefugeOnboardPage3.xib */,
				DC8F39E51A9810F800A90B13 /* RefugeOnboardPage4.xib */,
			);
			path = "UI Elements";
			sourceTree = "<group>";
		};
		DC8F39F41A98113A00A90B13 /* View Controllers */ = {
			isa = PBXGroup;
			children = (
				DC8F39F51A98113A00A90B13 /* RefugeMapViewController.h */,
				DC8F39F61A98113A00A90B13 /* RefugeMapViewController.m */,
				DC8F39F71A98113A00A90B13 /* RefugeNewRestroomViewController.h */,
				DC8F39F81A98113A00A90B13 /* RefugeNewRestroomViewController.m */,
				DC8F39F91A98113A00A90B13 /* RefugeOnboardingViewController.h */,
				DC8F39FA1A98113A00A90B13 /* RefugeOnboardingViewController.m */,
				DC8F39FB1A98113A00A90B13 /* RefugeRestroomDetailsViewController.h */,
				DC8F39FC1A98113A00A90B13 /* RefugeRestroomDetailsViewController.m */,
			);
			path = "View Controllers";
			sourceTree = "<group>";
		};
		EA08CCE57F3C7FE32EA6AC15 /* Pods */ = {
			isa = PBXGroup;
			children = (
				D67BB335B17D0B597EE2123D /* Pods-refuge-ios.debug.xcconfig */,
				D938493C66A1C4E8E58FEA67 /* Pods-refuge-ios.release.xcconfig */,
			);
			name = Pods;
			sourceTree = "<group>";
		};
/* End PBXGroup section */

/* Begin PBXNativeTarget section */
		CED0CB4F1A82A6D300F7F3D8 /* refuge-ios */ = {
			isa = PBXNativeTarget;
			buildConfigurationList = CED0CB761A82A6D500F7F3D8 /* Build configuration list for PBXNativeTarget "refuge-ios" */;
			buildPhases = (
				06CA8934E178226555B3B49B /* Check Pods Manifest.lock */,
				CED0CB4C1A82A6D300F7F3D8 /* Sources */,
				CED0CB4D1A82A6D300F7F3D8 /* Frameworks */,
				CED0CB4E1A82A6D300F7F3D8 /* Resources */,
				1D69CA609FF701E4D138D1E9 /* Copy Pods Resources */,
				DCE6BB8A1A96CCCB006B9B8A /* ShellScript */,
			);
			buildRules = (
			);
			dependencies = (
			);
			name = "refuge-ios";
			productName = "refuge-ios";
			productReference = CED0CB501A82A6D300F7F3D8 /* refuge-ios.app */;
			productType = "com.apple.product-type.application";
		};
		CED0CB6B1A82A6D500F7F3D8 /* refuge-iosTests */ = {
			isa = PBXNativeTarget;
			buildConfigurationList = CED0CB791A82A6D500F7F3D8 /* Build configuration list for PBXNativeTarget "refuge-iosTests" */;
			buildPhases = (
				CED0CB681A82A6D500F7F3D8 /* Sources */,
				CED0CB691A82A6D500F7F3D8 /* Frameworks */,
				CED0CB6A1A82A6D500F7F3D8 /* Resources */,
			);
			buildRules = (
			);
			dependencies = (
				CED0CB6E1A82A6D500F7F3D8 /* PBXTargetDependency */,
			);
			name = "refuge-iosTests";
			productName = "refuge-iosTests";
			productReference = CED0CB6C1A82A6D500F7F3D8 /* refuge-iosTests.xctest */;
			productType = "com.apple.product-type.bundle.unit-test";
		};
/* End PBXNativeTarget section */

/* Begin PBXProject section */
		CED0CB481A82A6D300F7F3D8 /* Project object */ = {
			isa = PBXProject;
			attributes = {
				CLASSPREFIX = Refuge;
				LastUpgradeCheck = 0610;
				ORGANIZATIONNAME = "Refuge Restrooms";
				TargetAttributes = {
					CED0CB4F1A82A6D300F7F3D8 = {
						CreatedOnToolsVersion = 6.1.1;
						DevelopmentTeam = G58XPAD97M;
					};
					CED0CB6B1A82A6D500F7F3D8 = {
						CreatedOnToolsVersion = 6.1.1;
						TestTargetID = CED0CB4F1A82A6D300F7F3D8;
					};
				};
			};
			buildConfigurationList = CED0CB4B1A82A6D300F7F3D8 /* Build configuration list for PBXProject "refuge-ios" */;
			compatibilityVersion = "Xcode 3.2";
			developmentRegion = English;
			hasScannedForEncodings = 0;
			knownRegions = (
				en,
				Base,
			);
			mainGroup = CED0CB471A82A6D300F7F3D8;
			productRefGroup = CED0CB511A82A6D300F7F3D8 /* Products */;
			projectDirPath = "";
			projectRoot = "";
			targets = (
				CED0CB4F1A82A6D300F7F3D8 /* refuge-ios */,
				CED0CB6B1A82A6D500F7F3D8 /* refuge-iosTests */,
			);
		};
/* End PBXProject section */

/* Begin PBXResourcesBuildPhase section */
		CED0CB4E1A82A6D300F7F3D8 /* Resources */ = {
			isa = PBXResourcesBuildPhase;
			buildActionMask = 2147483647;
			files = (
				DC3A1CB51A927F5100445D33 /* Images.xcassets in Resources */,
				DC8F39CF1A9810B300A90B13 /* refuge-map-crosshair.png in Resources */,
				DC8F394C1A97FC8100A90B13 /* RefugeRestroomsSeed.sqlite in Resources */,
				DC8F39EC1A9810F800A90B13 /* RefugeOnboardPage1.xib in Resources */,
				CED0CB621A82A6D400F7F3D8 /* Main.storyboard in Resources */,
				DC8F39C91A9810B300A90B13 /* refuge-banner.png in Resources */,
				CED0CB671A82A6D400F7F3D8 /* LaunchScreen.xib in Resources */,
				DC8F39D71A9810B300A90B13 /* refuge-onboard3.png in Resources */,
				DC8F39F01A9810F800A90B13 /* RefugeOnboardPage3.xib in Resources */,
				DC8F39CD1A9810B300A90B13 /* refuge-details-unisex.png in Resources */,
				DC8F39EE1A9810F800A90B13 /* RefugeOnboardPage2.xib in Resources */,
				DC8F39D51A9810B300A90B13 /* refuge-onboard2.png in Resources */,
				DC8F39D91A9810B300A90B13 /* refuge-onboard4.png in Resources */,
				DC8F39C71A9810B300A90B13 /* refuge-background-bathroom.jpg in Resources */,
				DC8F39CB1A9810B300A90B13 /* refuge-details-accessible.png in Resources */,
				DC8F39F21A9810F800A90B13 /* RefugeOnboardPage4.xib in Resources */,
				DC8F39D31A9810B300A90B13 /* refuge-onboard1.png in Resources */,
				DC8F39D11A9810B300A90B13 /* refuge-map-pin.png in Resources */,
			);
			runOnlyForDeploymentPostprocessing = 0;
		};
		CED0CB6A1A82A6D500F7F3D8 /* Resources */ = {
			isa = PBXResourcesBuildPhase;
			buildActionMask = 2147483647;
			files = (
				DC8F39ED1A9810F800A90B13 /* RefugeOnboardPage1.xib in Resources */,
				DC8F39DA1A9810B300A90B13 /* refuge-onboard4.png in Resources */,
				DC8F39CC1A9810B300A90B13 /* refuge-details-accessible.png in Resources */,
				DC8F39F31A9810F800A90B13 /* RefugeOnboardPage4.xib in Resources */,
				DC8F39CA1A9810B300A90B13 /* refuge-banner.png in Resources */,
				DC8F39EF1A9810F800A90B13 /* RefugeOnboardPage2.xib in Resources */,
				DC8F39CE1A9810B300A90B13 /* refuge-details-unisex.png in Resources */,
				DC8F39D01A9810B300A90B13 /* refuge-map-crosshair.png in Resources */,
				CEA2401D1A86F6360083510F /* LaunchScreen.xib in Resources */,
				DC8F39F11A9810F800A90B13 /* RefugeOnboardPage3.xib in Resources */,
				DC8F39D81A9810B300A90B13 /* refuge-onboard3.png in Resources */,
				DC8F39D21A9810B300A90B13 /* refuge-map-pin.png in Resources */,
				DC8F39D61A9810B300A90B13 /* refuge-onboard2.png in Resources */,
				DC8F39C81A9810B300A90B13 /* refuge-background-bathroom.jpg in Resources */,
				DC8F39D41A9810B300A90B13 /* refuge-onboard1.png in Resources */,
			);
			runOnlyForDeploymentPostprocessing = 0;
		};
/* End PBXResourcesBuildPhase section */

/* Begin PBXShellScriptBuildPhase section */
		06CA8934E178226555B3B49B /* Check Pods Manifest.lock */ = {
			isa = PBXShellScriptBuildPhase;
			buildActionMask = 2147483647;
			files = (
			);
			inputPaths = (
			);
			name = "Check Pods Manifest.lock";
			outputPaths = (
			);
			runOnlyForDeploymentPostprocessing = 0;
			shellPath = /bin/sh;
			shellScript = "diff \"${PODS_ROOT}/../Podfile.lock\" \"${PODS_ROOT}/Manifest.lock\" > /dev/null\nif [[ $? != 0 ]] ; then\n    cat << EOM\nerror: The sandbox is not in sync with the Podfile.lock. Run 'pod install' or update your CocoaPods installation.\nEOM\n    exit 1\nfi\n";
			showEnvVarsInLog = 0;
		};
		1D69CA609FF701E4D138D1E9 /* Copy Pods Resources */ = {
			isa = PBXShellScriptBuildPhase;
			buildActionMask = 2147483647;
			files = (
			);
			inputPaths = (
			);
			name = "Copy Pods Resources";
			outputPaths = (
			);
			runOnlyForDeploymentPostprocessing = 0;
			shellPath = /bin/sh;
			shellScript = "\"${SRCROOT}/Pods/Target Support Files/Pods-refuge-ios/Pods-refuge-ios-resources.sh\"\n";
			showEnvVarsInLog = 0;
		};
		DCE6BB8A1A96CCCB006B9B8A /* ShellScript */ = {
			isa = PBXShellScriptBuildPhase;
			buildActionMask = 2147483647;
			files = (
			);
			inputPaths = (
			);
			outputPaths = (
			);
			runOnlyForDeploymentPostprocessing = 0;
			shellPath = /bin/sh;
			shellScript = "./Crashlytics.framework/run 55973203d8a92c52515240df5e712184276733b6 f43afcc2f2d159ed7651cb0630e0afbaa839d7853b8eae2bee864413ab2dfd14";
		};
/* End PBXShellScriptBuildPhase section */

/* Begin PBXSourcesBuildPhase section */
		CED0CB4C1A82A6D300F7F3D8 /* Sources */ = {
			isa = PBXSourcesBuildPhase;
			buildActionMask = 2147483647;
			files = (
				CED0CB591A82A6D400F7F3D8 /* RefugeAppDelegate.m in Sources */,
				DC8F395A1A980C6000A90B13 /* Mixpanel+Refuge.m in Sources */,
				DC8F39FF1A98113A00A90B13 /* RefugeNewRestroomViewController.m in Sources */,
				DC8F39B71A980FDE00A90B13 /* RefugeRestroom.m in Sources */,
				DC8F399B1A980E5800A90B13 /* RefugeRestroomBuilder.m in Sources */,
				CED0CB561A82A6D400F7F3D8 /* main.m in Sources */,
				DC8F3A011A98113A00A90B13 /* RefugeOnboardingViewController.m in Sources */,
				DC8F399D1A980E5800A90B13 /* RefugeSerialization.m in Sources */,
				DC8F395E1A980C6000A90B13 /* UIColor+Refuge.m in Sources */,
				DC8F397F1A980D5E00A90B13 /* RefugeRestroomManager.m in Sources */,
				DC8F397B1A980D5E00A90B13 /* RefugeHTTPSessionManager.m in Sources */,
				DC8F395C1A980C6000A90B13 /* NSDate+Refuge.m in Sources */,
				DC8F397D1A980D5E00A90B13 /* RefugeRestroomCommunicator.m in Sources */,
				DC8F39581A980C5F00A90B13 /* iRate+Refuge.m in Sources */,
				DC8F3A031A98113A00A90B13 /* RefugeRestroomDetailsViewController.m in Sources */,
				DC8F39B91A980FDE00A90B13 /* RefugeRestroomEntity.m in Sources */,
				DC8F39A31A980F0D00A90B13 /* RefugeMapPlace.m in Sources */,
				CED0CB5C1A82A6D400F7F3D8 /* refuge_ios.xcdatamodeld in Sources */,
				DC8F39EA1A9810F800A90B13 /* RefugeMapPin.m in Sources */,
				DC8F39A81A980F4800A90B13 /* RefugeSearch.m in Sources */,
				DC8F39FD1A98113A00A90B13 /* RefugeMapViewController.m in Sources */,
				DC8F39941A980E4F00A90B13 /* RefugeDataPersistenceManager.m in Sources */,
				DC8F39E81A9810F800A90B13 /* RefugeMap.m in Sources */,
				DC8F39601A980C6000A90B13 /* UIImage+Refuge.m in Sources */,
				DC8F39E61A9810F800A90B13 /* RefugeHUD.m in Sources */,
				CEA23FFF1A84278B0083510F /* RefugeAppState.m in Sources */,
			);
			runOnlyForDeploymentPostprocessing = 0;
		};
		CED0CB681A82A6D500F7F3D8 /* Sources */ = {
			isa = PBXSourcesBuildPhase;
			buildActionMask = 2147483647;
			files = (
				CEA23FF41A83DA5E0083510F /* MockRefugeRestroomCommunicator.m in Sources */,
				CED0CBAA1A83320F00F7F3D8 /* RefugeRestroomBuilderTests.m in Sources */,
				DCF866671A898A6700C73806 /* RefugeMapPlottingWorkflowTests.m in Sources */,
				DC8F39E91A9810F800A90B13 /* RefugeMap.m in Sources */,
				DC8F39EB1A9810F800A90B13 /* RefugeMapPin.m in Sources */,
				CEA23FFA1A841FD30083510F /* MockRefugeRestroomCommunicatorDelegate.m in Sources */,
				DC8F39A41A980F0D00A90B13 /* RefugeMapPlace.m in Sources */,
				DC8F397C1A980D5E00A90B13 /* RefugeHTTPSessionManager.m in Sources */,
				DC8F3A001A98113A00A90B13 /* RefugeNewRestroomViewController.m in Sources */,
				DCA355651A8C5A7100E3EDF8 /* MockRefugeMapDelegate.m in Sources */,
				DC8F395B1A980C6000A90B13 /* Mixpanel+Refuge.m in Sources */,
				DC8F3A041A98113A00A90B13 /* RefugeRestroomDetailsViewController.m in Sources */,
				DC8F399C1A980E5800A90B13 /* RefugeRestroomBuilder.m in Sources */,
				CEA23FED1A83D9F50083510F /* MockRefugeRestroomBuilder.m in Sources */,
				DC8F399E1A980E5800A90B13 /* RefugeSerialization.m in Sources */,
				DCA355541A8C47E400E3EDF8 /* RefugeMapTests.m in Sources */,
				CED0CBA01A83259100F7F3D8 /* RefugeRestroomTests.m in Sources */,
				DC8F39FE1A98113A00A90B13 /* RefugeMapViewController.m in Sources */,
				DC8F39591A980C6000A90B13 /* iRate+Refuge.m in Sources */,
				DC8F3A021A98113A00A90B13 /* RefugeOnboardingViewController.m in Sources */,
				DC8F39B81A980FDE00A90B13 /* RefugeRestroom.m in Sources */,
				CED0CBB61A833B9800F7F3D8 /* NSDate+RefugeTests.m in Sources */,
				DCA355401A8C1E6800E3EDF8 /* RefugeMapPinTests.m in Sources */,
				CEA240261A86FB850083510F /* RefugeHUDTests.m in Sources */,
				CEA240131A86CC9A0083510F /* MockRefugeDataPersistenceManager.m in Sources */,
				DCA355331A8BD87800E3EDF8 /* MockRefugeSearch.m in Sources */,
				DC8F39A91A980F4800A90B13 /* RefugeSearch.m in Sources */,
				CEA240001A84278B0083510F /* RefugeAppState.m in Sources */,
				DCA355431A8C210300E3EDF8 /* MockNSUserDefaults.m in Sources */,
				CEA23FDB1A835BBF0083510F /* RefugeRestroomManagerTests.m in Sources */,
				DC8F39951A980E4F00A90B13 /* RefugeDataPersistenceManager.m in Sources */,
				DC8F39E71A9810F800A90B13 /* RefugeHUD.m in Sources */,
				CEA23FFC1A8426A60083510F /* RefugeAppStateTests.m in Sources */,
				DC8F395D1A980C6000A90B13 /* NSDate+Refuge.m in Sources */,
				DC8F39611A980C6000A90B13 /* UIImage+Refuge.m in Sources */,
				CEA23FF71A841BB00083510F /* RefugeRestroomCommunicatorTests.m in Sources */,
				DC8F397E1A980D5E00A90B13 /* RefugeRestroomCommunicator.m in Sources */,
				CEA23FE51A83D8150083510F /* RefugeRestroomCreationWorkflowTests.m in Sources */,
				DCF8666A1A89985100C73806 /* MockRefugeHUD.m in Sources */,
				DC8F39801A980D5E00A90B13 /* RefugeRestroomManager.m in Sources */,
				CEA23FEA1A83D9C00083510F /* MockRefugeRestroomManagerDelegate.m in Sources */,
				DC8F395F1A980C6000A90B13 /* UIColor+Refuge.m in Sources */,
				DCA3555E1A8C575200E3EDF8 /* UIImage+RefugeTests.m in Sources */,
				DCA355351A8BD91A00E3EDF8 /* RefugeSearchTests.m in Sources */,
				DC8F39BA1A980FDE00A90B13 /* RefugeRestroomEntity.m in Sources */,
			);
			runOnlyForDeploymentPostprocessing = 0;
		};
/* End PBXSourcesBuildPhase section */

/* Begin PBXTargetDependency section */
		CED0CB6E1A82A6D500F7F3D8 /* PBXTargetDependency */ = {
			isa = PBXTargetDependency;
			target = CED0CB4F1A82A6D300F7F3D8 /* refuge-ios */;
			targetProxy = CED0CB6D1A82A6D500F7F3D8 /* PBXContainerItemProxy */;
		};
/* End PBXTargetDependency section */

/* Begin PBXVariantGroup section */
		CED0CB601A82A6D400F7F3D8 /* Main.storyboard */ = {
			isa = PBXVariantGroup;
			children = (
				CED0CB611A82A6D400F7F3D8 /* Base */,
			);
			name = Main.storyboard;
			sourceTree = "<group>";
		};
		CED0CB651A82A6D400F7F3D8 /* LaunchScreen.xib */ = {
			isa = PBXVariantGroup;
			children = (
				CED0CB661A82A6D400F7F3D8 /* Base */,
			);
			name = LaunchScreen.xib;
			sourceTree = "<group>";
		};
/* End PBXVariantGroup section */

/* Begin XCBuildConfiguration section */
		CED0CB741A82A6D500F7F3D8 /* Debug */ = {
			isa = XCBuildConfiguration;
			buildSettings = {
				ALWAYS_SEARCH_USER_PATHS = NO;
				CLANG_CXX_LANGUAGE_STANDARD = "gnu++0x";
				CLANG_CXX_LIBRARY = "libc++";
				CLANG_ENABLE_MODULES = YES;
				CLANG_ENABLE_OBJC_ARC = YES;
				CLANG_WARN_BOOL_CONVERSION = YES;
				CLANG_WARN_CONSTANT_CONVERSION = YES;
				CLANG_WARN_DIRECT_OBJC_ISA_USAGE = YES_ERROR;
				CLANG_WARN_EMPTY_BODY = YES;
				CLANG_WARN_ENUM_CONVERSION = YES;
				CLANG_WARN_INT_CONVERSION = YES;
				CLANG_WARN_OBJC_ROOT_CLASS = YES_ERROR;
				CLANG_WARN_UNREACHABLE_CODE = YES;
				CLANG_WARN__DUPLICATE_METHOD_MATCH = YES;
				"CODE_SIGN_IDENTITY[sdk=iphoneos*]" = "iPhone Developer";
				COPY_PHASE_STRIP = NO;
				ENABLE_STRICT_OBJC_MSGSEND = YES;
				GCC_C_LANGUAGE_STANDARD = gnu99;
				GCC_DYNAMIC_NO_PIC = NO;
				GCC_OPTIMIZATION_LEVEL = 0;
				GCC_PREPROCESSOR_DEFINITIONS = (
					"DEBUG=1",
					"$(inherited)",
				);
				GCC_SYMBOLS_PRIVATE_EXTERN = NO;
				GCC_WARN_64_TO_32_BIT_CONVERSION = YES;
				GCC_WARN_ABOUT_RETURN_TYPE = YES_ERROR;
				GCC_WARN_UNDECLARED_SELECTOR = YES;
				GCC_WARN_UNINITIALIZED_AUTOS = YES_AGGRESSIVE;
				GCC_WARN_UNUSED_FUNCTION = YES;
				GCC_WARN_UNUSED_VARIABLE = YES;
				IPHONEOS_DEPLOYMENT_TARGET = 8.0;
				MTL_ENABLE_DEBUG_INFO = YES;
				ONLY_ACTIVE_ARCH = YES;
				SDKROOT = iphoneos;
			};
			name = Debug;
		};
		CED0CB751A82A6D500F7F3D8 /* Release */ = {
			isa = XCBuildConfiguration;
			buildSettings = {
				ALWAYS_SEARCH_USER_PATHS = NO;
				CLANG_CXX_LANGUAGE_STANDARD = "gnu++0x";
				CLANG_CXX_LIBRARY = "libc++";
				CLANG_ENABLE_MODULES = YES;
				CLANG_ENABLE_OBJC_ARC = YES;
				CLANG_WARN_BOOL_CONVERSION = YES;
				CLANG_WARN_CONSTANT_CONVERSION = YES;
				CLANG_WARN_DIRECT_OBJC_ISA_USAGE = YES_ERROR;
				CLANG_WARN_EMPTY_BODY = YES;
				CLANG_WARN_ENUM_CONVERSION = YES;
				CLANG_WARN_INT_CONVERSION = YES;
				CLANG_WARN_OBJC_ROOT_CLASS = YES_ERROR;
				CLANG_WARN_UNREACHABLE_CODE = YES;
				CLANG_WARN__DUPLICATE_METHOD_MATCH = YES;
				"CODE_SIGN_IDENTITY[sdk=iphoneos*]" = "iPhone Developer";
				COPY_PHASE_STRIP = YES;
				ENABLE_NS_ASSERTIONS = NO;
				ENABLE_STRICT_OBJC_MSGSEND = YES;
				GCC_C_LANGUAGE_STANDARD = gnu99;
				GCC_WARN_64_TO_32_BIT_CONVERSION = YES;
				GCC_WARN_ABOUT_RETURN_TYPE = YES_ERROR;
				GCC_WARN_UNDECLARED_SELECTOR = YES;
				GCC_WARN_UNINITIALIZED_AUTOS = YES_AGGRESSIVE;
				GCC_WARN_UNUSED_FUNCTION = YES;
				GCC_WARN_UNUSED_VARIABLE = YES;
				IPHONEOS_DEPLOYMENT_TARGET = 8.0;
				MTL_ENABLE_DEBUG_INFO = NO;
				SDKROOT = iphoneos;
				VALIDATE_PRODUCT = YES;
			};
			name = Release;
		};
		CED0CB771A82A6D500F7F3D8 /* Debug */ = {
			isa = XCBuildConfiguration;
			baseConfigurationReference = D67BB335B17D0B597EE2123D /* Pods-refuge-ios.debug.xcconfig */;
			buildSettings = {
				ASSETCATALOG_COMPILER_APPICON_NAME = AppIcon;
				CODE_SIGN_IDENTITY = "iPhone Developer";
				FRAMEWORK_SEARCH_PATHS = (
					"$(inherited)",
					"$(PROJECT_DIR)",
				);
				GCC_PREPROCESSOR_DEFINITIONS = (
					"$(inherited)",
					"COCOAPODS=1",
					"MIXPANEL_DEBUG=1",
					"MIXPANEL_ERROR=1",
				);
				GCC_TREAT_WARNINGS_AS_ERRORS = YES;
				INFOPLIST_FILE = "refuge-ios/Info.plist";
				IPHONEOS_DEPLOYMENT_TARGET = 8.0;
				LD_RUNPATH_SEARCH_PATHS = "$(inherited) @executable_path/Frameworks";
				PRODUCT_NAME = "$(TARGET_NAME)";
			};
			name = Debug;
		};
		CED0CB781A82A6D500F7F3D8 /* Release */ = {
			isa = XCBuildConfiguration;
			baseConfigurationReference = D938493C66A1C4E8E58FEA67 /* Pods-refuge-ios.release.xcconfig */;
			buildSettings = {
				ASSETCATALOG_COMPILER_APPICON_NAME = AppIcon;
				CODE_SIGN_IDENTITY = "iPhone Developer";
				FRAMEWORK_SEARCH_PATHS = (
					"$(inherited)",
					"$(PROJECT_DIR)",
				);
				GCC_TREAT_WARNINGS_AS_ERRORS = YES;
				INFOPLIST_FILE = "refuge-ios/Info.plist";
				IPHONEOS_DEPLOYMENT_TARGET = 8.0;
				LD_RUNPATH_SEARCH_PATHS = "$(inherited) @executable_path/Frameworks";
				PRODUCT_NAME = "$(TARGET_NAME)";
			};
			name = Release;
		};
		CED0CB7A1A82A6D500F7F3D8 /* Debug */ = {
			isa = XCBuildConfiguration;
			baseConfigurationReference = D67BB335B17D0B597EE2123D /* Pods-refuge-ios.debug.xcconfig */;
			buildSettings = {
				BUNDLE_LOADER = "$(TEST_HOST)";
				FRAMEWORK_SEARCH_PATHS = (
					"$(SDKROOT)/Developer/Library/Frameworks",
					"$(inherited)",
				);
				GCC_PREPROCESSOR_DEFINITIONS = (
					"DEBUG=1",
					"$(inherited)",
				);
				INFOPLIST_FILE = "refuge-iosTests/Info.plist";
				LD_RUNPATH_SEARCH_PATHS = "$(inherited) @executable_path/Frameworks @loader_path/Frameworks";
				PRODUCT_NAME = "$(TARGET_NAME)";
				TEST_HOST = "$(BUILT_PRODUCTS_DIR)/refuge-ios.app/refuge-ios";
			};
			name = Debug;
		};
		CED0CB7B1A82A6D500F7F3D8 /* Release */ = {
			isa = XCBuildConfiguration;
			baseConfigurationReference = D938493C66A1C4E8E58FEA67 /* Pods-refuge-ios.release.xcconfig */;
			buildSettings = {
				BUNDLE_LOADER = "$(TEST_HOST)";
				FRAMEWORK_SEARCH_PATHS = (
					"$(SDKROOT)/Developer/Library/Frameworks",
					"$(inherited)",
				);
				INFOPLIST_FILE = "refuge-iosTests/Info.plist";
				LD_RUNPATH_SEARCH_PATHS = "$(inherited) @executable_path/Frameworks @loader_path/Frameworks";
				PRODUCT_NAME = "$(TARGET_NAME)";
				TEST_HOST = "$(BUILT_PRODUCTS_DIR)/refuge-ios.app/refuge-ios";
			};
			name = Release;
		};
/* End XCBuildConfiguration section */

/* Begin XCConfigurationList section */
		CED0CB4B1A82A6D300F7F3D8 /* Build configuration list for PBXProject "refuge-ios" */ = {
			isa = XCConfigurationList;
			buildConfigurations = (
				CED0CB741A82A6D500F7F3D8 /* Debug */,
				CED0CB751A82A6D500F7F3D8 /* Release */,
			);
			defaultConfigurationIsVisible = 0;
			defaultConfigurationName = Release;
		};
		CED0CB761A82A6D500F7F3D8 /* Build configuration list for PBXNativeTarget "refuge-ios" */ = {
			isa = XCConfigurationList;
			buildConfigurations = (
				CED0CB771A82A6D500F7F3D8 /* Debug */,
				CED0CB781A82A6D500F7F3D8 /* Release */,
			);
			defaultConfigurationIsVisible = 0;
			defaultConfigurationName = Release;
		};
		CED0CB791A82A6D500F7F3D8 /* Build configuration list for PBXNativeTarget "refuge-iosTests" */ = {
			isa = XCConfigurationList;
			buildConfigurations = (
				CED0CB7A1A82A6D500F7F3D8 /* Debug */,
				CED0CB7B1A82A6D500F7F3D8 /* Release */,
			);
			defaultConfigurationIsVisible = 0;
			defaultConfigurationName = Release;
		};
/* End XCConfigurationList section */

/* Begin XCVersionGroup section */
		CED0CB5A1A82A6D400F7F3D8 /* refuge_ios.xcdatamodeld */ = {
			isa = XCVersionGroup;
			children = (
				CED0CB5B1A82A6D400F7F3D8 /* refuge_ios.xcdatamodel */,
			);
			currentVersion = CED0CB5B1A82A6D400F7F3D8 /* refuge_ios.xcdatamodel */;
			path = refuge_ios.xcdatamodeld;
			sourceTree = "<group>";
			versionGroupType = wrapper.xcdatamodel;
		};
/* End XCVersionGroup section */
	};
	rootObject = CED0CB481A82A6D300F7F3D8 /* Project object */;
}
