// !$*UTF8*$!
{
	archiveVersion = 1;
	classes = {
	};
	objectVersion = 46;
	objects = {

/* Begin PBXBuildFile section */
		0DC72DF2C778FB11669B38CD /* libPods-refuge-ios.a in Frameworks */ = {isa = PBXBuildFile; fileRef = 959014171F527C71C6D9EB85 /* libPods-refuge-ios.a */; };
		CEA23FDB1A835BBF0083510F /* RefugeRestroomManagerTests.m in Sources */ = {isa = PBXBuildFile; fileRef = CEA23FDA1A835BBF0083510F /* RefugeRestroomManagerTests.m */; };
		CEA23FDF1A835C7B0083510F /* RefugeRestroomManager.m in Sources */ = {isa = PBXBuildFile; fileRef = CEA23FDE1A835C7B0083510F /* RefugeRestroomManager.m */; };
		CEA23FE01A835C7B0083510F /* RefugeRestroomManager.m in Sources */ = {isa = PBXBuildFile; fileRef = CEA23FDE1A835C7B0083510F /* RefugeRestroomManager.m */; };
		CEA23FE51A83D8150083510F /* RefugeRestroomCreationWorkflowTests.m in Sources */ = {isa = PBXBuildFile; fileRef = CEA23FE41A83D8150083510F /* RefugeRestroomCreationWorkflowTests.m */; };
		CEA23FEA1A83D9C00083510F /* MockRefugeRestroomManagerDelegate.m in Sources */ = {isa = PBXBuildFile; fileRef = CEA23FE91A83D9C00083510F /* MockRefugeRestroomManagerDelegate.m */; };
		CEA23FED1A83D9F50083510F /* MockRefugeRestroomBuilder.m in Sources */ = {isa = PBXBuildFile; fileRef = CEA23FEC1A83D9F50083510F /* MockRefugeRestroomBuilder.m */; };
		CEA23FF01A83DA2C0083510F /* RefugeRestroomCommunicator.m in Sources */ = {isa = PBXBuildFile; fileRef = CEA23FEF1A83DA2C0083510F /* RefugeRestroomCommunicator.m */; };
		CEA23FF11A83DA2C0083510F /* RefugeRestroomCommunicator.m in Sources */ = {isa = PBXBuildFile; fileRef = CEA23FEF1A83DA2C0083510F /* RefugeRestroomCommunicator.m */; };
		CEA23FF41A83DA5E0083510F /* MockRefugeRestroomCommunicator.m in Sources */ = {isa = PBXBuildFile; fileRef = CEA23FF31A83DA5E0083510F /* MockRefugeRestroomCommunicator.m */; };
		CEA23FF71A841BB00083510F /* RefugeRestroomCommunicatorTests.m in Sources */ = {isa = PBXBuildFile; fileRef = CEA23FF61A841BB00083510F /* RefugeRestroomCommunicatorTests.m */; };
		CEA23FFA1A841FD30083510F /* MockRefugeRestroomCommunicatorDelegate.m in Sources */ = {isa = PBXBuildFile; fileRef = CEA23FF91A841FD30083510F /* MockRefugeRestroomCommunicatorDelegate.m */; };
		CEA23FFC1A8426A60083510F /* RefugeAppStateTests.m in Sources */ = {isa = PBXBuildFile; fileRef = CEA23FFB1A8426A60083510F /* RefugeAppStateTests.m */; };
		CEA23FFF1A84278B0083510F /* RefugeAppState.m in Sources */ = {isa = PBXBuildFile; fileRef = CEA23FFE1A84278B0083510F /* RefugeAppState.m */; };
		CEA240001A84278B0083510F /* RefugeAppState.m in Sources */ = {isa = PBXBuildFile; fileRef = CEA23FFE1A84278B0083510F /* RefugeAppState.m */; };
		CEA240061A8444A60083510F /* RefugeHTTPSessionManager.m in Sources */ = {isa = PBXBuildFile; fileRef = CEA240051A8444A60083510F /* RefugeHTTPSessionManager.m */; };
		CEA240071A8444A60083510F /* RefugeHTTPSessionManager.m in Sources */ = {isa = PBXBuildFile; fileRef = CEA240051A8444A60083510F /* RefugeHTTPSessionManager.m */; };
		CEA2400A1A86BB750083510F /* RefugeRestroomEntity.m in Sources */ = {isa = PBXBuildFile; fileRef = CEA240091A86BB750083510F /* RefugeRestroomEntity.m */; };
		CEA2400B1A86BB750083510F /* RefugeRestroomEntity.m in Sources */ = {isa = PBXBuildFile; fileRef = CEA240091A86BB750083510F /* RefugeRestroomEntity.m */; };
		CEA2400E1A86BD110083510F /* RefugeDataPersistenceManager.m in Sources */ = {isa = PBXBuildFile; fileRef = CEA2400D1A86BD110083510F /* RefugeDataPersistenceManager.m */; };
		CEA2400F1A86BD110083510F /* RefugeDataPersistenceManager.m in Sources */ = {isa = PBXBuildFile; fileRef = CEA2400D1A86BD110083510F /* RefugeDataPersistenceManager.m */; };
		CEA240131A86CC9A0083510F /* MockRefugeDataPersistenceManager.m in Sources */ = {isa = PBXBuildFile; fileRef = CEA240121A86CC9A0083510F /* MockRefugeDataPersistenceManager.m */; };
		CEA240171A86DEA90083510F /* UIColor+Refuge.m in Sources */ = {isa = PBXBuildFile; fileRef = CEA240161A86DEA90083510F /* UIColor+Refuge.m */; };
		CEA240181A86DEA90083510F /* UIColor+Refuge.m in Sources */ = {isa = PBXBuildFile; fileRef = CEA240161A86DEA90083510F /* UIColor+Refuge.m */; };
		CEA2401B1A86ED190083510F /* RefugeRestroomDetailsViewController.m in Sources */ = {isa = PBXBuildFile; fileRef = CEA2401A1A86ED190083510F /* RefugeRestroomDetailsViewController.m */; };
		CEA2401C1A86ED190083510F /* RefugeRestroomDetailsViewController.m in Sources */ = {isa = PBXBuildFile; fileRef = CEA2401A1A86ED190083510F /* RefugeRestroomDetailsViewController.m */; };
		CEA2401D1A86F6360083510F /* LaunchScreen.xib in Resources */ = {isa = PBXBuildFile; fileRef = CED0CB651A82A6D400F7F3D8 /* LaunchScreen.xib */; };
		CEA2401F1A86F9410083510F /* MapKit.framework in Frameworks */ = {isa = PBXBuildFile; fileRef = CEA2401E1A86F9410083510F /* MapKit.framework */; };
		CEA240231A86FB6D0083510F /* RefugeHUD.m in Sources */ = {isa = PBXBuildFile; fileRef = CEA240221A86FB6D0083510F /* RefugeHUD.m */; };
		CEA240241A86FB6D0083510F /* RefugeHUD.m in Sources */ = {isa = PBXBuildFile; fileRef = CEA240221A86FB6D0083510F /* RefugeHUD.m */; };
		CEA240261A86FB850083510F /* RefugeHUDTests.m in Sources */ = {isa = PBXBuildFile; fileRef = CEA240251A86FB850083510F /* RefugeHUDTests.m */; };
		CEA240281A8702E20083510F /* CoreLocation.framework in Frameworks */ = {isa = PBXBuildFile; fileRef = CEA240271A8702E20083510F /* CoreLocation.framework */; };
		CED0CB561A82A6D400F7F3D8 /* main.m in Sources */ = {isa = PBXBuildFile; fileRef = CED0CB551A82A6D400F7F3D8 /* main.m */; };
		CED0CB591A82A6D400F7F3D8 /* RefugeAppDelegate.m in Sources */ = {isa = PBXBuildFile; fileRef = CED0CB581A82A6D400F7F3D8 /* RefugeAppDelegate.m */; };
		CED0CB5C1A82A6D400F7F3D8 /* refuge_ios.xcdatamodeld in Sources */ = {isa = PBXBuildFile; fileRef = CED0CB5A1A82A6D400F7F3D8 /* refuge_ios.xcdatamodeld */; };
		CED0CB5F1A82A6D400F7F3D8 /* RefugeMapViewController.m in Sources */ = {isa = PBXBuildFile; fileRef = CED0CB5E1A82A6D400F7F3D8 /* RefugeMapViewController.m */; };
		CED0CB621A82A6D400F7F3D8 /* Main.storyboard in Resources */ = {isa = PBXBuildFile; fileRef = CED0CB601A82A6D400F7F3D8 /* Main.storyboard */; };
		CED0CB671A82A6D400F7F3D8 /* LaunchScreen.xib in Resources */ = {isa = PBXBuildFile; fileRef = CED0CB651A82A6D400F7F3D8 /* LaunchScreen.xib */; };
		CED0CBA01A83259100F7F3D8 /* RefugeRestroomTests.m in Sources */ = {isa = PBXBuildFile; fileRef = CED0CB9F1A83259100F7F3D8 /* RefugeRestroomTests.m */; };
		CED0CBA31A83261E00F7F3D8 /* RefugeRestroom.m in Sources */ = {isa = PBXBuildFile; fileRef = CED0CBA21A83261E00F7F3D8 /* RefugeRestroom.m */; };
		CED0CBA41A83261E00F7F3D8 /* RefugeRestroom.m in Sources */ = {isa = PBXBuildFile; fileRef = CED0CBA21A83261E00F7F3D8 /* RefugeRestroom.m */; };
		CED0CBAA1A83320F00F7F3D8 /* RefugeRestroomBuilderTests.m in Sources */ = {isa = PBXBuildFile; fileRef = CED0CBA91A83320F00F7F3D8 /* RefugeRestroomBuilderTests.m */; };
		CED0CBAE1A8332B200F7F3D8 /* RefugeRestroomBuilder.m in Sources */ = {isa = PBXBuildFile; fileRef = CED0CBAD1A8332B200F7F3D8 /* RefugeRestroomBuilder.m */; };
		CED0CBAF1A8332B200F7F3D8 /* RefugeRestroomBuilder.m in Sources */ = {isa = PBXBuildFile; fileRef = CED0CBAD1A8332B200F7F3D8 /* RefugeRestroomBuilder.m */; };
		CED0CBB31A83342F00F7F3D8 /* NSDate+Refuge.m in Sources */ = {isa = PBXBuildFile; fileRef = CED0CBB21A83342F00F7F3D8 /* NSDate+Refuge.m */; };
		CED0CBB41A83342F00F7F3D8 /* NSDate+Refuge.m in Sources */ = {isa = PBXBuildFile; fileRef = CED0CBB21A83342F00F7F3D8 /* NSDate+Refuge.m */; };
		CED0CBB61A833B9800F7F3D8 /* NSDate+RefugeTests.m in Sources */ = {isa = PBXBuildFile; fileRef = CED0CBB51A833B9800F7F3D8 /* NSDate+RefugeTests.m */; };
		CED0CBBC1A83517D00F7F3D8 /* RefugeSerialization.m in Sources */ = {isa = PBXBuildFile; fileRef = CED0CBBB1A83517D00F7F3D8 /* RefugeSerialization.m */; };
		CED0CBBD1A83517D00F7F3D8 /* RefugeSerialization.m in Sources */ = {isa = PBXBuildFile; fileRef = CED0CBBB1A83517D00F7F3D8 /* RefugeSerialization.m */; };
		DC0CFC5D1A8EAEF9000AA09D /* refuge-details-unisex.png in Resources */ = {isa = PBXBuildFile; fileRef = DC0CFC5B1A8EAEF9000AA09D /* refuge-details-unisex.png */; };
		DC0CFC5E1A8EAEF9000AA09D /* refuge-details-accessible.png in Resources */ = {isa = PBXBuildFile; fileRef = DC0CFC5C1A8EAEF9000AA09D /* refuge-details-accessible.png */; };
		DC0CFC601A8EC3B1000AA09D /* refuge-background-bathroom.jpg in Resources */ = {isa = PBXBuildFile; fileRef = DC0CFC5F1A8EC3B1000AA09D /* refuge-background-bathroom.jpg */; };
		DC18859B1A92C9B200F72222 /* refuge-onboard1.png in Resources */ = {isa = PBXBuildFile; fileRef = DC1885971A92C9B200F72222 /* refuge-onboard1.png */; };
		DC18859C1A92C9B200F72222 /* refuge-onboard2.png in Resources */ = {isa = PBXBuildFile; fileRef = DC1885981A92C9B200F72222 /* refuge-onboard2.png */; };
		DC18859D1A92C9B200F72222 /* refuge-onboard3.png in Resources */ = {isa = PBXBuildFile; fileRef = DC1885991A92C9B200F72222 /* refuge-onboard3.png */; };
		DC18859E1A92C9B200F72222 /* refuge-onboard4.png in Resources */ = {isa = PBXBuildFile; fileRef = DC18859A1A92C9B200F72222 /* refuge-onboard4.png */; };
		DC3A1CB51A927F5100445D33 /* Images.xcassets in Resources */ = {isa = PBXBuildFile; fileRef = DC3A1CB41A927F5100445D33 /* Images.xcassets */; };
		DC3A1CB71A927FCA00445D33 /* refuge-banner.png in Resources */ = {isa = PBXBuildFile; fileRef = DC3A1CB61A927FCA00445D33 /* refuge-banner.png */; };
		DC3A1CBE1A92959B00445D33 /* RefugeOnboardingViewController.m in Sources */ = {isa = PBXBuildFile; fileRef = DC3A1CBD1A92959B00445D33 /* RefugeOnboardingViewController.m */; };
		DC3A1CBF1A92959B00445D33 /* RefugeOnboardingViewController.m in Sources */ = {isa = PBXBuildFile; fileRef = DC3A1CBD1A92959B00445D33 /* RefugeOnboardingViewController.m */; };
		DC4D6FDF1A9523ED00F1698E /* refuge-map-crosshair.png in Resources */ = {isa = PBXBuildFile; fileRef = DC4D6FDE1A9523ED00F1698E /* refuge-map-crosshair.png */; };
		DC4D6FE21A967F9100F1698E /* iRate+Refuge.m in Sources */ = {isa = PBXBuildFile; fileRef = DC4D6FE11A967F9100F1698E /* iRate+Refuge.m */; };
		DC4D6FE31A967F9100F1698E /* iRate+Refuge.m in Sources */ = {isa = PBXBuildFile; fileRef = DC4D6FE11A967F9100F1698E /* iRate+Refuge.m */; };
		DC8C79D01A93D21200BBED77 /* RefugeOnboardPage1.xib in Resources */ = {isa = PBXBuildFile; fileRef = DC8C79CF1A93D21200BBED77 /* RefugeOnboardPage1.xib */; };
		DC8C79D21A93EA3300BBED77 /* RefugeOnboardPage2.xib in Resources */ = {isa = PBXBuildFile; fileRef = DC8C79D11A93EA3300BBED77 /* RefugeOnboardPage2.xib */; };
		DC8C79D41A93EC6C00BBED77 /* RefugeOnboardPage3.xib in Resources */ = {isa = PBXBuildFile; fileRef = DC8C79D31A93EC6C00BBED77 /* RefugeOnboardPage3.xib */; };
		DC8C79D61A93EC7800BBED77 /* RefugeOnboardPage4.xib in Resources */ = {isa = PBXBuildFile; fileRef = DC8C79D51A93EC7800BBED77 /* RefugeOnboardPage4.xib */; };
		DCA355331A8BD87800E3EDF8 /* MockRefugeSearch.m in Sources */ = {isa = PBXBuildFile; fileRef = DCA355321A8BD87800E3EDF8 /* MockRefugeSearch.m */; };
		DCA355351A8BD91A00E3EDF8 /* RefugeSearchTests.m in Sources */ = {isa = PBXBuildFile; fileRef = DCA355341A8BD91A00E3EDF8 /* RefugeSearchTests.m */; };
		DCA355401A8C1E6800E3EDF8 /* RefugeMapPinTests.m in Sources */ = {isa = PBXBuildFile; fileRef = DCA3553F1A8C1E6800E3EDF8 /* RefugeMapPinTests.m */; };
		DCA355431A8C210300E3EDF8 /* MockNSUserDefaults.m in Sources */ = {isa = PBXBuildFile; fileRef = DCA355421A8C210300E3EDF8 /* MockNSUserDefaults.m */; };
		DCA355511A8C458300E3EDF8 /* RefugeMap.m in Sources */ = {isa = PBXBuildFile; fileRef = DCA355501A8C458300E3EDF8 /* RefugeMap.m */; };
		DCA355521A8C458300E3EDF8 /* RefugeMap.m in Sources */ = {isa = PBXBuildFile; fileRef = DCA355501A8C458300E3EDF8 /* RefugeMap.m */; };
		DCA355541A8C47E400E3EDF8 /* RefugeMapTests.m in Sources */ = {isa = PBXBuildFile; fileRef = DCA355531A8C47E400E3EDF8 /* RefugeMapTests.m */; };
		DCA355571A8C514200E3EDF8 /* refuge-map-pin.png in Resources */ = {isa = PBXBuildFile; fileRef = DCA355561A8C514200E3EDF8 /* refuge-map-pin.png */; };
		DCA355581A8C514200E3EDF8 /* refuge-map-pin.png in Resources */ = {isa = PBXBuildFile; fileRef = DCA355561A8C514200E3EDF8 /* refuge-map-pin.png */; };
		DCA3555B1A8C566500E3EDF8 /* UIImage+Refuge.m in Sources */ = {isa = PBXBuildFile; fileRef = DCA3555A1A8C566500E3EDF8 /* UIImage+Refuge.m */; };
		DCA3555C1A8C566500E3EDF8 /* UIImage+Refuge.m in Sources */ = {isa = PBXBuildFile; fileRef = DCA3555A1A8C566500E3EDF8 /* UIImage+Refuge.m */; };
		DCA3555E1A8C575200E3EDF8 /* UIImage+RefugeTests.m in Sources */ = {isa = PBXBuildFile; fileRef = DCA3555D1A8C575200E3EDF8 /* UIImage+RefugeTests.m */; };
		DCA355651A8C5A7100E3EDF8 /* MockRefugeMapDelegate.m in Sources */ = {isa = PBXBuildFile; fileRef = DCA355641A8C5A7100E3EDF8 /* MockRefugeMapDelegate.m */; };
		DCB079771A8AE95600945880 /* RefugeMapPlace.m in Sources */ = {isa = PBXBuildFile; fileRef = DCB079761A8AE95600945880 /* RefugeMapPlace.m */; };
		DCB079781A8AE95600945880 /* RefugeMapPlace.m in Sources */ = {isa = PBXBuildFile; fileRef = DCB079761A8AE95600945880 /* RefugeMapPlace.m */; };
		DCDC5D131A94178600381664 /* RefugeNewRestroomViewController.m in Sources */ = {isa = PBXBuildFile; fileRef = DCDC5D121A94178600381664 /* RefugeNewRestroomViewController.m */; };
		DCDC5D141A94178600381664 /* RefugeNewRestroomViewController.m in Sources */ = {isa = PBXBuildFile; fileRef = DCDC5D121A94178600381664 /* RefugeNewRestroomViewController.m */; };
		DCE6BB881A968C0A006B9B8A /* Mixpanel+Refuge.m in Sources */ = {isa = PBXBuildFile; fileRef = DCE6BB871A968C0A006B9B8A /* Mixpanel+Refuge.m */; };
		DCE6BB891A968C0A006B9B8A /* Mixpanel+Refuge.m in Sources */ = {isa = PBXBuildFile; fileRef = DCE6BB871A968C0A006B9B8A /* Mixpanel+Refuge.m */; };
		DCE6BB8C1A96CD08006B9B8A /* Crashlytics.framework in Frameworks */ = {isa = PBXBuildFile; fileRef = DCE6BB8B1A96CD08006B9B8A /* Crashlytics.framework */; };
		DCF866671A898A6700C73806 /* RefugeMapPlottingWorkflowTests.m in Sources */ = {isa = PBXBuildFile; fileRef = DCF866661A898A6700C73806 /* RefugeMapPlottingWorkflowTests.m */; };
		DCF8666A1A89985100C73806 /* MockRefugeHUD.m in Sources */ = {isa = PBXBuildFile; fileRef = DCF866691A89985100C73806 /* MockRefugeHUD.m */; };
		DCF8666D1A89BAD600C73806 /* RefugeMapPin.m in Sources */ = {isa = PBXBuildFile; fileRef = DCF8666C1A89BAD500C73806 /* RefugeMapPin.m */; };
		DCF8666E1A89BAD600C73806 /* RefugeMapPin.m in Sources */ = {isa = PBXBuildFile; fileRef = DCF8666C1A89BAD500C73806 /* RefugeMapPin.m */; };
		DCF8667C1A8AD1C100C73806 /* RefugeSearch.m in Sources */ = {isa = PBXBuildFile; fileRef = DCF8667B1A8AD1C100C73806 /* RefugeSearch.m */; };
		DCF8667D1A8AD1C100C73806 /* RefugeSearch.m in Sources */ = {isa = PBXBuildFile; fileRef = DCF8667B1A8AD1C100C73806 /* RefugeSearch.m */; };
/* End PBXBuildFile section */

/* Begin PBXContainerItemProxy section */
		CED0CB6D1A82A6D500F7F3D8 /* PBXContainerItemProxy */ = {
			isa = PBXContainerItemProxy;
			containerPortal = CED0CB481A82A6D300F7F3D8 /* Project object */;
			proxyType = 1;
			remoteGlobalIDString = CED0CB4F1A82A6D300F7F3D8;
			remoteInfo = "refuge-ios";
		};
/* End PBXContainerItemProxy section */

/* Begin PBXFileReference section */
		959014171F527C71C6D9EB85 /* libPods-refuge-ios.a */ = {isa = PBXFileReference; explicitFileType = archive.ar; includeInIndex = 0; path = "libPods-refuge-ios.a"; sourceTree = BUILT_PRODUCTS_DIR; };
		CEA23FDA1A835BBF0083510F /* RefugeRestroomManagerTests.m */ = {isa = PBXFileReference; fileEncoding = 4; lastKnownFileType = sourcecode.c.objc; path = RefugeRestroomManagerTests.m; sourceTree = "<group>"; };
		CEA23FDD1A835C7B0083510F /* RefugeRestroomManager.h */ = {isa = PBXFileReference; fileEncoding = 4; lastKnownFileType = sourcecode.c.h; path = RefugeRestroomManager.h; sourceTree = "<group>"; };
		CEA23FDE1A835C7B0083510F /* RefugeRestroomManager.m */ = {isa = PBXFileReference; fileEncoding = 4; lastKnownFileType = sourcecode.c.objc; path = RefugeRestroomManager.m; sourceTree = "<group>"; };
		CEA23FE41A83D8150083510F /* RefugeRestroomCreationWorkflowTests.m */ = {isa = PBXFileReference; fileEncoding = 4; lastKnownFileType = sourcecode.c.objc; path = RefugeRestroomCreationWorkflowTests.m; sourceTree = "<group>"; };
		CEA23FE61A83D9480083510F /* RefugeRestroomManagerDelegate.h */ = {isa = PBXFileReference; fileEncoding = 4; lastKnownFileType = sourcecode.c.h; path = RefugeRestroomManagerDelegate.h; sourceTree = "<group>"; };
		CEA23FE81A83D9C00083510F /* MockRefugeRestroomManagerDelegate.h */ = {isa = PBXFileReference; fileEncoding = 4; lastKnownFileType = sourcecode.c.h; path = MockRefugeRestroomManagerDelegate.h; sourceTree = "<group>"; };
		CEA23FE91A83D9C00083510F /* MockRefugeRestroomManagerDelegate.m */ = {isa = PBXFileReference; fileEncoding = 4; lastKnownFileType = sourcecode.c.objc; path = MockRefugeRestroomManagerDelegate.m; sourceTree = "<group>"; };
		CEA23FEB1A83D9F50083510F /* MockRefugeRestroomBuilder.h */ = {isa = PBXFileReference; fileEncoding = 4; lastKnownFileType = sourcecode.c.h; path = MockRefugeRestroomBuilder.h; sourceTree = "<group>"; };
		CEA23FEC1A83D9F50083510F /* MockRefugeRestroomBuilder.m */ = {isa = PBXFileReference; fileEncoding = 4; lastKnownFileType = sourcecode.c.objc; path = MockRefugeRestroomBuilder.m; sourceTree = "<group>"; };
		CEA23FEE1A83DA2C0083510F /* RefugeRestroomCommunicator.h */ = {isa = PBXFileReference; fileEncoding = 4; lastKnownFileType = sourcecode.c.h; path = RefugeRestroomCommunicator.h; sourceTree = "<group>"; };
		CEA23FEF1A83DA2C0083510F /* RefugeRestroomCommunicator.m */ = {isa = PBXFileReference; fileEncoding = 4; lastKnownFileType = sourcecode.c.objc; path = RefugeRestroomCommunicator.m; sourceTree = "<group>"; };
		CEA23FF21A83DA5E0083510F /* MockRefugeRestroomCommunicator.h */ = {isa = PBXFileReference; fileEncoding = 4; lastKnownFileType = sourcecode.c.h; path = MockRefugeRestroomCommunicator.h; sourceTree = "<group>"; };
		CEA23FF31A83DA5E0083510F /* MockRefugeRestroomCommunicator.m */ = {isa = PBXFileReference; fileEncoding = 4; lastKnownFileType = sourcecode.c.objc; path = MockRefugeRestroomCommunicator.m; sourceTree = "<group>"; };
		CEA23FF51A83DF480083510F /* RefugeRestroomCommunicatorDelegate.h */ = {isa = PBXFileReference; fileEncoding = 4; lastKnownFileType = sourcecode.c.h; path = RefugeRestroomCommunicatorDelegate.h; sourceTree = "<group>"; };
		CEA23FF61A841BB00083510F /* RefugeRestroomCommunicatorTests.m */ = {isa = PBXFileReference; fileEncoding = 4; lastKnownFileType = sourcecode.c.objc; path = RefugeRestroomCommunicatorTests.m; sourceTree = "<group>"; };
		CEA23FF81A841FD30083510F /* MockRefugeRestroomCommunicatorDelegate.h */ = {isa = PBXFileReference; fileEncoding = 4; lastKnownFileType = sourcecode.c.h; path = MockRefugeRestroomCommunicatorDelegate.h; sourceTree = "<group>"; };
		CEA23FF91A841FD30083510F /* MockRefugeRestroomCommunicatorDelegate.m */ = {isa = PBXFileReference; fileEncoding = 4; lastKnownFileType = sourcecode.c.objc; path = MockRefugeRestroomCommunicatorDelegate.m; sourceTree = "<group>"; };
		CEA23FFB1A8426A60083510F /* RefugeAppStateTests.m */ = {isa = PBXFileReference; fileEncoding = 4; lastKnownFileType = sourcecode.c.objc; path = RefugeAppStateTests.m; sourceTree = "<group>"; };
		CEA23FFD1A84278B0083510F /* RefugeAppState.h */ = {isa = PBXFileReference; fileEncoding = 4; lastKnownFileType = sourcecode.c.h; path = RefugeAppState.h; sourceTree = "<group>"; };
		CEA23FFE1A84278B0083510F /* RefugeAppState.m */ = {isa = PBXFileReference; fileEncoding = 4; lastKnownFileType = sourcecode.c.objc; path = RefugeAppState.m; sourceTree = "<group>"; };
		CEA240041A8444A60083510F /* RefugeHTTPSessionManager.h */ = {isa = PBXFileReference; fileEncoding = 4; lastKnownFileType = sourcecode.c.h; path = RefugeHTTPSessionManager.h; sourceTree = "<group>"; };
		CEA240051A8444A60083510F /* RefugeHTTPSessionManager.m */ = {isa = PBXFileReference; fileEncoding = 4; lastKnownFileType = sourcecode.c.objc; path = RefugeHTTPSessionManager.m; sourceTree = "<group>"; };
		CEA240081A86BB750083510F /* RefugeRestroomEntity.h */ = {isa = PBXFileReference; fileEncoding = 4; lastKnownFileType = sourcecode.c.h; path = RefugeRestroomEntity.h; sourceTree = "<group>"; };
		CEA240091A86BB750083510F /* RefugeRestroomEntity.m */ = {isa = PBXFileReference; fileEncoding = 4; lastKnownFileType = sourcecode.c.objc; path = RefugeRestroomEntity.m; sourceTree = "<group>"; };
		CEA2400C1A86BD110083510F /* RefugeDataPersistenceManager.h */ = {isa = PBXFileReference; fileEncoding = 4; lastKnownFileType = sourcecode.c.h; path = RefugeDataPersistenceManager.h; sourceTree = "<group>"; };
		CEA2400D1A86BD110083510F /* RefugeDataPersistenceManager.m */ = {isa = PBXFileReference; fileEncoding = 4; lastKnownFileType = sourcecode.c.objc; path = RefugeDataPersistenceManager.m; sourceTree = "<group>"; };
		CEA240111A86CC9A0083510F /* MockRefugeDataPersistenceManager.h */ = {isa = PBXFileReference; fileEncoding = 4; lastKnownFileType = sourcecode.c.h; path = MockRefugeDataPersistenceManager.h; sourceTree = "<group>"; };
		CEA240121A86CC9A0083510F /* MockRefugeDataPersistenceManager.m */ = {isa = PBXFileReference; fileEncoding = 4; lastKnownFileType = sourcecode.c.objc; path = MockRefugeDataPersistenceManager.m; sourceTree = "<group>"; };
		CEA240141A86D18E0083510F /* RefugeDataPeristenceManagerDelegate.h */ = {isa = PBXFileReference; fileEncoding = 4; lastKnownFileType = sourcecode.c.h; path = RefugeDataPeristenceManagerDelegate.h; sourceTree = "<group>"; };
		CEA240151A86DEA90083510F /* UIColor+Refuge.h */ = {isa = PBXFileReference; fileEncoding = 4; lastKnownFileType = sourcecode.c.h; path = "UIColor+Refuge.h"; sourceTree = "<group>"; };
		CEA240161A86DEA90083510F /* UIColor+Refuge.m */ = {isa = PBXFileReference; fileEncoding = 4; lastKnownFileType = sourcecode.c.objc; path = "UIColor+Refuge.m"; sourceTree = "<group>"; };
		CEA240191A86ED190083510F /* RefugeRestroomDetailsViewController.h */ = {isa = PBXFileReference; fileEncoding = 4; lastKnownFileType = sourcecode.c.h; path = RefugeRestroomDetailsViewController.h; sourceTree = "<group>"; };
		CEA2401A1A86ED190083510F /* RefugeRestroomDetailsViewController.m */ = {isa = PBXFileReference; fileEncoding = 4; lastKnownFileType = sourcecode.c.objc; path = RefugeRestroomDetailsViewController.m; sourceTree = "<group>"; };
		CEA2401E1A86F9410083510F /* MapKit.framework */ = {isa = PBXFileReference; lastKnownFileType = wrapper.framework; name = MapKit.framework; path = System/Library/Frameworks/MapKit.framework; sourceTree = SDKROOT; };
		CEA240211A86FB6D0083510F /* RefugeHUD.h */ = {isa = PBXFileReference; fileEncoding = 4; lastKnownFileType = sourcecode.c.h; path = RefugeHUD.h; sourceTree = "<group>"; };
		CEA240221A86FB6D0083510F /* RefugeHUD.m */ = {isa = PBXFileReference; fileEncoding = 4; lastKnownFileType = sourcecode.c.objc; path = RefugeHUD.m; sourceTree = "<group>"; };
		CEA240251A86FB850083510F /* RefugeHUDTests.m */ = {isa = PBXFileReference; fileEncoding = 4; lastKnownFileType = sourcecode.c.objc; path = RefugeHUDTests.m; sourceTree = "<group>"; };
		CEA240271A8702E20083510F /* CoreLocation.framework */ = {isa = PBXFileReference; lastKnownFileType = wrapper.framework; name = CoreLocation.framework; path = System/Library/Frameworks/CoreLocation.framework; sourceTree = SDKROOT; };
		CED0CB501A82A6D300F7F3D8 /* refuge-ios.app */ = {isa = PBXFileReference; explicitFileType = wrapper.application; includeInIndex = 0; path = "refuge-ios.app"; sourceTree = BUILT_PRODUCTS_DIR; };
		CED0CB541A82A6D400F7F3D8 /* Info.plist */ = {isa = PBXFileReference; lastKnownFileType = text.plist.xml; path = Info.plist; sourceTree = "<group>"; };
		CED0CB551A82A6D400F7F3D8 /* main.m */ = {isa = PBXFileReference; lastKnownFileType = sourcecode.c.objc; path = main.m; sourceTree = "<group>"; };
		CED0CB571A82A6D400F7F3D8 /* RefugeAppDelegate.h */ = {isa = PBXFileReference; lastKnownFileType = sourcecode.c.h; path = RefugeAppDelegate.h; sourceTree = "<group>"; };
		CED0CB581A82A6D400F7F3D8 /* RefugeAppDelegate.m */ = {isa = PBXFileReference; lastKnownFileType = sourcecode.c.objc; path = RefugeAppDelegate.m; sourceTree = "<group>"; };
		CED0CB5B1A82A6D400F7F3D8 /* refuge_ios.xcdatamodel */ = {isa = PBXFileReference; lastKnownFileType = wrapper.xcdatamodel; path = refuge_ios.xcdatamodel; sourceTree = "<group>"; };
		CED0CB5D1A82A6D400F7F3D8 /* RefugeMapViewController.h */ = {isa = PBXFileReference; lastKnownFileType = sourcecode.c.h; path = RefugeMapViewController.h; sourceTree = "<group>"; };
		CED0CB5E1A82A6D400F7F3D8 /* RefugeMapViewController.m */ = {isa = PBXFileReference; lastKnownFileType = sourcecode.c.objc; path = RefugeMapViewController.m; sourceTree = "<group>"; };
		CED0CB611A82A6D400F7F3D8 /* Base */ = {isa = PBXFileReference; lastKnownFileType = file.storyboard; name = Base; path = Base.lproj/Main.storyboard; sourceTree = "<group>"; };
		CED0CB661A82A6D400F7F3D8 /* Base */ = {isa = PBXFileReference; lastKnownFileType = file.xib; name = Base; path = Base.lproj/LaunchScreen.xib; sourceTree = "<group>"; };
		CED0CB6C1A82A6D500F7F3D8 /* refuge-iosTests.xctest */ = {isa = PBXFileReference; explicitFileType = wrapper.cfbundle; includeInIndex = 0; path = "refuge-iosTests.xctest"; sourceTree = BUILT_PRODUCTS_DIR; };
		CED0CB711A82A6D500F7F3D8 /* Info.plist */ = {isa = PBXFileReference; lastKnownFileType = text.plist.xml; path = Info.plist; sourceTree = "<group>"; };
		CED0CB9F1A83259100F7F3D8 /* RefugeRestroomTests.m */ = {isa = PBXFileReference; fileEncoding = 4; lastKnownFileType = sourcecode.c.objc; path = RefugeRestroomTests.m; sourceTree = "<group>"; };
		CED0CBA11A83261E00F7F3D8 /* RefugeRestroom.h */ = {isa = PBXFileReference; fileEncoding = 4; lastKnownFileType = sourcecode.c.h; path = RefugeRestroom.h; sourceTree = "<group>"; };
		CED0CBA21A83261E00F7F3D8 /* RefugeRestroom.m */ = {isa = PBXFileReference; fileEncoding = 4; lastKnownFileType = sourcecode.c.objc; path = RefugeRestroom.m; sourceTree = "<group>"; };
		CED0CBA91A83320F00F7F3D8 /* RefugeRestroomBuilderTests.m */ = {isa = PBXFileReference; fileEncoding = 4; lastKnownFileType = sourcecode.c.objc; path = RefugeRestroomBuilderTests.m; sourceTree = "<group>"; };
		CED0CBAC1A8332B200F7F3D8 /* RefugeRestroomBuilder.h */ = {isa = PBXFileReference; fileEncoding = 4; lastKnownFileType = sourcecode.c.h; path = RefugeRestroomBuilder.h; sourceTree = "<group>"; };
		CED0CBAD1A8332B200F7F3D8 /* RefugeRestroomBuilder.m */ = {isa = PBXFileReference; fileEncoding = 4; lastKnownFileType = sourcecode.c.objc; path = RefugeRestroomBuilder.m; sourceTree = "<group>"; };
		CED0CBB11A83342F00F7F3D8 /* NSDate+Refuge.h */ = {isa = PBXFileReference; fileEncoding = 4; lastKnownFileType = sourcecode.c.h; path = "NSDate+Refuge.h"; sourceTree = "<group>"; };
		CED0CBB21A83342F00F7F3D8 /* NSDate+Refuge.m */ = {isa = PBXFileReference; fileEncoding = 4; lastKnownFileType = sourcecode.c.objc; path = "NSDate+Refuge.m"; sourceTree = "<group>"; };
		CED0CBB51A833B9800F7F3D8 /* NSDate+RefugeTests.m */ = {isa = PBXFileReference; fileEncoding = 4; lastKnownFileType = sourcecode.c.objc; path = "NSDate+RefugeTests.m"; sourceTree = "<group>"; };
		CED0CBBA1A83517D00F7F3D8 /* RefugeSerialization.h */ = {isa = PBXFileReference; fileEncoding = 4; lastKnownFileType = sourcecode.c.h; path = RefugeSerialization.h; sourceTree = "<group>"; };
		CED0CBBB1A83517D00F7F3D8 /* RefugeSerialization.m */ = {isa = PBXFileReference; fileEncoding = 4; lastKnownFileType = sourcecode.c.objc; path = RefugeSerialization.m; sourceTree = "<group>"; };
		D67BB335B17D0B597EE2123D /* Pods-refuge-ios.debug.xcconfig */ = {isa = PBXFileReference; includeInIndex = 1; lastKnownFileType = text.xcconfig; name = "Pods-refuge-ios.debug.xcconfig"; path = "Pods/Target Support Files/Pods-refuge-ios/Pods-refuge-ios.debug.xcconfig"; sourceTree = "<group>"; };
		D938493C66A1C4E8E58FEA67 /* Pods-refuge-ios.release.xcconfig */ = {isa = PBXFileReference; includeInIndex = 1; lastKnownFileType = text.xcconfig; name = "Pods-refuge-ios.release.xcconfig"; path = "Pods/Target Support Files/Pods-refuge-ios/Pods-refuge-ios.release.xcconfig"; sourceTree = "<group>"; };
		DC0CFC5B1A8EAEF9000AA09D /* refuge-details-unisex.png */ = {isa = PBXFileReference; lastKnownFileType = image.png; path = "refuge-details-unisex.png"; sourceTree = "<group>"; };
		DC0CFC5C1A8EAEF9000AA09D /* refuge-details-accessible.png */ = {isa = PBXFileReference; lastKnownFileType = image.png; path = "refuge-details-accessible.png"; sourceTree = "<group>"; };
		DC0CFC5F1A8EC3B1000AA09D /* refuge-background-bathroom.jpg */ = {isa = PBXFileReference; lastKnownFileType = image.jpeg; path = "refuge-background-bathroom.jpg"; sourceTree = "<group>"; };
		DC1885971A92C9B200F72222 /* refuge-onboard1.png */ = {isa = PBXFileReference; lastKnownFileType = image.png; path = "refuge-onboard1.png"; sourceTree = "<group>"; };
		DC1885981A92C9B200F72222 /* refuge-onboard2.png */ = {isa = PBXFileReference; lastKnownFileType = image.png; path = "refuge-onboard2.png"; sourceTree = "<group>"; };
		DC1885991A92C9B200F72222 /* refuge-onboard3.png */ = {isa = PBXFileReference; lastKnownFileType = image.png; path = "refuge-onboard3.png"; sourceTree = "<group>"; };
		DC18859A1A92C9B200F72222 /* refuge-onboard4.png */ = {isa = PBXFileReference; lastKnownFileType = image.png; path = "refuge-onboard4.png"; sourceTree = "<group>"; };
		DC3A1CB41A927F5100445D33 /* Images.xcassets */ = {isa = PBXFileReference; lastKnownFileType = folder.assetcatalog; path = Images.xcassets; sourceTree = "<group>"; };
		DC3A1CB61A927FCA00445D33 /* refuge-banner.png */ = {isa = PBXFileReference; lastKnownFileType = image.png; path = "refuge-banner.png"; sourceTree = "<group>"; };
		DC3A1CBC1A92959B00445D33 /* RefugeOnboardingViewController.h */ = {isa = PBXFileReference; fileEncoding = 4; lastKnownFileType = sourcecode.c.h; path = RefugeOnboardingViewController.h; sourceTree = "<group>"; };
		DC3A1CBD1A92959B00445D33 /* RefugeOnboardingViewController.m */ = {isa = PBXFileReference; fileEncoding = 4; lastKnownFileType = sourcecode.c.objc; path = RefugeOnboardingViewController.m; sourceTree = "<group>"; };
		DC4D6FDE1A9523ED00F1698E /* refuge-map-crosshair.png */ = {isa = PBXFileReference; lastKnownFileType = image.png; path = "refuge-map-crosshair.png"; sourceTree = "<group>"; };
		DC4D6FE01A967F9100F1698E /* iRate+Refuge.h */ = {isa = PBXFileReference; fileEncoding = 4; lastKnownFileType = sourcecode.c.h; path = "iRate+Refuge.h"; sourceTree = "<group>"; };
		DC4D6FE11A967F9100F1698E /* iRate+Refuge.m */ = {isa = PBXFileReference; fileEncoding = 4; lastKnownFileType = sourcecode.c.objc; path = "iRate+Refuge.m"; sourceTree = "<group>"; };
		DC8C79CF1A93D21200BBED77 /* RefugeOnboardPage1.xib */ = {isa = PBXFileReference; fileEncoding = 4; lastKnownFileType = file.xib; path = RefugeOnboardPage1.xib; sourceTree = "<group>"; };
		DC8C79D11A93EA3300BBED77 /* RefugeOnboardPage2.xib */ = {isa = PBXFileReference; fileEncoding = 4; lastKnownFileType = file.xib; path = RefugeOnboardPage2.xib; sourceTree = "<group>"; };
		DC8C79D31A93EC6C00BBED77 /* RefugeOnboardPage3.xib */ = {isa = PBXFileReference; fileEncoding = 4; lastKnownFileType = file.xib; path = RefugeOnboardPage3.xib; sourceTree = "<group>"; };
		DC8C79D51A93EC7800BBED77 /* RefugeOnboardPage4.xib */ = {isa = PBXFileReference; fileEncoding = 4; lastKnownFileType = file.xib; path = RefugeOnboardPage4.xib; sourceTree = "<group>"; };
		DCA355311A8BD87800E3EDF8 /* MockRefugeSearch.h */ = {isa = PBXFileReference; fileEncoding = 4; lastKnownFileType = sourcecode.c.h; path = MockRefugeSearch.h; sourceTree = "<group>"; };
		DCA355321A8BD87800E3EDF8 /* MockRefugeSearch.m */ = {isa = PBXFileReference; fileEncoding = 4; lastKnownFileType = sourcecode.c.objc; path = MockRefugeSearch.m; sourceTree = "<group>"; };
		DCA355341A8BD91A00E3EDF8 /* RefugeSearchTests.m */ = {isa = PBXFileReference; fileEncoding = 4; lastKnownFileType = sourcecode.c.objc; path = RefugeSearchTests.m; sourceTree = "<group>"; };
		DCA3553F1A8C1E6800E3EDF8 /* RefugeMapPinTests.m */ = {isa = PBXFileReference; fileEncoding = 4; lastKnownFileType = sourcecode.c.objc; path = RefugeMapPinTests.m; sourceTree = "<group>"; };
		DCA355411A8C210300E3EDF8 /* MockNSUserDefaults.h */ = {isa = PBXFileReference; fileEncoding = 4; lastKnownFileType = sourcecode.c.h; path = MockNSUserDefaults.h; sourceTree = "<group>"; };
		DCA355421A8C210300E3EDF8 /* MockNSUserDefaults.m */ = {isa = PBXFileReference; fileEncoding = 4; lastKnownFileType = sourcecode.c.objc; path = MockNSUserDefaults.m; sourceTree = "<group>"; };
		DCA3554F1A8C458300E3EDF8 /* RefugeMap.h */ = {isa = PBXFileReference; fileEncoding = 4; lastKnownFileType = sourcecode.c.h; path = RefugeMap.h; sourceTree = "<group>"; };
		DCA355501A8C458300E3EDF8 /* RefugeMap.m */ = {isa = PBXFileReference; fileEncoding = 4; lastKnownFileType = sourcecode.c.objc; path = RefugeMap.m; sourceTree = "<group>"; };
		DCA355531A8C47E400E3EDF8 /* RefugeMapTests.m */ = {isa = PBXFileReference; fileEncoding = 4; lastKnownFileType = sourcecode.c.objc; path = RefugeMapTests.m; sourceTree = "<group>"; };
		DCA355561A8C514200E3EDF8 /* refuge-map-pin.png */ = {isa = PBXFileReference; lastKnownFileType = image.png; path = "refuge-map-pin.png"; sourceTree = "<group>"; };
		DCA355591A8C566500E3EDF8 /* UIImage+Refuge.h */ = {isa = PBXFileReference; fileEncoding = 4; lastKnownFileType = sourcecode.c.h; path = "UIImage+Refuge.h"; sourceTree = "<group>"; };
		DCA3555A1A8C566500E3EDF8 /* UIImage+Refuge.m */ = {isa = PBXFileReference; fileEncoding = 4; lastKnownFileType = sourcecode.c.objc; path = "UIImage+Refuge.m"; sourceTree = "<group>"; };
		DCA3555D1A8C575200E3EDF8 /* UIImage+RefugeTests.m */ = {isa = PBXFileReference; fileEncoding = 4; lastKnownFileType = sourcecode.c.objc; path = "UIImage+RefugeTests.m"; sourceTree = "<group>"; };
		DCA355621A8C59E700E3EDF8 /* RefugeMapDelegate.h */ = {isa = PBXFileReference; fileEncoding = 4; lastKnownFileType = sourcecode.c.h; path = RefugeMapDelegate.h; sourceTree = "<group>"; };
		DCA355631A8C5A7100E3EDF8 /* MockRefugeMapDelegate.h */ = {isa = PBXFileReference; fileEncoding = 4; lastKnownFileType = sourcecode.c.h; path = MockRefugeMapDelegate.h; sourceTree = "<group>"; };
		DCA355641A8C5A7100E3EDF8 /* MockRefugeMapDelegate.m */ = {isa = PBXFileReference; fileEncoding = 4; lastKnownFileType = sourcecode.c.objc; path = MockRefugeMapDelegate.m; sourceTree = "<group>"; };
		DCB079751A8AE95600945880 /* RefugeMapPlace.h */ = {isa = PBXFileReference; fileEncoding = 4; lastKnownFileType = sourcecode.c.h; path = RefugeMapPlace.h; sourceTree = "<group>"; };
		DCB079761A8AE95600945880 /* RefugeMapPlace.m */ = {isa = PBXFileReference; fileEncoding = 4; lastKnownFileType = sourcecode.c.objc; path = RefugeMapPlace.m; sourceTree = "<group>"; };
		DCDC5D111A94178600381664 /* RefugeNewRestroomViewController.h */ = {isa = PBXFileReference; fileEncoding = 4; lastKnownFileType = sourcecode.c.h; path = RefugeNewRestroomViewController.h; sourceTree = "<group>"; };
		DCDC5D121A94178600381664 /* RefugeNewRestroomViewController.m */ = {isa = PBXFileReference; fileEncoding = 4; lastKnownFileType = sourcecode.c.objc; path = RefugeNewRestroomViewController.m; sourceTree = "<group>"; };
		DCE6BB861A968C0A006B9B8A /* Mixpanel+Refuge.h */ = {isa = PBXFileReference; fileEncoding = 4; lastKnownFileType = sourcecode.c.h; path = "Mixpanel+Refuge.h"; sourceTree = "<group>"; };
		DCE6BB871A968C0A006B9B8A /* Mixpanel+Refuge.m */ = {isa = PBXFileReference; fileEncoding = 4; lastKnownFileType = sourcecode.c.objc; path = "Mixpanel+Refuge.m"; sourceTree = "<group>"; };
		DCE6BB8B1A96CD08006B9B8A /* Crashlytics.framework */ = {isa = PBXFileReference; lastKnownFileType = wrapper.framework; path = Crashlytics.framework; sourceTree = "<group>"; };
		DCF866661A898A6700C73806 /* RefugeMapPlottingWorkflowTests.m */ = {isa = PBXFileReference; fileEncoding = 4; lastKnownFileType = sourcecode.c.objc; path = RefugeMapPlottingWorkflowTests.m; sourceTree = "<group>"; };
		DCF866681A89985100C73806 /* MockRefugeHUD.h */ = {isa = PBXFileReference; fileEncoding = 4; lastKnownFileType = sourcecode.c.h; path = MockRefugeHUD.h; sourceTree = "<group>"; };
		DCF866691A89985100C73806 /* MockRefugeHUD.m */ = {isa = PBXFileReference; fileEncoding = 4; lastKnownFileType = sourcecode.c.objc; path = MockRefugeHUD.m; sourceTree = "<group>"; };
		DCF8666B1A89BAD500C73806 /* RefugeMapPin.h */ = {isa = PBXFileReference; fileEncoding = 4; lastKnownFileType = sourcecode.c.h; path = RefugeMapPin.h; sourceTree = "<group>"; };
		DCF8666C1A89BAD500C73806 /* RefugeMapPin.m */ = {isa = PBXFileReference; fileEncoding = 4; lastKnownFileType = sourcecode.c.objc; path = RefugeMapPin.m; sourceTree = "<group>"; };
		DCF8667A1A8AD1C100C73806 /* RefugeSearch.h */ = {isa = PBXFileReference; fileEncoding = 4; lastKnownFileType = sourcecode.c.h; path = RefugeSearch.h; sourceTree = "<group>"; };
		DCF8667B1A8AD1C100C73806 /* RefugeSearch.m */ = {isa = PBXFileReference; fileEncoding = 4; lastKnownFileType = sourcecode.c.objc; path = RefugeSearch.m; sourceTree = "<group>"; };
/* End PBXFileReference section */

/* Begin PBXFrameworksBuildPhase section */
		CED0CB4D1A82A6D300F7F3D8 /* Frameworks */ = {
			isa = PBXFrameworksBuildPhase;
			buildActionMask = 2147483647;
			files = (
				CEA240281A8702E20083510F /* CoreLocation.framework in Frameworks */,
				CEA2401F1A86F9410083510F /* MapKit.framework in Frameworks */,
				DCE6BB8C1A96CD08006B9B8A /* Crashlytics.framework in Frameworks */,
				0DC72DF2C778FB11669B38CD /* libPods-refuge-ios.a in Frameworks */,
			);
			runOnlyForDeploymentPostprocessing = 0;
		};
		CED0CB691A82A6D500F7F3D8 /* Frameworks */ = {
			isa = PBXFrameworksBuildPhase;
			buildActionMask = 2147483647;
			files = (
			);
			runOnlyForDeploymentPostprocessing = 0;
		};
/* End PBXFrameworksBuildPhase section */

/* Begin PBXGroup section */
		68FB1F0E5CB3E3A5E8E048A1 /* Frameworks */ = {
			isa = PBXGroup;
			children = (
				CEA240271A8702E20083510F /* CoreLocation.framework */,
				DCE6BB8B1A96CD08006B9B8A /* Crashlytics.framework */,
				CEA2401E1A86F9410083510F /* MapKit.framework */,
				959014171F527C71C6D9EB85 /* libPods-refuge-ios.a */,
			);
			name = Frameworks;
			sourceTree = "<group>";
		};
		CEA23FDC1A835C5E0083510F /* Data Fetching */ = {
			isa = PBXGroup;
			children = (
				CEA240041A8444A60083510F /* RefugeHTTPSessionManager.h */,
				CEA240051A8444A60083510F /* RefugeHTTPSessionManager.m */,
				CEA23FEE1A83DA2C0083510F /* RefugeRestroomCommunicator.h */,
				CEA23FEF1A83DA2C0083510F /* RefugeRestroomCommunicator.m */,
				CEA23FF51A83DF480083510F /* RefugeRestroomCommunicatorDelegate.h */,
				CEA23FDD1A835C7B0083510F /* RefugeRestroomManager.h */,
				CEA23FDE1A835C7B0083510F /* RefugeRestroomManager.m */,
				CEA23FE61A83D9480083510F /* RefugeRestroomManagerDelegate.h */,
			);
			name = "Data Fetching";
			sourceTree = "<group>";
		};
		CEA23FE31A83D7A60083510F /* Integration Tests */ = {
			isa = PBXGroup;
			children = (
				CEA23FE41A83D8150083510F /* RefugeRestroomCreationWorkflowTests.m */,
				DCF866661A898A6700C73806 /* RefugeMapPlottingWorkflowTests.m */,
			);
			name = "Integration Tests";
			sourceTree = "<group>";
		};
		CEA23FE71A83D9900083510F /* Mocks */ = {
			isa = PBXGroup;
			children = (
				DCA355411A8C210300E3EDF8 /* MockNSUserDefaults.h */,
				DCA355421A8C210300E3EDF8 /* MockNSUserDefaults.m */,
				CEA240111A86CC9A0083510F /* MockRefugeDataPersistenceManager.h */,
				CEA240121A86CC9A0083510F /* MockRefugeDataPersistenceManager.m */,
				DCF866681A89985100C73806 /* MockRefugeHUD.h */,
				DCF866691A89985100C73806 /* MockRefugeHUD.m */,
				DCA355631A8C5A7100E3EDF8 /* MockRefugeMapDelegate.h */,
				DCA355641A8C5A7100E3EDF8 /* MockRefugeMapDelegate.m */,
				CEA23FEB1A83D9F50083510F /* MockRefugeRestroomBuilder.h */,
				CEA23FEC1A83D9F50083510F /* MockRefugeRestroomBuilder.m */,
				CEA23FF21A83DA5E0083510F /* MockRefugeRestroomCommunicator.h */,
				CEA23FF31A83DA5E0083510F /* MockRefugeRestroomCommunicator.m */,
				CEA23FF81A841FD30083510F /* MockRefugeRestroomCommunicatorDelegate.h */,
				CEA23FF91A841FD30083510F /* MockRefugeRestroomCommunicatorDelegate.m */,
				CEA23FE81A83D9C00083510F /* MockRefugeRestroomManagerDelegate.h */,
				CEA23FE91A83D9C00083510F /* MockRefugeRestroomManagerDelegate.m */,
				DCA355311A8BD87800E3EDF8 /* MockRefugeSearch.h */,
				DCA355321A8BD87800E3EDF8 /* MockRefugeSearch.m */,
			);
			name = Mocks;
			sourceTree = "<group>";
		};
		CEA240101A86BD220083510F /* Data Persistence */ = {
			isa = PBXGroup;
			children = (
				CEA2400C1A86BD110083510F /* RefugeDataPersistenceManager.h */,
				CEA2400D1A86BD110083510F /* RefugeDataPersistenceManager.m */,
				CEA240141A86D18E0083510F /* RefugeDataPeristenceManagerDelegate.h */,
			);
			name = "Data Persistence";
			sourceTree = "<group>";
		};
		CEA240201A86FB2A0083510F /* View Controllers */ = {
			isa = PBXGroup;
			children = (
				CED0CB5D1A82A6D400F7F3D8 /* RefugeMapViewController.h */,
				CED0CB5E1A82A6D400F7F3D8 /* RefugeMapViewController.m */,
				DCDC5D111A94178600381664 /* RefugeNewRestroomViewController.h */,
				DCDC5D121A94178600381664 /* RefugeNewRestroomViewController.m */,
				DC3A1CBC1A92959B00445D33 /* RefugeOnboardingViewController.h */,
				DC3A1CBD1A92959B00445D33 /* RefugeOnboardingViewController.m */,
				CEA240191A86ED190083510F /* RefugeRestroomDetailsViewController.h */,
				CEA2401A1A86ED190083510F /* RefugeRestroomDetailsViewController.m */,
			);
			name = "View Controllers";
			sourceTree = "<group>";
		};
		CED0CB471A82A6D300F7F3D8 = {
			isa = PBXGroup;
			children = (
				CED0CB521A82A6D300F7F3D8 /* refuge-ios */,
				CED0CB6F1A82A6D500F7F3D8 /* refuge-iosTests */,
				CED0CB511A82A6D300F7F3D8 /* Products */,
				EA08CCE57F3C7FE32EA6AC15 /* Pods */,
				68FB1F0E5CB3E3A5E8E048A1 /* Frameworks */,
			);
			sourceTree = "<group>";
		};
		CED0CB511A82A6D300F7F3D8 /* Products */ = {
			isa = PBXGroup;
			children = (
				CED0CB501A82A6D300F7F3D8 /* refuge-ios.app */,
				CED0CB6C1A82A6D500F7F3D8 /* refuge-iosTests.xctest */,
			);
			name = Products;
			sourceTree = "<group>";
		};
		CED0CB521A82A6D300F7F3D8 /* refuge-ios */ = {
			isa = PBXGroup;
			children = (
				CED0CBB01A83340100F7F3D8 /* Categories */,
				DCA355231A8B1D2900E3EDF8 /* Logic */,
				CED0CBA51A83270F00F7F3D8 /* Models */,
				CED0CBA61A83271B00F7F3D8 /* View */,
				CED0CB571A82A6D400F7F3D8 /* RefugeAppDelegate.h */,
				CED0CB581A82A6D400F7F3D8 /* RefugeAppDelegate.m */,
				CEA23FFD1A84278B0083510F /* RefugeAppState.h */,
				CEA23FFE1A84278B0083510F /* RefugeAppState.m */,
				DC3A1CB41A927F5100445D33 /* Images.xcassets */,
				CED0CB601A82A6D400F7F3D8 /* Main.storyboard */,
				CED0CB651A82A6D400F7F3D8 /* LaunchScreen.xib */,
				CED0CB5A1A82A6D400F7F3D8 /* refuge_ios.xcdatamodeld */,
				CED0CB531A82A6D300F7F3D8 /* Supporting Files */,
			);
			path = "refuge-ios";
			sourceTree = "<group>";
		};
		CED0CB531A82A6D300F7F3D8 /* Supporting Files */ = {
			isa = PBXGroup;
			children = (
				CED0CB541A82A6D400F7F3D8 /* Info.plist */,
				CED0CB551A82A6D400F7F3D8 /* main.m */,
			);
			name = "Supporting Files";
			sourceTree = "<group>";
		};
		CED0CB6F1A82A6D500F7F3D8 /* refuge-iosTests */ = {
			isa = PBXGroup;
			children = (
				CEA23FE71A83D9900083510F /* Mocks */,
				CEA23FE31A83D7A60083510F /* Integration Tests */,
				CED0CBB51A833B9800F7F3D8 /* NSDate+RefugeTests.m */,
				CEA23FFB1A8426A60083510F /* RefugeAppStateTests.m */,
				CEA240251A86FB850083510F /* RefugeHUDTests.m */,
				DCA355531A8C47E400E3EDF8 /* RefugeMapTests.m */,
				DCA3553F1A8C1E6800E3EDF8 /* RefugeMapPinTests.m */,
				CED0CBA91A83320F00F7F3D8 /* RefugeRestroomBuilderTests.m */,
				CEA23FF61A841BB00083510F /* RefugeRestroomCommunicatorTests.m */,
				CEA23FDA1A835BBF0083510F /* RefugeRestroomManagerTests.m */,
				CED0CB9F1A83259100F7F3D8 /* RefugeRestroomTests.m */,
				DCA355341A8BD91A00E3EDF8 /* RefugeSearchTests.m */,
				DCA3555D1A8C575200E3EDF8 /* UIImage+RefugeTests.m */,
				CED0CB701A82A6D500F7F3D8 /* Supporting Files */,
			);
			path = "refuge-iosTests";
			sourceTree = "<group>";
		};
		CED0CB701A82A6D500F7F3D8 /* Supporting Files */ = {
			isa = PBXGroup;
			children = (
				CED0CB711A82A6D500F7F3D8 /* Info.plist */,
			);
			name = "Supporting Files";
			sourceTree = "<group>";
		};
		CED0CBA51A83270F00F7F3D8 /* Models */ = {
			isa = PBXGroup;
			children = (
				CED0CBA11A83261E00F7F3D8 /* RefugeRestroom.h */,
				CED0CBA21A83261E00F7F3D8 /* RefugeRestroom.m */,
				CEA240081A86BB750083510F /* RefugeRestroomEntity.h */,
				CEA240091A86BB750083510F /* RefugeRestroomEntity.m */,
			);
			name = Models;
			sourceTree = "<group>";
		};
		CED0CBA61A83271B00F7F3D8 /* View */ = {
			isa = PBXGroup;
			children = (
				DCA355551A8C512C00E3EDF8 /* Resources */,
				DCF866791A8AD0D100C73806 /* UI Elements */,
				CEA240201A86FB2A0083510F /* View Controllers */,
			);
			name = View;
			sourceTree = "<group>";
		};
		CED0CBAB1A83329D00F7F3D8 /* Data Translation */ = {
			isa = PBXGroup;
			children = (
				CED0CBAC1A8332B200F7F3D8 /* RefugeRestroomBuilder.h */,
				CED0CBAD1A8332B200F7F3D8 /* RefugeRestroomBuilder.m */,
				CED0CBBA1A83517D00F7F3D8 /* RefugeSerialization.h */,
				CED0CBBB1A83517D00F7F3D8 /* RefugeSerialization.m */,
			);
			name = "Data Translation";
			sourceTree = "<group>";
		};
		CED0CBB01A83340100F7F3D8 /* Categories */ = {
			isa = PBXGroup;
			children = (
				DC4D6FE01A967F9100F1698E /* iRate+Refuge.h */,
				DC4D6FE11A967F9100F1698E /* iRate+Refuge.m */,
				DCE6BB861A968C0A006B9B8A /* Mixpanel+Refuge.h */,
				DCE6BB871A968C0A006B9B8A /* Mixpanel+Refuge.m */,
				CED0CBB11A83342F00F7F3D8 /* NSDate+Refuge.h */,
				CED0CBB21A83342F00F7F3D8 /* NSDate+Refuge.m */,
				CEA240151A86DEA90083510F /* UIColor+Refuge.h */,
				CEA240161A86DEA90083510F /* UIColor+Refuge.m */,
				DCA355591A8C566500E3EDF8 /* UIImage+Refuge.h */,
				DCA3555A1A8C566500E3EDF8 /* UIImage+Refuge.m */,
			);
			name = Categories;
			sourceTree = "<group>";
		};
		DCA355231A8B1D2900E3EDF8 /* Logic */ = {
			isa = PBXGroup;
			children = (
				CEA23FDC1A835C5E0083510F /* Data Fetching */,
				CEA240101A86BD220083510F /* Data Persistence */,
				CED0CBAB1A83329D00F7F3D8 /* Data Translation */,
				DCA3555F1A8C597C00E3EDF8 /* Map Logic */,
				DCA355241A8B1D5C00E3EDF8 /* Search Logic */,
			);
			name = Logic;
			sourceTree = "<group>";
		};
		DCA355241A8B1D5C00E3EDF8 /* Search Logic */ = {
			isa = PBXGroup;
			children = (
				DCF8667A1A8AD1C100C73806 /* RefugeSearch.h */,
				DCF8667B1A8AD1C100C73806 /* RefugeSearch.m */,
			);
			name = "Search Logic";
			sourceTree = "<group>";
		};
		DCA355551A8C512C00E3EDF8 /* Resources */ = {
			isa = PBXGroup;
			children = (
				DC0CFC5F1A8EC3B1000AA09D /* refuge-background-bathroom.jpg */,
				DC3A1CB61A927FCA00445D33 /* refuge-banner.png */,
				DC0CFC5C1A8EAEF9000AA09D /* refuge-details-accessible.png */,
				DC0CFC5B1A8EAEF9000AA09D /* refuge-details-unisex.png */,
				DC4D6FDE1A9523ED00F1698E /* refuge-map-crosshair.png */,
				DCA355561A8C514200E3EDF8 /* refuge-map-pin.png */,
				DC1885971A92C9B200F72222 /* refuge-onboard1.png */,
				DC1885981A92C9B200F72222 /* refuge-onboard2.png */,
				DC1885991A92C9B200F72222 /* refuge-onboard3.png */,
				DC18859A1A92C9B200F72222 /* refuge-onboard4.png */,
			);
			name = Resources;
			sourceTree = "<group>";
		};
		DCA3555F1A8C597C00E3EDF8 /* Map Logic */ = {
			isa = PBXGroup;
			children = (
				DCA3554F1A8C458300E3EDF8 /* RefugeMap.h */,
				DCA355501A8C458300E3EDF8 /* RefugeMap.m */,
				DCA355621A8C59E700E3EDF8 /* RefugeMapDelegate.h */,
				DCB079751A8AE95600945880 /* RefugeMapPlace.h */,
				DCB079761A8AE95600945880 /* RefugeMapPlace.m */,
			);
			name = "Map Logic";
			sourceTree = "<group>";
		};
		DCF866791A8AD0D100C73806 /* UI Elements */ = {
			isa = PBXGroup;
			children = (
				CEA240211A86FB6D0083510F /* RefugeHUD.h */,
				CEA240221A86FB6D0083510F /* RefugeHUD.m */,
				DCF8666B1A89BAD500C73806 /* RefugeMapPin.h */,
				DCF8666C1A89BAD500C73806 /* RefugeMapPin.m */,
				DC8C79CF1A93D21200BBED77 /* RefugeOnboardPage1.xib */,
				DC8C79D11A93EA3300BBED77 /* RefugeOnboardPage2.xib */,
				DC8C79D31A93EC6C00BBED77 /* RefugeOnboardPage3.xib */,
				DC8C79D51A93EC7800BBED77 /* RefugeOnboardPage4.xib */,
			);
			name = "UI Elements";
			sourceTree = "<group>";
		};
		EA08CCE57F3C7FE32EA6AC15 /* Pods */ = {
			isa = PBXGroup;
			children = (
				D67BB335B17D0B597EE2123D /* Pods-refuge-ios.debug.xcconfig */,
				D938493C66A1C4E8E58FEA67 /* Pods-refuge-ios.release.xcconfig */,
			);
			name = Pods;
			sourceTree = "<group>";
		};
/* End PBXGroup section */

/* Begin PBXNativeTarget section */
		CED0CB4F1A82A6D300F7F3D8 /* refuge-ios */ = {
			isa = PBXNativeTarget;
			buildConfigurationList = CED0CB761A82A6D500F7F3D8 /* Build configuration list for PBXNativeTarget "refuge-ios" */;
			buildPhases = (
				06CA8934E178226555B3B49B /* Check Pods Manifest.lock */,
				CED0CB4C1A82A6D300F7F3D8 /* Sources */,
				CED0CB4D1A82A6D300F7F3D8 /* Frameworks */,
				CED0CB4E1A82A6D300F7F3D8 /* Resources */,
				1D69CA609FF701E4D138D1E9 /* Copy Pods Resources */,
				DCE6BB8A1A96CCCB006B9B8A /* ShellScript */,
			);
			buildRules = (
			);
			dependencies = (
			);
			name = "refuge-ios";
			productName = "refuge-ios";
			productReference = CED0CB501A82A6D300F7F3D8 /* refuge-ios.app */;
			productType = "com.apple.product-type.application";
		};
		CED0CB6B1A82A6D500F7F3D8 /* refuge-iosTests */ = {
			isa = PBXNativeTarget;
			buildConfigurationList = CED0CB791A82A6D500F7F3D8 /* Build configuration list for PBXNativeTarget "refuge-iosTests" */;
			buildPhases = (
				CED0CB681A82A6D500F7F3D8 /* Sources */,
				CED0CB691A82A6D500F7F3D8 /* Frameworks */,
				CED0CB6A1A82A6D500F7F3D8 /* Resources */,
			);
			buildRules = (
			);
			dependencies = (
				CED0CB6E1A82A6D500F7F3D8 /* PBXTargetDependency */,
			);
			name = "refuge-iosTests";
			productName = "refuge-iosTests";
			productReference = CED0CB6C1A82A6D500F7F3D8 /* refuge-iosTests.xctest */;
			productType = "com.apple.product-type.bundle.unit-test";
		};
/* End PBXNativeTarget section */

/* Begin PBXProject section */
		CED0CB481A82A6D300F7F3D8 /* Project object */ = {
			isa = PBXProject;
			attributes = {
				CLASSPREFIX = Refuge;
				LastUpgradeCheck = 0610;
				ORGANIZATIONNAME = "Refuge Restrooms";
				TargetAttributes = {
					CED0CB4F1A82A6D300F7F3D8 = {
						CreatedOnToolsVersion = 6.1.1;
						DevelopmentTeam = G58XPAD97M;
					};
					CED0CB6B1A82A6D500F7F3D8 = {
						CreatedOnToolsVersion = 6.1.1;
						TestTargetID = CED0CB4F1A82A6D300F7F3D8;
					};
				};
			};
			buildConfigurationList = CED0CB4B1A82A6D300F7F3D8 /* Build configuration list for PBXProject "refuge-ios" */;
			compatibilityVersion = "Xcode 3.2";
			developmentRegion = English;
			hasScannedForEncodings = 0;
			knownRegions = (
				en,
				Base,
			);
			mainGroup = CED0CB471A82A6D300F7F3D8;
			productRefGroup = CED0CB511A82A6D300F7F3D8 /* Products */;
			projectDirPath = "";
			projectRoot = "";
			targets = (
				CED0CB4F1A82A6D300F7F3D8 /* refuge-ios */,
				CED0CB6B1A82A6D500F7F3D8 /* refuge-iosTests */,
			);
		};
/* End PBXProject section */

/* Begin PBXResourcesBuildPhase section */
		CED0CB4E1A82A6D300F7F3D8 /* Resources */ = {
			isa = PBXResourcesBuildPhase;
			buildActionMask = 2147483647;
			files = (
				DC0CFC5D1A8EAEF9000AA09D /* refuge-details-unisex.png in Resources */,
				DC4D6FDF1A9523ED00F1698E /* refuge-map-crosshair.png in Resources */,
				DC18859D1A92C9B200F72222 /* refuge-onboard3.png in Resources */,
				DC0CFC5E1A8EAEF9000AA09D /* refuge-details-accessible.png in Resources */,
				DC3A1CB51A927F5100445D33 /* Images.xcassets in Resources */,
				DC18859B1A92C9B200F72222 /* refuge-onboard1.png in Resources */,
				CED0CB621A82A6D400F7F3D8 /* Main.storyboard in Resources */,
				DC18859E1A92C9B200F72222 /* refuge-onboard4.png in Resources */,
				CED0CB671A82A6D400F7F3D8 /* LaunchScreen.xib in Resources */,
				DC18859C1A92C9B200F72222 /* refuge-onboard2.png in Resources */,
				DC8C79D21A93EA3300BBED77 /* RefugeOnboardPage2.xib in Resources */,
				DC3A1CB71A927FCA00445D33 /* refuge-banner.png in Resources */,
				DC8C79D61A93EC7800BBED77 /* RefugeOnboardPage4.xib in Resources */,
				DC8C79D01A93D21200BBED77 /* RefugeOnboardPage1.xib in Resources */,
				DC0CFC601A8EC3B1000AA09D /* refuge-background-bathroom.jpg in Resources */,
				DC8C79D41A93EC6C00BBED77 /* RefugeOnboardPage3.xib in Resources */,
				DCA355571A8C514200E3EDF8 /* refuge-map-pin.png in Resources */,
			);
			runOnlyForDeploymentPostprocessing = 0;
		};
		CED0CB6A1A82A6D500F7F3D8 /* Resources */ = {
			isa = PBXResourcesBuildPhase;
			buildActionMask = 2147483647;
			files = (
				CEA2401D1A86F6360083510F /* LaunchScreen.xib in Resources */,
				DCA355581A8C514200E3EDF8 /* refuge-map-pin.png in Resources */,
			);
			runOnlyForDeploymentPostprocessing = 0;
		};
/* End PBXResourcesBuildPhase section */

/* Begin PBXShellScriptBuildPhase section */
		06CA8934E178226555B3B49B /* Check Pods Manifest.lock */ = {
			isa = PBXShellScriptBuildPhase;
			buildActionMask = 2147483647;
			files = (
			);
			inputPaths = (
			);
			name = "Check Pods Manifest.lock";
			outputPaths = (
			);
			runOnlyForDeploymentPostprocessing = 0;
			shellPath = /bin/sh;
			shellScript = "diff \"${PODS_ROOT}/../Podfile.lock\" \"${PODS_ROOT}/Manifest.lock\" > /dev/null\nif [[ $? != 0 ]] ; then\n    cat << EOM\nerror: The sandbox is not in sync with the Podfile.lock. Run 'pod install' or update your CocoaPods installation.\nEOM\n    exit 1\nfi\n";
			showEnvVarsInLog = 0;
		};
		1D69CA609FF701E4D138D1E9 /* Copy Pods Resources */ = {
			isa = PBXShellScriptBuildPhase;
			buildActionMask = 2147483647;
			files = (
			);
			inputPaths = (
			);
			name = "Copy Pods Resources";
			outputPaths = (
			);
			runOnlyForDeploymentPostprocessing = 0;
			shellPath = /bin/sh;
			shellScript = "\"${SRCROOT}/Pods/Target Support Files/Pods-refuge-ios/Pods-refuge-ios-resources.sh\"\n";
			showEnvVarsInLog = 0;
		};
		DCE6BB8A1A96CCCB006B9B8A /* ShellScript */ = {
			isa = PBXShellScriptBuildPhase;
			buildActionMask = 2147483647;
			files = (
			);
			inputPaths = (
			);
			outputPaths = (
			);
			runOnlyForDeploymentPostprocessing = 0;
			shellPath = /bin/sh;
			shellScript = "./Crashlytics.framework/run 55973203d8a92c52515240df5e712184276733b6 f43afcc2f2d159ed7651cb0630e0afbaa839d7853b8eae2bee864413ab2dfd14";
		};
/* End PBXShellScriptBuildPhase section */

/* Begin PBXSourcesBuildPhase section */
		CED0CB4C1A82A6D300F7F3D8 /* Sources */ = {
			isa = PBXSourcesBuildPhase;
			buildActionMask = 2147483647;
			files = (
				CED0CBB31A83342F00F7F3D8 /* NSDate+Refuge.m in Sources */,
				CED0CB591A82A6D400F7F3D8 /* RefugeAppDelegate.m in Sources */,
				DCDC5D131A94178600381664 /* RefugeNewRestroomViewController.m in Sources */,
				CEA2400A1A86BB750083510F /* RefugeRestroomEntity.m in Sources */,
				CEA240171A86DEA90083510F /* UIColor+Refuge.m in Sources */,
				DCE6BB881A968C0A006B9B8A /* Mixpanel+Refuge.m in Sources */,
				CED0CB561A82A6D400F7F3D8 /* main.m in Sources */,
				CEA2400E1A86BD110083510F /* RefugeDataPersistenceManager.m in Sources */,
				CEA23FF01A83DA2C0083510F /* RefugeRestroomCommunicator.m in Sources */,
				DCA3555B1A8C566500E3EDF8 /* UIImage+Refuge.m in Sources */,
				DC3A1CBE1A92959B00445D33 /* RefugeOnboardingViewController.m in Sources */,
				CED0CB5F1A82A6D400F7F3D8 /* RefugeMapViewController.m in Sources */,
				DCB079771A8AE95600945880 /* RefugeMapPlace.m in Sources */,
				CED0CBBC1A83517D00F7F3D8 /* RefugeSerialization.m in Sources */,
				CED0CBA31A83261E00F7F3D8 /* RefugeRestroom.m in Sources */,
				CED0CBAE1A8332B200F7F3D8 /* RefugeRestroomBuilder.m in Sources */,
				DC4D6FE21A967F9100F1698E /* iRate+Refuge.m in Sources */,
				CEA23FDF1A835C7B0083510F /* RefugeRestroomManager.m in Sources */,
				CED0CB5C1A82A6D400F7F3D8 /* refuge_ios.xcdatamodeld in Sources */,
				CEA240231A86FB6D0083510F /* RefugeHUD.m in Sources */,
				DCA355511A8C458300E3EDF8 /* RefugeMap.m in Sources */,
				CEA240061A8444A60083510F /* RefugeHTTPSessionManager.m in Sources */,
				DCF8667C1A8AD1C100C73806 /* RefugeSearch.m in Sources */,
				CEA2401B1A86ED190083510F /* RefugeRestroomDetailsViewController.m in Sources */,
				DCF8666D1A89BAD600C73806 /* RefugeMapPin.m in Sources */,
				CEA23FFF1A84278B0083510F /* RefugeAppState.m in Sources */,
			);
			runOnlyForDeploymentPostprocessing = 0;
		};
		CED0CB681A82A6D500F7F3D8 /* Sources */ = {
			isa = PBXSourcesBuildPhase;
			buildActionMask = 2147483647;
			files = (
				CEA23FF41A83DA5E0083510F /* MockRefugeRestroomCommunicator.m in Sources */,
				CED0CBAA1A83320F00F7F3D8 /* RefugeRestroomBuilderTests.m in Sources */,
				DCF866671A898A6700C73806 /* RefugeMapPlottingWorkflowTests.m in Sources */,
				CEA23FFA1A841FD30083510F /* MockRefugeRestroomCommunicatorDelegate.m in Sources */,
				DC4D6FE31A967F9100F1698E /* iRate+Refuge.m in Sources */,
				DCB079781A8AE95600945880 /* RefugeMapPlace.m in Sources */,
				DCA3555C1A8C566500E3EDF8 /* UIImage+Refuge.m in Sources */,
				DCA355651A8C5A7100E3EDF8 /* MockRefugeMapDelegate.m in Sources */,
				CED0CBBD1A83517D00F7F3D8 /* RefugeSerialization.m in Sources */,
				DCDC5D141A94178600381664 /* RefugeNewRestroomViewController.m in Sources */,
				CEA2400F1A86BD110083510F /* RefugeDataPersistenceManager.m in Sources */,
				DCE6BB891A968C0A006B9B8A /* Mixpanel+Refuge.m in Sources */,
				CED0CBA41A83261E00F7F3D8 /* RefugeRestroom.m in Sources */,
				CED0CBAF1A8332B200F7F3D8 /* RefugeRestroomBuilder.m in Sources */,
				CEA23FED1A83D9F50083510F /* MockRefugeRestroomBuilder.m in Sources */,
				DCA355541A8C47E400E3EDF8 /* RefugeMapTests.m in Sources */,
				CED0CBA01A83259100F7F3D8 /* RefugeRestroomTests.m in Sources */,
				CEA240071A8444A60083510F /* RefugeHTTPSessionManager.m in Sources */,
				CED0CBB61A833B9800F7F3D8 /* NSDate+RefugeTests.m in Sources */,
				DCA355401A8C1E6800E3EDF8 /* RefugeMapPinTests.m in Sources */,
				CEA240261A86FB850083510F /* RefugeHUDTests.m in Sources */,
				CEA240131A86CC9A0083510F /* MockRefugeDataPersistenceManager.m in Sources */,
				DCA355331A8BD87800E3EDF8 /* MockRefugeSearch.m in Sources */,
				CEA240001A84278B0083510F /* RefugeAppState.m in Sources */,
				DCA355431A8C210300E3EDF8 /* MockNSUserDefaults.m in Sources */,
				CEA23FDB1A835BBF0083510F /* RefugeRestroomManagerTests.m in Sources */,
				CEA2401C1A86ED190083510F /* RefugeRestroomDetailsViewController.m in Sources */,
				CEA23FE01A835C7B0083510F /* RefugeRestroomManager.m in Sources */,
				CEA23FFC1A8426A60083510F /* RefugeAppStateTests.m in Sources */,
				DC3A1CBF1A92959B00445D33 /* RefugeOnboardingViewController.m in Sources */,
				CEA23FF71A841BB00083510F /* RefugeRestroomCommunicatorTests.m in Sources */,
				CEA23FF11A83DA2C0083510F /* RefugeRestroomCommunicator.m in Sources */,
				CEA23FE51A83D8150083510F /* RefugeRestroomCreationWorkflowTests.m in Sources */,
				CEA240181A86DEA90083510F /* UIColor+Refuge.m in Sources */,
				DCF8666A1A89985100C73806 /* MockRefugeHUD.m in Sources */,
				CEA23FEA1A83D9C00083510F /* MockRefugeRestroomManagerDelegate.m in Sources */,
				CEA240241A86FB6D0083510F /* RefugeHUD.m in Sources */,
				DCA355521A8C458300E3EDF8 /* RefugeMap.m in Sources */,
				CED0CBB41A83342F00F7F3D8 /* NSDate+Refuge.m in Sources */,
				DCF8666E1A89BAD600C73806 /* RefugeMapPin.m in Sources */,
				CEA2400B1A86BB750083510F /* RefugeRestroomEntity.m in Sources */,
				DCF8667D1A8AD1C100C73806 /* RefugeSearch.m in Sources */,
				DCA3555E1A8C575200E3EDF8 /* UIImage+RefugeTests.m in Sources */,
				DCA355351A8BD91A00E3EDF8 /* RefugeSearchTests.m in Sources */,
			);
			runOnlyForDeploymentPostprocessing = 0;
		};
/* End PBXSourcesBuildPhase section */

/* Begin PBXTargetDependency section */
		CED0CB6E1A82A6D500F7F3D8 /* PBXTargetDependency */ = {
			isa = PBXTargetDependency;
			target = CED0CB4F1A82A6D300F7F3D8 /* refuge-ios */;
			targetProxy = CED0CB6D1A82A6D500F7F3D8 /* PBXContainerItemProxy */;
		};
/* End PBXTargetDependency section */

/* Begin PBXVariantGroup section */
		CED0CB601A82A6D400F7F3D8 /* Main.storyboard */ = {
			isa = PBXVariantGroup;
			children = (
				CED0CB611A82A6D400F7F3D8 /* Base */,
			);
			name = Main.storyboard;
			sourceTree = "<group>";
		};
		CED0CB651A82A6D400F7F3D8 /* LaunchScreen.xib */ = {
			isa = PBXVariantGroup;
			children = (
				CED0CB661A82A6D400F7F3D8 /* Base */,
			);
			name = LaunchScreen.xib;
			sourceTree = "<group>";
		};
/* End PBXVariantGroup section */

/* Begin XCBuildConfiguration section */
		CED0CB741A82A6D500F7F3D8 /* Debug */ = {
			isa = XCBuildConfiguration;
			buildSettings = {
				ALWAYS_SEARCH_USER_PATHS = NO;
				CLANG_CXX_LANGUAGE_STANDARD = "gnu++0x";
				CLANG_CXX_LIBRARY = "libc++";
				CLANG_ENABLE_MODULES = YES;
				CLANG_ENABLE_OBJC_ARC = YES;
				CLANG_WARN_BOOL_CONVERSION = YES;
				CLANG_WARN_CONSTANT_CONVERSION = YES;
				CLANG_WARN_DIRECT_OBJC_ISA_USAGE = YES_ERROR;
				CLANG_WARN_EMPTY_BODY = YES;
				CLANG_WARN_ENUM_CONVERSION = YES;
				CLANG_WARN_INT_CONVERSION = YES;
				CLANG_WARN_OBJC_ROOT_CLASS = YES_ERROR;
				CLANG_WARN_UNREACHABLE_CODE = YES;
				CLANG_WARN__DUPLICATE_METHOD_MATCH = YES;
				"CODE_SIGN_IDENTITY[sdk=iphoneos*]" = "iPhone Developer";
				COPY_PHASE_STRIP = NO;
				ENABLE_STRICT_OBJC_MSGSEND = YES;
				GCC_C_LANGUAGE_STANDARD = gnu99;
				GCC_DYNAMIC_NO_PIC = NO;
				GCC_OPTIMIZATION_LEVEL = 0;
				GCC_PREPROCESSOR_DEFINITIONS = (
					"DEBUG=1",
					"$(inherited)",
				);
				GCC_SYMBOLS_PRIVATE_EXTERN = NO;
				GCC_WARN_64_TO_32_BIT_CONVERSION = YES;
				GCC_WARN_ABOUT_RETURN_TYPE = YES_ERROR;
				GCC_WARN_UNDECLARED_SELECTOR = YES;
				GCC_WARN_UNINITIALIZED_AUTOS = YES_AGGRESSIVE;
				GCC_WARN_UNUSED_FUNCTION = YES;
				GCC_WARN_UNUSED_VARIABLE = YES;
				IPHONEOS_DEPLOYMENT_TARGET = 8.0;
				MTL_ENABLE_DEBUG_INFO = YES;
				ONLY_ACTIVE_ARCH = YES;
				SDKROOT = iphoneos;
			};
			name = Debug;
		};
		CED0CB751A82A6D500F7F3D8 /* Release */ = {
			isa = XCBuildConfiguration;
			buildSettings = {
				ALWAYS_SEARCH_USER_PATHS = NO;
				CLANG_CXX_LANGUAGE_STANDARD = "gnu++0x";
				CLANG_CXX_LIBRARY = "libc++";
				CLANG_ENABLE_MODULES = YES;
				CLANG_ENABLE_OBJC_ARC = YES;
				CLANG_WARN_BOOL_CONVERSION = YES;
				CLANG_WARN_CONSTANT_CONVERSION = YES;
				CLANG_WARN_DIRECT_OBJC_ISA_USAGE = YES_ERROR;
				CLANG_WARN_EMPTY_BODY = YES;
				CLANG_WARN_ENUM_CONVERSION = YES;
				CLANG_WARN_INT_CONVERSION = YES;
				CLANG_WARN_OBJC_ROOT_CLASS = YES_ERROR;
				CLANG_WARN_UNREACHABLE_CODE = YES;
				CLANG_WARN__DUPLICATE_METHOD_MATCH = YES;
				"CODE_SIGN_IDENTITY[sdk=iphoneos*]" = "iPhone Developer";
				COPY_PHASE_STRIP = YES;
				ENABLE_NS_ASSERTIONS = NO;
				ENABLE_STRICT_OBJC_MSGSEND = YES;
				GCC_C_LANGUAGE_STANDARD = gnu99;
				GCC_WARN_64_TO_32_BIT_CONVERSION = YES;
				GCC_WARN_ABOUT_RETURN_TYPE = YES_ERROR;
				GCC_WARN_UNDECLARED_SELECTOR = YES;
				GCC_WARN_UNINITIALIZED_AUTOS = YES_AGGRESSIVE;
				GCC_WARN_UNUSED_FUNCTION = YES;
				GCC_WARN_UNUSED_VARIABLE = YES;
				IPHONEOS_DEPLOYMENT_TARGET = 8.0;
				MTL_ENABLE_DEBUG_INFO = NO;
				SDKROOT = iphoneos;
				VALIDATE_PRODUCT = YES;
			};
			name = Release;
		};
		CED0CB771A82A6D500F7F3D8 /* Debug */ = {
			isa = XCBuildConfiguration;
			baseConfigurationReference = D67BB335B17D0B597EE2123D /* Pods-refuge-ios.debug.xcconfig */;
			buildSettings = {
				ASSETCATALOG_COMPILER_APPICON_NAME = AppIcon;
				CODE_SIGN_IDENTITY = "iPhone Developer";
				FRAMEWORK_SEARCH_PATHS = (
					"$(inherited)",
					"$(PROJECT_DIR)",
				);
				GCC_PREPROCESSOR_DEFINITIONS = (
					"$(inherited)",
					"COCOAPODS=1",
					"MIXPANEL_DEBUG=1",
					"MIXPANEL_ERROR=1",
				);
				GCC_TREAT_WARNINGS_AS_ERRORS = YES;
				INFOPLIST_FILE = "refuge-ios/Info.plist";
				IPHONEOS_DEPLOYMENT_TARGET = 8.0;
				LD_RUNPATH_SEARCH_PATHS = "$(inherited) @executable_path/Frameworks";
				PRODUCT_NAME = "$(TARGET_NAME)";
			};
			name = Debug;
		};
		CED0CB781A82A6D500F7F3D8 /* Release */ = {
			isa = XCBuildConfiguration;
			baseConfigurationReference = D938493C66A1C4E8E58FEA67 /* Pods-refuge-ios.release.xcconfig */;
			buildSettings = {
				ASSETCATALOG_COMPILER_APPICON_NAME = AppIcon;
				CODE_SIGN_IDENTITY = "iPhone Developer";
				FRAMEWORK_SEARCH_PATHS = (
					"$(inherited)",
					"$(PROJECT_DIR)",
				);
				GCC_TREAT_WARNINGS_AS_ERRORS = YES;
				INFOPLIST_FILE = "refuge-ios/Info.plist";
				IPHONEOS_DEPLOYMENT_TARGET = 8.0;
				LD_RUNPATH_SEARCH_PATHS = "$(inherited) @executable_path/Frameworks";
				PRODUCT_NAME = "$(TARGET_NAME)";
			};
			name = Release;
		};
		CED0CB7A1A82A6D500F7F3D8 /* Debug */ = {
			isa = XCBuildConfiguration;
			baseConfigurationReference = D67BB335B17D0B597EE2123D /* Pods-refuge-ios.debug.xcconfig */;
			buildSettings = {
				BUNDLE_LOADER = "$(TEST_HOST)";
				FRAMEWORK_SEARCH_PATHS = (
					"$(SDKROOT)/Developer/Library/Frameworks",
					"$(inherited)",
				);
				GCC_PREPROCESSOR_DEFINITIONS = (
					"DEBUG=1",
					"$(inherited)",
				);
				INFOPLIST_FILE = "refuge-iosTests/Info.plist";
				LD_RUNPATH_SEARCH_PATHS = "$(inherited) @executable_path/Frameworks @loader_path/Frameworks";
				PRODUCT_NAME = "$(TARGET_NAME)";
				TEST_HOST = "$(BUILT_PRODUCTS_DIR)/refuge-ios.app/refuge-ios";
			};
			name = Debug;
		};
		CED0CB7B1A82A6D500F7F3D8 /* Release */ = {
			isa = XCBuildConfiguration;
			baseConfigurationReference = D938493C66A1C4E8E58FEA67 /* Pods-refuge-ios.release.xcconfig */;
			buildSettings = {
				BUNDLE_LOADER = "$(TEST_HOST)";
				FRAMEWORK_SEARCH_PATHS = (
					"$(SDKROOT)/Developer/Library/Frameworks",
					"$(inherited)",
				);
				INFOPLIST_FILE = "refuge-iosTests/Info.plist";
				LD_RUNPATH_SEARCH_PATHS = "$(inherited) @executable_path/Frameworks @loader_path/Frameworks";
				PRODUCT_NAME = "$(TARGET_NAME)";
				TEST_HOST = "$(BUILT_PRODUCTS_DIR)/refuge-ios.app/refuge-ios";
			};
			name = Release;
		};
/* End XCBuildConfiguration section */

/* Begin XCConfigurationList section */
		CED0CB4B1A82A6D300F7F3D8 /* Build configuration list for PBXProject "refuge-ios" */ = {
			isa = XCConfigurationList;
			buildConfigurations = (
				CED0CB741A82A6D500F7F3D8 /* Debug */,
				CED0CB751A82A6D500F7F3D8 /* Release */,
			);
			defaultConfigurationIsVisible = 0;
			defaultConfigurationName = Release;
		};
		CED0CB761A82A6D500F7F3D8 /* Build configuration list for PBXNativeTarget "refuge-ios" */ = {
			isa = XCConfigurationList;
			buildConfigurations = (
				CED0CB771A82A6D500F7F3D8 /* Debug */,
				CED0CB781A82A6D500F7F3D8 /* Release */,
			);
			defaultConfigurationIsVisible = 0;
			defaultConfigurationName = Release;
		};
		CED0CB791A82A6D500F7F3D8 /* Build configuration list for PBXNativeTarget "refuge-iosTests" */ = {
			isa = XCConfigurationList;
			buildConfigurations = (
				CED0CB7A1A82A6D500F7F3D8 /* Debug */,
				CED0CB7B1A82A6D500F7F3D8 /* Release */,
			);
			defaultConfigurationIsVisible = 0;
			defaultConfigurationName = Release;
		};
/* End XCConfigurationList section */

/* Begin XCVersionGroup section */
		CED0CB5A1A82A6D400F7F3D8 /* refuge_ios.xcdatamodeld */ = {
			isa = XCVersionGroup;
			children = (
				CED0CB5B1A82A6D400F7F3D8 /* refuge_ios.xcdatamodel */,
			);
			currentVersion = CED0CB5B1A82A6D400F7F3D8 /* refuge_ios.xcdatamodel */;
			path = refuge_ios.xcdatamodeld;
			sourceTree = "<group>";
			versionGroupType = wrapper.xcdatamodel;
		};
/* End XCVersionGroup section */
	};
	rootObject = CED0CB481A82A6D300F7F3D8 /* Project object */;
}
